// !$*UTF8*$!
{
	archiveVersion = 1;
	classes = {
	};
	objectVersion = 46;
	objects = {

/* Begin PBXBuildFile section */
		18D627461C7DA6FD00DDA9E7 /* libbz2.1.0.dylib in Frameworks */ = {isa = PBXBuildFile; fileRef = 18D6273A1C7DA6FD00DDA9E7 /* libbz2.1.0.dylib */; };
		18D627471C7DA6FD00DDA9E7 /* libz.1.dylib in Frameworks */ = {isa = PBXBuildFile; fileRef = 18D6273B1C7DA6FD00DDA9E7 /* libz.1.dylib */; };
		18D627481C7DA6FD00DDA9E7 /* libc++.1.dylib in Frameworks */ = {isa = PBXBuildFile; fileRef = 18D6273C1C7DA6FD00DDA9E7 /* libc++.1.dylib */; };
		18D627491C7DA6FD00DDA9E7 /* libiconv.2.dylib in Frameworks */ = {isa = PBXBuildFile; fileRef = 18D6273D1C7DA6FD00DDA9E7 /* libiconv.2.dylib */; };
		18D6274A1C7DA6FD00DDA9E7 /* libstdc++.6.0.9.dylib in Frameworks */ = {isa = PBXBuildFile; fileRef = 18D6273E1C7DA6FD00DDA9E7 /* libstdc++.6.0.9.dylib */; };
		18D6274B1C7DA6FD00DDA9E7 /* MediaPlayer.framework in Frameworks */ = {isa = PBXBuildFile; fileRef = 18D6273F1C7DA6FD00DDA9E7 /* MediaPlayer.framework */; };
		18D6274C1C7DA6FD00DDA9E7 /* AVFoundation.framework in Frameworks */ = {isa = PBXBuildFile; fileRef = 18D627401C7DA6FD00DDA9E7 /* AVFoundation.framework */; };
		18D6274E1C7DA6FD00DDA9E7 /* CoreVideo.framework in Frameworks */ = {isa = PBXBuildFile; fileRef = 18D627421C7DA6FD00DDA9E7 /* CoreVideo.framework */; };
		18D6274F1C7DA6FD00DDA9E7 /* CoreMedia.framework in Frameworks */ = {isa = PBXBuildFile; fileRef = 18D627431C7DA6FD00DDA9E7 /* CoreMedia.framework */; };
		18D627501C7DA6FD00DDA9E7 /* VideoToolbox.framework in Frameworks */ = {isa = PBXBuildFile; fileRef = 18D627441C7DA6FD00DDA9E7 /* VideoToolbox.framework */; };
		421BA45E1CD8A0AF00EA3788 /* SCLAlertViewExtension.swift in Sources */ = {isa = PBXBuildFile; fileRef = 421BA45B1CD8A0AF00EA3788 /* SCLAlertViewExtension.swift */; };
		421BA45F1CD8A0AF00EA3788 /* UIStoryboard+Extension.swift in Sources */ = {isa = PBXBuildFile; fileRef = 421BA45C1CD8A0AF00EA3788 /* UIStoryboard+Extension.swift */; };
		421BA4601CD8A0AF00EA3788 /* UITableViewExtension.swift in Sources */ = {isa = PBXBuildFile; fileRef = 421BA45D1CD8A0AF00EA3788 /* UITableViewExtension.swift */; };
		421BA4621CD8A0DD00EA3788 /* CheetahDownload.swift in Sources */ = {isa = PBXBuildFile; fileRef = 421BA4611CD8A0DD00EA3788 /* CheetahDownload.swift */; };
		424CE84A1CA94C3400943290 /* CCNewsController.swift in Sources */ = {isa = PBXBuildFile; fileRef = 424CE8421CA94C3400943290 /* CCNewsController.swift */; };
		424CE84B1CA94C3400943290 /* CCShowNewsController.swift in Sources */ = {isa = PBXBuildFile; fileRef = 424CE8431CA94C3400943290 /* CCShowNewsController.swift */; };
		424CE84C1CA94C3400943290 /* NewsModel.swift in Sources */ = {isa = PBXBuildFile; fileRef = 424CE8451CA94C3400943290 /* NewsModel.swift */; };
		424CE84D1CA94C3400943290 /* CCNewsTableViewCell.swift in Sources */ = {isa = PBXBuildFile; fileRef = 424CE8471CA94C3400943290 /* CCNewsTableViewCell.swift */; };
		424CE84E1CA94C3400943290 /* NewViewModel.swift in Sources */ = {isa = PBXBuildFile; fileRef = 424CE8491CA94C3400943290 /* NewViewModel.swift */; };
		424CE8501CA94CF000943290 /* CCLoginViewController.swift in Sources */ = {isa = PBXBuildFile; fileRef = 424CE84F1CA94CF000943290 /* CCLoginViewController.swift */; };
		4260669F1CAA1E3800093A0B /* CCNavigationController.swift in Sources */ = {isa = PBXBuildFile; fileRef = 4260669E1CAA1E3800093A0B /* CCNavigationController.swift */; };
		426527651CDDD17A0029278E /* CCEditView.swift in Sources */ = {isa = PBXBuildFile; fileRef = 426527641CDDD17A0029278E /* CCEditView.swift */; };
		426B644D1BD0BE38004077B0 /* CoreData.framework in Frameworks */ = {isa = PBXBuildFile; fileRef = 426B644C1BD0BE38004077B0 /* CoreData.framework */; };
		4284D55E1CCA4A5600998D4B /* InfoPlist.strings in Resources */ = {isa = PBXBuildFile; fileRef = 4284D5601CCA4A5600998D4B /* InfoPlist.strings */; };
		4284D5621CCA4A9800998D4B /* Localizable.strings in Resources */ = {isa = PBXBuildFile; fileRef = 4284D5611CCA4A9800998D4B /* Localizable.strings */; };
		4287116A1BAEB66A00A89536 /* AudioToolbox.framework in Frameworks */ = {isa = PBXBuildFile; fileRef = 428711691BAEB66A00A89536 /* AudioToolbox.framework */; };
		4287116C1BAEB67200A89536 /* CoreAudio.framework in Frameworks */ = {isa = PBXBuildFile; fileRef = 4287116B1BAEB67200A89536 /* CoreAudio.framework */; };
		428711701BAEB67F00A89536 /* CoreGraphics.framework in Frameworks */ = {isa = PBXBuildFile; fileRef = 4287116F1BAEB67F00A89536 /* CoreGraphics.framework */; };
		428B00FB1CA556B4003C1D03 /* AppDelegate.swift in Sources */ = {isa = PBXBuildFile; fileRef = 428B00451CA556B4003C1D03 /* AppDelegate.swift */; };
		428B00FF1CA556B4003C1D03 /* Common.storyboard in Resources */ = {isa = PBXBuildFile; fileRef = 428B00531CA556B4003C1D03 /* Common.storyboard */; };
		428B01001CA556B4003C1D03 /* LaunchScreen.storyboard in Resources */ = {isa = PBXBuildFile; fileRef = 428B00541CA556B4003C1D03 /* LaunchScreen.storyboard */; };
		428B01011CA556B4003C1D03 /* Main.storyboard in Resources */ = {isa = PBXBuildFile; fileRef = 428B00551CA556B4003C1D03 /* Main.storyboard */; };
		428B01021CA556B4003C1D03 /* CCMacro.swift in Sources */ = {isa = PBXBuildFile; fileRef = 428B00571CA556B4003C1D03 /* CCMacro.swift */; };
		428B01041CA556B4003C1D03 /* CCTextFiled.swift in Sources */ = {isa = PBXBuildFile; fileRef = 428B005C1CA556B4003C1D03 /* CCTextFiled.swift */; };
		428B01071CA556B4003C1D03 /* CCMainTabbarController.swift in Sources */ = {isa = PBXBuildFile; fileRef = 428B00601CA556B4003C1D03 /* CCMainTabbarController.swift */; };
		428B01081CA556B4003C1D03 /* CCMediaListController.swift in Sources */ = {isa = PBXBuildFile; fileRef = 428B00621CA556B4003C1D03 /* CCMediaListController.swift */; };
		428B01091CA556B4003C1D03 /* CCDownloadController.swift in Sources */ = {isa = PBXBuildFile; fileRef = 428B00641CA556B4003C1D03 /* CCDownloadController.swift */; };
		428B010A1CA556B4003C1D03 /* CCListViewController.swift in Sources */ = {isa = PBXBuildFile; fileRef = 428B00651CA556B4003C1D03 /* CCListViewController.swift */; };
		428B010C1CA556B4003C1D03 /* CCVideoSearchController.swift in Sources */ = {isa = PBXBuildFile; fileRef = 428B00671CA556B4003C1D03 /* CCVideoSearchController.swift */; };
		428B010D1CA556B4003C1D03 /* CCVideoDownModel.swift in Sources */ = {isa = PBXBuildFile; fileRef = 428B00691CA556B4003C1D03 /* CCVideoDownModel.swift */; };
		428B010E1CA556B4003C1D03 /* CCVideoModel.swift in Sources */ = {isa = PBXBuildFile; fileRef = 428B006A1CA556B4003C1D03 /* CCVideoModel.swift */; };
		428B010F1CA556B4003C1D03 /* CCDownloadCell.swift in Sources */ = {isa = PBXBuildFile; fileRef = 428B006C1CA556B4003C1D03 /* CCDownloadCell.swift */; };
		428B01101CA556B4003C1D03 /* CCListViewCell.swift in Sources */ = {isa = PBXBuildFile; fileRef = 428B006D1CA556B4003C1D03 /* CCListViewCell.swift */; };
		428B01111CA556B4003C1D03 /* CCSortViewCell.swift in Sources */ = {isa = PBXBuildFile; fileRef = 428B006E1CA556B4003C1D03 /* CCSortViewCell.swift */; };
		428B01121CA556B4003C1D03 /* CCSortViewLayout.swift in Sources */ = {isa = PBXBuildFile; fileRef = 428B006F1CA556B4003C1D03 /* CCSortViewLayout.swift */; };
		428B01131CA556B4003C1D03 /* CCMoreTableController.swift in Sources */ = {isa = PBXBuildFile; fileRef = 428B00711CA556B4003C1D03 /* CCMoreTableController.swift */; };
		428B01141CA556B4003C1D03 /* CCNetworkController.swift in Sources */ = {isa = PBXBuildFile; fileRef = 428B00741CA556B4003C1D03 /* CCNetworkController.swift */; };
		428B01151CA556B4003C1D03 /* CCHTMLParser.swift in Sources */ = {isa = PBXBuildFile; fileRef = 428B00761CA556B4003C1D03 /* CCHTMLParser.swift */; };
		428B01161CA556B4003C1D03 /* CCHTTPClient.swift in Sources */ = {isa = PBXBuildFile; fileRef = 428B00771CA556B4003C1D03 /* CCHTTPClient.swift */; };
		428B011C1CA556B4003C1D03 /* TableModelType.swift in Sources */ = {isa = PBXBuildFile; fileRef = 428B00801CA556B4003C1D03 /* TableModelType.swift */; };
		428B011D1CA556B4003C1D03 /* Assets.xcassets in Resources */ = {isa = PBXBuildFile; fileRef = 428B00821CA556B4003C1D03 /* Assets.xcassets */; };
		428B011E1CA556B4003C1D03 /* localPlist.plist in Resources */ = {isa = PBXBuildFile; fileRef = 428B00841CA556B4003C1D03 /* localPlist.plist */; };
		428B011F1CA556B4003C1D03 /* MediaListName.plist in Resources */ = {isa = PBXBuildFile; fileRef = 428B00851CA556B4003C1D03 /* MediaListName.plist */; };
		428B01201CA556B4003C1D03 /* Msg.plist in Resources */ = {isa = PBXBuildFile; fileRef = 428B00861CA556B4003C1D03 /* Msg.plist */; };
		428B01211CA556B4003C1D03 /* NewsPlist.plist in Resources */ = {isa = PBXBuildFile; fileRef = 428B00871CA556B4003C1D03 /* NewsPlist.plist */; };
		428B01221CA556B4003C1D03 /* DataBaseManager.swift in Sources */ = {isa = PBXBuildFile; fileRef = 428B00891CA556B4003C1D03 /* DataBaseManager.swift */; };
		428B01241CA556B4003C1D03 /* ServerOperator.swift in Sources */ = {isa = PBXBuildFile; fileRef = 428B008B1CA556B4003C1D03 /* ServerOperator.swift */; };
		428B01251CA556B4003C1D03 /* UpdateNews.swift in Sources */ = {isa = PBXBuildFile; fileRef = 428B008C1CA556B4003C1D03 /* UpdateNews.swift */; };
		428B01581CA556B4003C1D03 /* MJRefreshAutoFooter.m in Sources */ = {isa = PBXBuildFile; fileRef = 428B00CD1CA556B4003C1D03 /* MJRefreshAutoFooter.m */; };
		428B01591CA556B4003C1D03 /* MJRefreshBackFooter.m in Sources */ = {isa = PBXBuildFile; fileRef = 428B00CF1CA556B4003C1D03 /* MJRefreshBackFooter.m */; };
		428B015A1CA556B4003C1D03 /* MJRefreshComponent.m in Sources */ = {isa = PBXBuildFile; fileRef = 428B00D11CA556B4003C1D03 /* MJRefreshComponent.m */; };
		428B015B1CA556B4003C1D03 /* MJRefreshFooter.m in Sources */ = {isa = PBXBuildFile; fileRef = 428B00D31CA556B4003C1D03 /* MJRefreshFooter.m */; };
		428B015C1CA556B4003C1D03 /* MJRefreshHeader.m in Sources */ = {isa = PBXBuildFile; fileRef = 428B00D51CA556B4003C1D03 /* MJRefreshHeader.m */; };
		428B015D1CA556B4003C1D03 /* MJRefreshAutoGifFooter.m in Sources */ = {isa = PBXBuildFile; fileRef = 428B00DA1CA556B4003C1D03 /* MJRefreshAutoGifFooter.m */; };
		428B015E1CA556B4003C1D03 /* MJRefreshAutoNormalFooter.m in Sources */ = {isa = PBXBuildFile; fileRef = 428B00DC1CA556B4003C1D03 /* MJRefreshAutoNormalFooter.m */; };
		428B015F1CA556B4003C1D03 /* MJRefreshAutoStateFooter.m in Sources */ = {isa = PBXBuildFile; fileRef = 428B00DE1CA556B4003C1D03 /* MJRefreshAutoStateFooter.m */; };
		428B01601CA556B4003C1D03 /* MJRefreshBackGifFooter.m in Sources */ = {isa = PBXBuildFile; fileRef = 428B00E11CA556B4003C1D03 /* MJRefreshBackGifFooter.m */; };
		428B01611CA556B4003C1D03 /* MJRefreshBackNormalFooter.m in Sources */ = {isa = PBXBuildFile; fileRef = 428B00E31CA556B4003C1D03 /* MJRefreshBackNormalFooter.m */; };
		428B01621CA556B4003C1D03 /* MJRefreshBackStateFooter.m in Sources */ = {isa = PBXBuildFile; fileRef = 428B00E51CA556B4003C1D03 /* MJRefreshBackStateFooter.m */; };
		428B01631CA556B4003C1D03 /* MJRefreshGifHeader.m in Sources */ = {isa = PBXBuildFile; fileRef = 428B00E81CA556B4003C1D03 /* MJRefreshGifHeader.m */; };
		428B01641CA556B4003C1D03 /* MJRefreshNormalHeader.m in Sources */ = {isa = PBXBuildFile; fileRef = 428B00EA1CA556B4003C1D03 /* MJRefreshNormalHeader.m */; };
		428B01651CA556B4003C1D03 /* MJRefreshStateHeader.m in Sources */ = {isa = PBXBuildFile; fileRef = 428B00EC1CA556B4003C1D03 /* MJRefreshStateHeader.m */; };
		428B01661CA556B4003C1D03 /* MJRefresh.bundle in Resources */ = {isa = PBXBuildFile; fileRef = 428B00ED1CA556B4003C1D03 /* MJRefresh.bundle */; };
		428B01671CA556B4003C1D03 /* MJRefreshConst.m in Sources */ = {isa = PBXBuildFile; fileRef = 428B00F01CA556B4003C1D03 /* MJRefreshConst.m */; };
		428B01681CA556B4003C1D03 /* UIScrollView+MJExtension.m in Sources */ = {isa = PBXBuildFile; fileRef = 428B00F21CA556B4003C1D03 /* UIScrollView+MJExtension.m */; };
		428B01691CA556B4003C1D03 /* UIScrollView+MJRefresh.m in Sources */ = {isa = PBXBuildFile; fileRef = 428B00F41CA556B4003C1D03 /* UIScrollView+MJRefresh.m */; };
		428B016A1CA556B4003C1D03 /* UIView+MJExtension.m in Sources */ = {isa = PBXBuildFile; fileRef = 428B00F61CA556B4003C1D03 /* UIView+MJExtension.m */; };
		428B01701CA558AF003C1D03 /* CirCleView.swift in Sources */ = {isa = PBXBuildFile; fileRef = 428B016F1CA558AF003C1D03 /* CirCleView.swift */; };
		428B01721CA55BCB003C1D03 /* MobileVLCKit.framework in Frameworks */ = {isa = PBXBuildFile; fileRef = 428B01711CA55BCB003C1D03 /* MobileVLCKit.framework */; };
		428B01751CA55EF7003C1D03 /* CCMediaAnimation.swift in Sources */ = {isa = PBXBuildFile; fileRef = 428B01741CA55EF7003C1D03 /* CCMediaAnimation.swift */; };
		428B01771CA56576003C1D03 /* CCMediaTransition.swift in Sources */ = {isa = PBXBuildFile; fileRef = 428B01761CA56576003C1D03 /* CCMediaTransition.swift */; };
		428B01791CA56C69003C1D03 /* CCSortViewController.swift in Sources */ = {isa = PBXBuildFile; fileRef = 428B01781CA56C69003C1D03 /* CCSortViewController.swift */; };
		428B01811CA69C8B003C1D03 /* iCCUTTests.swift in Sources */ = {isa = PBXBuildFile; fileRef = 428B01801CA69C8B003C1D03 /* iCCUTTests.swift */; };
		42BB50141CDC9F3D00F7B94E /* CCTextView.swift in Sources */ = {isa = PBXBuildFile; fileRef = 42BB50131CDC9F3D00F7B94E /* CCTextView.swift */; };
		42BB501D1CDCB22E00F7B94E /* CCCommentCell.swift in Sources */ = {isa = PBXBuildFile; fileRef = 42BB501B1CDCB22E00F7B94E /* CCCommentCell.swift */; };
		42BB501E1CDCB22E00F7B94E /* CCCommentCell.xib in Resources */ = {isa = PBXBuildFile; fileRef = 42BB501C1CDCB22E00F7B94E /* CCCommentCell.xib */; };
		42BB50211CDCBE2500F7B94E /* CCMediaInfoCell.swift in Sources */ = {isa = PBXBuildFile; fileRef = 42BB501F1CDCBE2500F7B94E /* CCMediaInfoCell.swift */; };
		42BB50221CDCBE2500F7B94E /* CCMediaInfoCell.xib in Resources */ = {isa = PBXBuildFile; fileRef = 42BB50201CDCBE2500F7B94E /* CCMediaInfoCell.xib */; };
		42BB50261CDCC62D00F7B94E /* CCEditViewController.swift in Sources */ = {isa = PBXBuildFile; fileRef = 42BB50251CDCC62D00F7B94E /* CCEditViewController.swift */; };
		42D2F9CB1CD1D119007A4B67 /* Full Screen Icon.png in Resources */ = {isa = PBXBuildFile; fileRef = 42D2F9AC1CD1D119007A4B67 /* Full Screen Icon.png */; };
		42D2F9CC1CD1D119007A4B67 /* Full Screen Icon@2x.png in Resources */ = {isa = PBXBuildFile; fileRef = 42D2F9AD1CD1D119007A4B67 /* Full Screen Icon@2x.png */; };
		42D2F9CD1CD1D119007A4B67 /* Full Screen Icon@3x.png in Resources */ = {isa = PBXBuildFile; fileRef = 42D2F9AE1CD1D119007A4B67 /* Full Screen Icon@3x.png */; };
		42D2F9CE1CD1D119007A4B67 /* Min. Icon.png in Resources */ = {isa = PBXBuildFile; fileRef = 42D2F9AF1CD1D119007A4B67 /* Min. Icon.png */; };
		42D2F9CF1CD1D119007A4B67 /* Min. Icon@2x.png in Resources */ = {isa = PBXBuildFile; fileRef = 42D2F9B01CD1D119007A4B67 /* Min. Icon@2x.png */; };
		42D2F9D01CD1D119007A4B67 /* Min. Icon@3x.png in Resources */ = {isa = PBXBuildFile; fileRef = 42D2F9B11CD1D119007A4B67 /* Min. Icon@3x.png */; };
		42D2F9D11CD1D119007A4B67 /* Pause Icon.png in Resources */ = {isa = PBXBuildFile; fileRef = 42D2F9B21CD1D119007A4B67 /* Pause Icon.png */; };
		42D2F9D21CD1D119007A4B67 /* Pause Icon@2x.png in Resources */ = {isa = PBXBuildFile; fileRef = 42D2F9B31CD1D119007A4B67 /* Pause Icon@2x.png */; };
		42D2F9D31CD1D119007A4B67 /* Pause Icon@3x.png in Resources */ = {isa = PBXBuildFile; fileRef = 42D2F9B41CD1D119007A4B67 /* Pause Icon@3x.png */; };
		42D2F9D41CD1D119007A4B67 /* Play Icon.png in Resources */ = {isa = PBXBuildFile; fileRef = 42D2F9B51CD1D119007A4B67 /* Play Icon.png */; };
		42D2F9D51CD1D119007A4B67 /* Play Icon@2x.png in Resources */ = {isa = PBXBuildFile; fileRef = 42D2F9B61CD1D119007A4B67 /* Play Icon@2x.png */; };
		42D2F9D61CD1D119007A4B67 /* Play Icon@3x.png in Resources */ = {isa = PBXBuildFile; fileRef = 42D2F9B71CD1D119007A4B67 /* Play Icon@3x.png */; };
		42D2F9D71CD1D119007A4B67 /* Player close@2x.png in Resources */ = {isa = PBXBuildFile; fileRef = 42D2F9B81CD1D119007A4B67 /* Player close@2x.png */; };
		42D2F9D81CD1D119007A4B67 /* Player close@3x.png in Resources */ = {isa = PBXBuildFile; fileRef = 42D2F9B91CD1D119007A4B67 /* Player close@3x.png */; };
		42D2F9D91CD1D119007A4B67 /* Player Control Nob.png in Resources */ = {isa = PBXBuildFile; fileRef = 42D2F9BA1CD1D119007A4B67 /* Player Control Nob.png */; };
		42D2F9DA1CD1D119007A4B67 /* Player Control Nob@2x.png in Resources */ = {isa = PBXBuildFile; fileRef = 42D2F9BB1CD1D119007A4B67 /* Player Control Nob@2x.png */; };
		42D2F9DB1CD1D119007A4B67 /* Player Control Nob@3x.png in Resources */ = {isa = PBXBuildFile; fileRef = 42D2F9BC1CD1D119007A4B67 /* Player Control Nob@3x.png */; };
		42D2F9DC1CD1D119007A4B67 /* Sound Icon.png in Resources */ = {isa = PBXBuildFile; fileRef = 42D2F9BD1CD1D119007A4B67 /* Sound Icon.png */; };
		42D2F9DD1CD1D119007A4B67 /* Sound Icon@2x.png in Resources */ = {isa = PBXBuildFile; fileRef = 42D2F9BE1CD1D119007A4B67 /* Sound Icon@2x.png */; };
		42D2F9DE1CD1D119007A4B67 /* Sound Icon@3x.png in Resources */ = {isa = PBXBuildFile; fileRef = 42D2F9BF1CD1D119007A4B67 /* Sound Icon@3x.png */; };
		42D2F9DF1CD1D119007A4B67 /* Video Bg.png in Resources */ = {isa = PBXBuildFile; fileRef = 42D2F9C01CD1D119007A4B67 /* Video Bg.png */; };
		42D2F9E01CD1D119007A4B67 /* Video Bg@2x.png in Resources */ = {isa = PBXBuildFile; fileRef = 42D2F9C11CD1D119007A4B67 /* Video Bg@2x.png */; };
		42D2F9E11CD1D119007A4B67 /* Video Bg@3x.png in Resources */ = {isa = PBXBuildFile; fileRef = 42D2F9C21CD1D119007A4B67 /* Video Bg@3x.png */; };
		42D2F9E21CD1D119007A4B67 /* MRVideoControlView.m in Sources */ = {isa = PBXBuildFile; fileRef = 42D2F9C61CD1D119007A4B67 /* MRVideoControlView.m */; };
		42D2F9E31CD1D119007A4B67 /* MRVideoHUDView.m in Sources */ = {isa = PBXBuildFile; fileRef = 42D2F9C81CD1D119007A4B67 /* MRVideoHUDView.m */; };
		42D2F9E41CD1D119007A4B67 /* MRVLCPlayer.mm in Sources */ = {isa = PBXBuildFile; fileRef = 42D2F9CA1CD1D119007A4B67 /* MRVLCPlayer.mm */; };
		42D2F9E61CD1D173007A4B67 /* CCPlayerViewController.swift in Sources */ = {isa = PBXBuildFile; fileRef = 42D2F9E51CD1D173007A4B67 /* CCPlayerViewController.swift */; };
		9C78F7316A146CF656EDA46D /* Pods_iCCUT.framework in Frameworks */ = {isa = PBXBuildFile; fileRef = D3DC1A2A42F94AF4CF1FDE4F /* Pods_iCCUT.framework */; };
/* End PBXBuildFile section */

/* Begin PBXContainerItemProxy section */
		428B01831CA69C8B003C1D03 /* PBXContainerItemProxy */ = {
			isa = PBXContainerItemProxy;
			containerPortal = 427A65871BAD0D8A004A0627 /* Project object */;
			proxyType = 1;
			remoteGlobalIDString = 427A658E1BAD0D8A004A0627;
			remoteInfo = iCCUT;
		};
/* End PBXContainerItemProxy section */

/* Begin PBXFileReference section */
		18D6273A1C7DA6FD00DDA9E7 /* libbz2.1.0.dylib */ = {isa = PBXFileReference; lastKnownFileType = "compiled.mach-o.dylib"; name = libbz2.1.0.dylib; path = ../../../../../usr/lib/libbz2.1.0.dylib; sourceTree = "<group>"; };
		18D6273B1C7DA6FD00DDA9E7 /* libz.1.dylib */ = {isa = PBXFileReference; lastKnownFileType = "compiled.mach-o.dylib"; name = libz.1.dylib; path = ../../../../../usr/lib/libz.1.dylib; sourceTree = "<group>"; };
		18D6273C1C7DA6FD00DDA9E7 /* libc++.1.dylib */ = {isa = PBXFileReference; lastKnownFileType = "compiled.mach-o.dylib"; name = "libc++.1.dylib"; path = "../../../../../usr/lib/libc++.1.dylib"; sourceTree = "<group>"; };
		18D6273D1C7DA6FD00DDA9E7 /* libiconv.2.dylib */ = {isa = PBXFileReference; lastKnownFileType = "compiled.mach-o.dylib"; name = libiconv.2.dylib; path = ../../../../../usr/lib/libiconv.2.dylib; sourceTree = "<group>"; };
		18D6273E1C7DA6FD00DDA9E7 /* libstdc++.6.0.9.dylib */ = {isa = PBXFileReference; lastKnownFileType = "compiled.mach-o.dylib"; name = "libstdc++.6.0.9.dylib"; path = "../../../../../usr/lib/libstdc++.6.0.9.dylib"; sourceTree = "<group>"; };
		18D6273F1C7DA6FD00DDA9E7 /* MediaPlayer.framework */ = {isa = PBXFileReference; lastKnownFileType = wrapper.framework; name = MediaPlayer.framework; path = System/Library/Frameworks/MediaPlayer.framework; sourceTree = SDKROOT; };
		18D627401C7DA6FD00DDA9E7 /* AVFoundation.framework */ = {isa = PBXFileReference; lastKnownFileType = wrapper.framework; name = AVFoundation.framework; path = System/Library/Frameworks/AVFoundation.framework; sourceTree = SDKROOT; };
		18D627411C7DA6FD00DDA9E7 /* CoreAudio.framework */ = {isa = PBXFileReference; lastKnownFileType = wrapper.framework; name = CoreAudio.framework; path = System/Library/Frameworks/CoreAudio.framework; sourceTree = SDKROOT; };
		18D627421C7DA6FD00DDA9E7 /* CoreVideo.framework */ = {isa = PBXFileReference; lastKnownFileType = wrapper.framework; name = CoreVideo.framework; path = System/Library/Frameworks/CoreVideo.framework; sourceTree = SDKROOT; };
		18D627431C7DA6FD00DDA9E7 /* CoreMedia.framework */ = {isa = PBXFileReference; lastKnownFileType = wrapper.framework; name = CoreMedia.framework; path = System/Library/Frameworks/CoreMedia.framework; sourceTree = SDKROOT; };
		18D627441C7DA6FD00DDA9E7 /* VideoToolbox.framework */ = {isa = PBXFileReference; lastKnownFileType = wrapper.framework; name = VideoToolbox.framework; path = System/Library/Frameworks/VideoToolbox.framework; sourceTree = SDKROOT; };
		18D627451C7DA6FD00DDA9E7 /* AudioToolbox.framework */ = {isa = PBXFileReference; lastKnownFileType = wrapper.framework; name = AudioToolbox.framework; path = System/Library/Frameworks/AudioToolbox.framework; sourceTree = SDKROOT; };
		24A2830982A54B02120D35EF /* Pods-iCCUT.debug.xcconfig */ = {isa = PBXFileReference; includeInIndex = 1; lastKnownFileType = text.xcconfig; name = "Pods-iCCUT.debug.xcconfig"; path = "Pods/Target Support Files/Pods-iCCUT/Pods-iCCUT.debug.xcconfig"; sourceTree = "<group>"; };
		3875419AAA0CAE666E598E27 /* Pods.framework */ = {isa = PBXFileReference; explicitFileType = wrapper.framework; includeInIndex = 0; path = Pods.framework; sourceTree = BUILT_PRODUCTS_DIR; };
		421BA45B1CD8A0AF00EA3788 /* SCLAlertViewExtension.swift */ = {isa = PBXFileReference; fileEncoding = 4; lastKnownFileType = sourcecode.swift; path = SCLAlertViewExtension.swift; sourceTree = "<group>"; };
		421BA45C1CD8A0AF00EA3788 /* UIStoryboard+Extension.swift */ = {isa = PBXFileReference; fileEncoding = 4; lastKnownFileType = sourcecode.swift; path = "UIStoryboard+Extension.swift"; sourceTree = "<group>"; };
		421BA45D1CD8A0AF00EA3788 /* UITableViewExtension.swift */ = {isa = PBXFileReference; fileEncoding = 4; lastKnownFileType = sourcecode.swift; path = UITableViewExtension.swift; sourceTree = "<group>"; };
		421BA4611CD8A0DD00EA3788 /* CheetahDownload.swift */ = {isa = PBXFileReference; fileEncoding = 4; lastKnownFileType = sourcecode.swift; path = CheetahDownload.swift; sourceTree = "<group>"; };
		424CE8421CA94C3400943290 /* CCNewsController.swift */ = {isa = PBXFileReference; fileEncoding = 4; lastKnownFileType = sourcecode.swift; path = CCNewsController.swift; sourceTree = "<group>"; };
		424CE8431CA94C3400943290 /* CCShowNewsController.swift */ = {isa = PBXFileReference; fileEncoding = 4; lastKnownFileType = sourcecode.swift; path = CCShowNewsController.swift; sourceTree = "<group>"; };
		424CE8451CA94C3400943290 /* NewsModel.swift */ = {isa = PBXFileReference; fileEncoding = 4; lastKnownFileType = sourcecode.swift; path = NewsModel.swift; sourceTree = "<group>"; };
		424CE8471CA94C3400943290 /* CCNewsTableViewCell.swift */ = {isa = PBXFileReference; fileEncoding = 4; lastKnownFileType = sourcecode.swift; path = CCNewsTableViewCell.swift; sourceTree = "<group>"; };
		424CE8491CA94C3400943290 /* NewViewModel.swift */ = {isa = PBXFileReference; fileEncoding = 4; lastKnownFileType = sourcecode.swift; path = NewViewModel.swift; sourceTree = "<group>"; };
		424CE84F1CA94CF000943290 /* CCLoginViewController.swift */ = {isa = PBXFileReference; fileEncoding = 4; lastKnownFileType = sourcecode.swift; path = CCLoginViewController.swift; sourceTree = "<group>"; };
		4260669E1CAA1E3800093A0B /* CCNavigationController.swift */ = {isa = PBXFileReference; fileEncoding = 4; lastKnownFileType = sourcecode.swift; path = CCNavigationController.swift; sourceTree = "<group>"; };
		426527641CDDD17A0029278E /* CCEditView.swift */ = {isa = PBXFileReference; fileEncoding = 4; lastKnownFileType = sourcecode.swift; path = CCEditView.swift; sourceTree = "<group>"; };
		426B644C1BD0BE38004077B0 /* CoreData.framework */ = {isa = PBXFileReference; lastKnownFileType = wrapper.framework; name = CoreData.framework; path = System/Library/Frameworks/CoreData.framework; sourceTree = SDKROOT; };
		427A658F1BAD0D8A004A0627 /* iCCUT.app */ = {isa = PBXFileReference; explicitFileType = wrapper.application; includeInIndex = 0; path = iCCUT.app; sourceTree = BUILT_PRODUCTS_DIR; };
		4284D55F1CCA4A5600998D4B /* Base */ = {isa = PBXFileReference; lastKnownFileType = text.plist.strings; name = Base; path = Base.lproj/InfoPlist.strings; sourceTree = "<group>"; };
		4284D5611CCA4A9800998D4B /* Localizable.strings */ = {isa = PBXFileReference; fileEncoding = 4; lastKnownFileType = text.plist.strings; path = Localizable.strings; sourceTree = "<group>"; };
		4284D5631CCA4B2D00998D4B /* zh-Hans */ = {isa = PBXFileReference; lastKnownFileType = text.plist.strings; name = "zh-Hans"; path = "zh-Hans.lproj/InfoPlist.strings"; sourceTree = "<group>"; };
		428711691BAEB66A00A89536 /* AudioToolbox.framework */ = {isa = PBXFileReference; lastKnownFileType = wrapper.framework; name = AudioToolbox.framework; path = System/Library/Frameworks/AudioToolbox.framework; sourceTree = SDKROOT; };
		4287116B1BAEB67200A89536 /* CoreAudio.framework */ = {isa = PBXFileReference; lastKnownFileType = wrapper.framework; name = CoreAudio.framework; path = System/Library/Frameworks/CoreAudio.framework; sourceTree = SDKROOT; };
		4287116D1BAEB67800A89536 /* AVFoundation.framework */ = {isa = PBXFileReference; lastKnownFileType = wrapper.framework; name = AVFoundation.framework; path = System/Library/Frameworks/AVFoundation.framework; sourceTree = SDKROOT; };
		4287116F1BAEB67F00A89536 /* CoreGraphics.framework */ = {isa = PBXFileReference; lastKnownFileType = wrapper.framework; name = CoreGraphics.framework; path = System/Library/Frameworks/CoreGraphics.framework; sourceTree = SDKROOT; };
		428B00451CA556B4003C1D03 /* AppDelegate.swift */ = {isa = PBXFileReference; fileEncoding = 4; lastKnownFileType = sourcecode.swift; path = AppDelegate.swift; sourceTree = "<group>"; };
		428B00461CA556B4003C1D03 /* Info.plist */ = {isa = PBXFileReference; fileEncoding = 4; lastKnownFileType = text.plist.xml; path = Info.plist; sourceTree = "<group>"; };
		428B00531CA556B4003C1D03 /* Common.storyboard */ = {isa = PBXFileReference; fileEncoding = 4; lastKnownFileType = file.storyboard; path = Common.storyboard; sourceTree = "<group>"; };
		428B00541CA556B4003C1D03 /* LaunchScreen.storyboard */ = {isa = PBXFileReference; fileEncoding = 4; lastKnownFileType = file.storyboard; path = LaunchScreen.storyboard; sourceTree = "<group>"; };
		428B00551CA556B4003C1D03 /* Main.storyboard */ = {isa = PBXFileReference; fileEncoding = 4; lastKnownFileType = file.storyboard; path = Main.storyboard; sourceTree = "<group>"; };
		428B00571CA556B4003C1D03 /* CCMacro.swift */ = {isa = PBXFileReference; fileEncoding = 4; lastKnownFileType = sourcecode.swift; path = CCMacro.swift; sourceTree = "<group>"; };
		428B005C1CA556B4003C1D03 /* CCTextFiled.swift */ = {isa = PBXFileReference; fileEncoding = 4; lastKnownFileType = sourcecode.swift; path = CCTextFiled.swift; sourceTree = "<group>"; };
		428B00601CA556B4003C1D03 /* CCMainTabbarController.swift */ = {isa = PBXFileReference; fileEncoding = 4; lastKnownFileType = sourcecode.swift; path = CCMainTabbarController.swift; sourceTree = "<group>"; };
		428B00621CA556B4003C1D03 /* CCMediaListController.swift */ = {isa = PBXFileReference; fileEncoding = 4; lastKnownFileType = sourcecode.swift; name = CCMediaListController.swift; path = ../CCMediaListController.swift; sourceTree = "<group>"; };
		428B00641CA556B4003C1D03 /* CCDownloadController.swift */ = {isa = PBXFileReference; fileEncoding = 4; lastKnownFileType = sourcecode.swift; path = CCDownloadController.swift; sourceTree = "<group>"; };
		428B00651CA556B4003C1D03 /* CCListViewController.swift */ = {isa = PBXFileReference; fileEncoding = 4; lastKnownFileType = sourcecode.swift; path = CCListViewController.swift; sourceTree = "<group>"; };
		428B00671CA556B4003C1D03 /* CCVideoSearchController.swift */ = {isa = PBXFileReference; fileEncoding = 4; lastKnownFileType = sourcecode.swift; path = CCVideoSearchController.swift; sourceTree = "<group>"; };
		428B00691CA556B4003C1D03 /* CCVideoDownModel.swift */ = {isa = PBXFileReference; fileEncoding = 4; lastKnownFileType = sourcecode.swift; path = CCVideoDownModel.swift; sourceTree = "<group>"; };
		428B006A1CA556B4003C1D03 /* CCVideoModel.swift */ = {isa = PBXFileReference; fileEncoding = 4; lastKnownFileType = sourcecode.swift; path = CCVideoModel.swift; sourceTree = "<group>"; };
		428B006C1CA556B4003C1D03 /* CCDownloadCell.swift */ = {isa = PBXFileReference; fileEncoding = 4; lastKnownFileType = sourcecode.swift; path = CCDownloadCell.swift; sourceTree = "<group>"; };
		428B006D1CA556B4003C1D03 /* CCListViewCell.swift */ = {isa = PBXFileReference; fileEncoding = 4; lastKnownFileType = sourcecode.swift; path = CCListViewCell.swift; sourceTree = "<group>"; };
		428B006E1CA556B4003C1D03 /* CCSortViewCell.swift */ = {isa = PBXFileReference; fileEncoding = 4; lastKnownFileType = sourcecode.swift; path = CCSortViewCell.swift; sourceTree = "<group>"; };
		428B006F1CA556B4003C1D03 /* CCSortViewLayout.swift */ = {isa = PBXFileReference; fileEncoding = 4; lastKnownFileType = sourcecode.swift; path = CCSortViewLayout.swift; sourceTree = "<group>"; };
		428B00711CA556B4003C1D03 /* CCMoreTableController.swift */ = {isa = PBXFileReference; fileEncoding = 4; lastKnownFileType = sourcecode.swift; path = CCMoreTableController.swift; sourceTree = "<group>"; };
		428B00741CA556B4003C1D03 /* CCNetworkController.swift */ = {isa = PBXFileReference; fileEncoding = 4; lastKnownFileType = sourcecode.swift; path = CCNetworkController.swift; sourceTree = "<group>"; };
		428B00761CA556B4003C1D03 /* CCHTMLParser.swift */ = {isa = PBXFileReference; fileEncoding = 4; lastKnownFileType = sourcecode.swift; path = CCHTMLParser.swift; sourceTree = "<group>"; };
		428B00771CA556B4003C1D03 /* CCHTTPClient.swift */ = {isa = PBXFileReference; fileEncoding = 4; lastKnownFileType = sourcecode.swift; path = CCHTTPClient.swift; sourceTree = "<group>"; };
		428B00801CA556B4003C1D03 /* TableModelType.swift */ = {isa = PBXFileReference; fileEncoding = 4; lastKnownFileType = sourcecode.swift; path = TableModelType.swift; sourceTree = "<group>"; };
		428B00821CA556B4003C1D03 /* Assets.xcassets */ = {isa = PBXFileReference; lastKnownFileType = folder.assetcatalog; path = Assets.xcassets; sourceTree = "<group>"; };
		428B00841CA556B4003C1D03 /* localPlist.plist */ = {isa = PBXFileReference; fileEncoding = 4; lastKnownFileType = text.plist.xml; path = localPlist.plist; sourceTree = "<group>"; };
		428B00851CA556B4003C1D03 /* MediaListName.plist */ = {isa = PBXFileReference; fileEncoding = 4; lastKnownFileType = text.plist.xml; path = MediaListName.plist; sourceTree = "<group>"; };
		428B00861CA556B4003C1D03 /* Msg.plist */ = {isa = PBXFileReference; fileEncoding = 4; lastKnownFileType = text.plist.xml; path = Msg.plist; sourceTree = "<group>"; };
		428B00871CA556B4003C1D03 /* NewsPlist.plist */ = {isa = PBXFileReference; fileEncoding = 4; lastKnownFileType = text.plist.xml; path = NewsPlist.plist; sourceTree = "<group>"; };
		428B00891CA556B4003C1D03 /* DataBaseManager.swift */ = {isa = PBXFileReference; fileEncoding = 4; lastKnownFileType = sourcecode.swift; path = DataBaseManager.swift; sourceTree = "<group>"; };
		428B008B1CA556B4003C1D03 /* ServerOperator.swift */ = {isa = PBXFileReference; fileEncoding = 4; lastKnownFileType = sourcecode.swift; path = ServerOperator.swift; sourceTree = "<group>"; };
		428B008C1CA556B4003C1D03 /* UpdateNews.swift */ = {isa = PBXFileReference; fileEncoding = 4; lastKnownFileType = sourcecode.swift; path = UpdateNews.swift; sourceTree = "<group>"; };
		428B00CC1CA556B4003C1D03 /* MJRefreshAutoFooter.h */ = {isa = PBXFileReference; fileEncoding = 4; lastKnownFileType = sourcecode.c.h; path = MJRefreshAutoFooter.h; sourceTree = "<group>"; };
		428B00CD1CA556B4003C1D03 /* MJRefreshAutoFooter.m */ = {isa = PBXFileReference; fileEncoding = 4; lastKnownFileType = sourcecode.c.objc; path = MJRefreshAutoFooter.m; sourceTree = "<group>"; };
		428B00CE1CA556B4003C1D03 /* MJRefreshBackFooter.h */ = {isa = PBXFileReference; fileEncoding = 4; lastKnownFileType = sourcecode.c.h; path = MJRefreshBackFooter.h; sourceTree = "<group>"; };
		428B00CF1CA556B4003C1D03 /* MJRefreshBackFooter.m */ = {isa = PBXFileReference; fileEncoding = 4; lastKnownFileType = sourcecode.c.objc; path = MJRefreshBackFooter.m; sourceTree = "<group>"; };
		428B00D01CA556B4003C1D03 /* MJRefreshComponent.h */ = {isa = PBXFileReference; fileEncoding = 4; lastKnownFileType = sourcecode.c.h; path = MJRefreshComponent.h; sourceTree = "<group>"; };
		428B00D11CA556B4003C1D03 /* MJRefreshComponent.m */ = {isa = PBXFileReference; fileEncoding = 4; lastKnownFileType = sourcecode.c.objc; path = MJRefreshComponent.m; sourceTree = "<group>"; };
		428B00D21CA556B4003C1D03 /* MJRefreshFooter.h */ = {isa = PBXFileReference; fileEncoding = 4; lastKnownFileType = sourcecode.c.h; path = MJRefreshFooter.h; sourceTree = "<group>"; };
		428B00D31CA556B4003C1D03 /* MJRefreshFooter.m */ = {isa = PBXFileReference; fileEncoding = 4; lastKnownFileType = sourcecode.c.objc; path = MJRefreshFooter.m; sourceTree = "<group>"; };
		428B00D41CA556B4003C1D03 /* MJRefreshHeader.h */ = {isa = PBXFileReference; fileEncoding = 4; lastKnownFileType = sourcecode.c.h; path = MJRefreshHeader.h; sourceTree = "<group>"; };
		428B00D51CA556B4003C1D03 /* MJRefreshHeader.m */ = {isa = PBXFileReference; fileEncoding = 4; lastKnownFileType = sourcecode.c.objc; path = MJRefreshHeader.m; sourceTree = "<group>"; };
		428B00D91CA556B4003C1D03 /* MJRefreshAutoGifFooter.h */ = {isa = PBXFileReference; fileEncoding = 4; lastKnownFileType = sourcecode.c.h; path = MJRefreshAutoGifFooter.h; sourceTree = "<group>"; };
		428B00DA1CA556B4003C1D03 /* MJRefreshAutoGifFooter.m */ = {isa = PBXFileReference; fileEncoding = 4; lastKnownFileType = sourcecode.c.objc; path = MJRefreshAutoGifFooter.m; sourceTree = "<group>"; };
		428B00DB1CA556B4003C1D03 /* MJRefreshAutoNormalFooter.h */ = {isa = PBXFileReference; fileEncoding = 4; lastKnownFileType = sourcecode.c.h; path = MJRefreshAutoNormalFooter.h; sourceTree = "<group>"; };
		428B00DC1CA556B4003C1D03 /* MJRefreshAutoNormalFooter.m */ = {isa = PBXFileReference; fileEncoding = 4; lastKnownFileType = sourcecode.c.objc; path = MJRefreshAutoNormalFooter.m; sourceTree = "<group>"; };
		428B00DD1CA556B4003C1D03 /* MJRefreshAutoStateFooter.h */ = {isa = PBXFileReference; fileEncoding = 4; lastKnownFileType = sourcecode.c.h; path = MJRefreshAutoStateFooter.h; sourceTree = "<group>"; };
		428B00DE1CA556B4003C1D03 /* MJRefreshAutoStateFooter.m */ = {isa = PBXFileReference; fileEncoding = 4; lastKnownFileType = sourcecode.c.objc; path = MJRefreshAutoStateFooter.m; sourceTree = "<group>"; };
		428B00E01CA556B4003C1D03 /* MJRefreshBackGifFooter.h */ = {isa = PBXFileReference; fileEncoding = 4; lastKnownFileType = sourcecode.c.h; path = MJRefreshBackGifFooter.h; sourceTree = "<group>"; };
		428B00E11CA556B4003C1D03 /* MJRefreshBackGifFooter.m */ = {isa = PBXFileReference; fileEncoding = 4; lastKnownFileType = sourcecode.c.objc; path = MJRefreshBackGifFooter.m; sourceTree = "<group>"; };
		428B00E21CA556B4003C1D03 /* MJRefreshBackNormalFooter.h */ = {isa = PBXFileReference; fileEncoding = 4; lastKnownFileType = sourcecode.c.h; path = MJRefreshBackNormalFooter.h; sourceTree = "<group>"; };
		428B00E31CA556B4003C1D03 /* MJRefreshBackNormalFooter.m */ = {isa = PBXFileReference; fileEncoding = 4; lastKnownFileType = sourcecode.c.objc; path = MJRefreshBackNormalFooter.m; sourceTree = "<group>"; };
		428B00E41CA556B4003C1D03 /* MJRefreshBackStateFooter.h */ = {isa = PBXFileReference; fileEncoding = 4; lastKnownFileType = sourcecode.c.h; path = MJRefreshBackStateFooter.h; sourceTree = "<group>"; };
		428B00E51CA556B4003C1D03 /* MJRefreshBackStateFooter.m */ = {isa = PBXFileReference; fileEncoding = 4; lastKnownFileType = sourcecode.c.objc; path = MJRefreshBackStateFooter.m; sourceTree = "<group>"; };
		428B00E71CA556B4003C1D03 /* MJRefreshGifHeader.h */ = {isa = PBXFileReference; fileEncoding = 4; lastKnownFileType = sourcecode.c.h; path = MJRefreshGifHeader.h; sourceTree = "<group>"; };
		428B00E81CA556B4003C1D03 /* MJRefreshGifHeader.m */ = {isa = PBXFileReference; fileEncoding = 4; lastKnownFileType = sourcecode.c.objc; path = MJRefreshGifHeader.m; sourceTree = "<group>"; };
		428B00E91CA556B4003C1D03 /* MJRefreshNormalHeader.h */ = {isa = PBXFileReference; fileEncoding = 4; lastKnownFileType = sourcecode.c.h; path = MJRefreshNormalHeader.h; sourceTree = "<group>"; };
		428B00EA1CA556B4003C1D03 /* MJRefreshNormalHeader.m */ = {isa = PBXFileReference; fileEncoding = 4; lastKnownFileType = sourcecode.c.objc; path = MJRefreshNormalHeader.m; sourceTree = "<group>"; };
		428B00EB1CA556B4003C1D03 /* MJRefreshStateHeader.h */ = {isa = PBXFileReference; fileEncoding = 4; lastKnownFileType = sourcecode.c.h; path = MJRefreshStateHeader.h; sourceTree = "<group>"; };
		428B00EC1CA556B4003C1D03 /* MJRefreshStateHeader.m */ = {isa = PBXFileReference; fileEncoding = 4; lastKnownFileType = sourcecode.c.objc; path = MJRefreshStateHeader.m; sourceTree = "<group>"; };
		428B00ED1CA556B4003C1D03 /* MJRefresh.bundle */ = {isa = PBXFileReference; lastKnownFileType = "wrapper.plug-in"; path = MJRefresh.bundle; sourceTree = "<group>"; };
		428B00EE1CA556B4003C1D03 /* MJRefresh.h */ = {isa = PBXFileReference; fileEncoding = 4; lastKnownFileType = sourcecode.c.h; path = MJRefresh.h; sourceTree = "<group>"; };
		428B00EF1CA556B4003C1D03 /* MJRefreshConst.h */ = {isa = PBXFileReference; fileEncoding = 4; lastKnownFileType = sourcecode.c.h; path = MJRefreshConst.h; sourceTree = "<group>"; };
		428B00F01CA556B4003C1D03 /* MJRefreshConst.m */ = {isa = PBXFileReference; fileEncoding = 4; lastKnownFileType = sourcecode.c.objc; path = MJRefreshConst.m; sourceTree = "<group>"; };
		428B00F11CA556B4003C1D03 /* UIScrollView+MJExtension.h */ = {isa = PBXFileReference; fileEncoding = 4; lastKnownFileType = sourcecode.c.h; path = "UIScrollView+MJExtension.h"; sourceTree = "<group>"; };
		428B00F21CA556B4003C1D03 /* UIScrollView+MJExtension.m */ = {isa = PBXFileReference; fileEncoding = 4; lastKnownFileType = sourcecode.c.objc; path = "UIScrollView+MJExtension.m"; sourceTree = "<group>"; };
		428B00F31CA556B4003C1D03 /* UIScrollView+MJRefresh.h */ = {isa = PBXFileReference; fileEncoding = 4; lastKnownFileType = sourcecode.c.h; path = "UIScrollView+MJRefresh.h"; sourceTree = "<group>"; };
		428B00F41CA556B4003C1D03 /* UIScrollView+MJRefresh.m */ = {isa = PBXFileReference; fileEncoding = 4; lastKnownFileType = sourcecode.c.objc; path = "UIScrollView+MJRefresh.m"; sourceTree = "<group>"; };
		428B00F51CA556B4003C1D03 /* UIView+MJExtension.h */ = {isa = PBXFileReference; fileEncoding = 4; lastKnownFileType = sourcecode.c.h; path = "UIView+MJExtension.h"; sourceTree = "<group>"; };
		428B00F61CA556B4003C1D03 /* UIView+MJExtension.m */ = {isa = PBXFileReference; fileEncoding = 4; lastKnownFileType = sourcecode.c.objc; path = "UIView+MJExtension.m"; sourceTree = "<group>"; };
		428B016D1CA55747003C1D03 /* Bridging_Header.h */ = {isa = PBXFileReference; lastKnownFileType = sourcecode.c.h; path = Bridging_Header.h; sourceTree = "<group>"; };
		428B016F1CA558AF003C1D03 /* CirCleView.swift */ = {isa = PBXFileReference; fileEncoding = 4; lastKnownFileType = sourcecode.swift; path = CirCleView.swift; sourceTree = "<group>"; };
		428B01711CA55BCB003C1D03 /* MobileVLCKit.framework */ = {isa = PBXFileReference; lastKnownFileType = wrapper.framework; name = MobileVLCKit.framework; path = ../../Resource/SDK/MobileVLCKit.framework; sourceTree = "<group>"; };
		428B01741CA55EF7003C1D03 /* CCMediaAnimation.swift */ = {isa = PBXFileReference; fileEncoding = 4; lastKnownFileType = sourcecode.swift; path = CCMediaAnimation.swift; sourceTree = "<group>"; };
		428B01761CA56576003C1D03 /* CCMediaTransition.swift */ = {isa = PBXFileReference; fileEncoding = 4; lastKnownFileType = sourcecode.swift; path = CCMediaTransition.swift; sourceTree = "<group>"; };
		428B01781CA56C69003C1D03 /* CCSortViewController.swift */ = {isa = PBXFileReference; fileEncoding = 4; lastKnownFileType = sourcecode.swift; path = CCSortViewController.swift; sourceTree = "<group>"; };
		428B017E1CA69C8B003C1D03 /* iCCUTTests.xctest */ = {isa = PBXFileReference; explicitFileType = wrapper.cfbundle; includeInIndex = 0; path = iCCUTTests.xctest; sourceTree = BUILT_PRODUCTS_DIR; };
		428B01801CA69C8B003C1D03 /* iCCUTTests.swift */ = {isa = PBXFileReference; lastKnownFileType = sourcecode.swift; path = iCCUTTests.swift; sourceTree = "<group>"; };
		428B01821CA69C8B003C1D03 /* Info.plist */ = {isa = PBXFileReference; lastKnownFileType = text.plist.xml; path = Info.plist; sourceTree = "<group>"; };
		42BB50131CDC9F3D00F7B94E /* CCTextView.swift */ = {isa = PBXFileReference; fileEncoding = 4; lastKnownFileType = sourcecode.swift; path = CCTextView.swift; sourceTree = "<group>"; };
		42BB501B1CDCB22E00F7B94E /* CCCommentCell.swift */ = {isa = PBXFileReference; fileEncoding = 4; lastKnownFileType = sourcecode.swift; path = CCCommentCell.swift; sourceTree = "<group>"; };
		42BB501C1CDCB22E00F7B94E /* CCCommentCell.xib */ = {isa = PBXFileReference; fileEncoding = 4; lastKnownFileType = file.xib; path = CCCommentCell.xib; sourceTree = "<group>"; };
		42BB501F1CDCBE2500F7B94E /* CCMediaInfoCell.swift */ = {isa = PBXFileReference; fileEncoding = 4; lastKnownFileType = sourcecode.swift; path = CCMediaInfoCell.swift; sourceTree = "<group>"; };
		42BB50201CDCBE2500F7B94E /* CCMediaInfoCell.xib */ = {isa = PBXFileReference; fileEncoding = 4; lastKnownFileType = file.xib; path = CCMediaInfoCell.xib; sourceTree = "<group>"; };
		42BB50251CDCC62D00F7B94E /* CCEditViewController.swift */ = {isa = PBXFileReference; fileEncoding = 4; lastKnownFileType = sourcecode.swift; path = CCEditViewController.swift; sourceTree = "<group>"; };
		42D2F9AC1CD1D119007A4B67 /* Full Screen Icon.png */ = {isa = PBXFileReference; lastKnownFileType = image.png; path = "Full Screen Icon.png"; sourceTree = "<group>"; };
		42D2F9AD1CD1D119007A4B67 /* Full Screen Icon@2x.png */ = {isa = PBXFileReference; lastKnownFileType = image.png; path = "Full Screen Icon@2x.png"; sourceTree = "<group>"; };
		42D2F9AE1CD1D119007A4B67 /* Full Screen Icon@3x.png */ = {isa = PBXFileReference; lastKnownFileType = image.png; path = "Full Screen Icon@3x.png"; sourceTree = "<group>"; };
		42D2F9AF1CD1D119007A4B67 /* Min. Icon.png */ = {isa = PBXFileReference; lastKnownFileType = image.png; path = "Min. Icon.png"; sourceTree = "<group>"; };
		42D2F9B01CD1D119007A4B67 /* Min. Icon@2x.png */ = {isa = PBXFileReference; lastKnownFileType = image.png; path = "Min. Icon@2x.png"; sourceTree = "<group>"; };
		42D2F9B11CD1D119007A4B67 /* Min. Icon@3x.png */ = {isa = PBXFileReference; lastKnownFileType = image.png; path = "Min. Icon@3x.png"; sourceTree = "<group>"; };
		42D2F9B21CD1D119007A4B67 /* Pause Icon.png */ = {isa = PBXFileReference; lastKnownFileType = image.png; path = "Pause Icon.png"; sourceTree = "<group>"; };
		42D2F9B31CD1D119007A4B67 /* Pause Icon@2x.png */ = {isa = PBXFileReference; lastKnownFileType = image.png; path = "Pause Icon@2x.png"; sourceTree = "<group>"; };
		42D2F9B41CD1D119007A4B67 /* Pause Icon@3x.png */ = {isa = PBXFileReference; lastKnownFileType = image.png; path = "Pause Icon@3x.png"; sourceTree = "<group>"; };
		42D2F9B51CD1D119007A4B67 /* Play Icon.png */ = {isa = PBXFileReference; lastKnownFileType = image.png; path = "Play Icon.png"; sourceTree = "<group>"; };
		42D2F9B61CD1D119007A4B67 /* Play Icon@2x.png */ = {isa = PBXFileReference; lastKnownFileType = image.png; path = "Play Icon@2x.png"; sourceTree = "<group>"; };
		42D2F9B71CD1D119007A4B67 /* Play Icon@3x.png */ = {isa = PBXFileReference; lastKnownFileType = image.png; path = "Play Icon@3x.png"; sourceTree = "<group>"; };
		42D2F9B81CD1D119007A4B67 /* Player close@2x.png */ = {isa = PBXFileReference; lastKnownFileType = image.png; path = "Player close@2x.png"; sourceTree = "<group>"; };
		42D2F9B91CD1D119007A4B67 /* Player close@3x.png */ = {isa = PBXFileReference; lastKnownFileType = image.png; path = "Player close@3x.png"; sourceTree = "<group>"; };
		42D2F9BA1CD1D119007A4B67 /* Player Control Nob.png */ = {isa = PBXFileReference; lastKnownFileType = image.png; path = "Player Control Nob.png"; sourceTree = "<group>"; };
		42D2F9BB1CD1D119007A4B67 /* Player Control Nob@2x.png */ = {isa = PBXFileReference; lastKnownFileType = image.png; path = "Player Control Nob@2x.png"; sourceTree = "<group>"; };
		42D2F9BC1CD1D119007A4B67 /* Player Control Nob@3x.png */ = {isa = PBXFileReference; lastKnownFileType = image.png; path = "Player Control Nob@3x.png"; sourceTree = "<group>"; };
		42D2F9BD1CD1D119007A4B67 /* Sound Icon.png */ = {isa = PBXFileReference; lastKnownFileType = image.png; path = "Sound Icon.png"; sourceTree = "<group>"; };
		42D2F9BE1CD1D119007A4B67 /* Sound Icon@2x.png */ = {isa = PBXFileReference; lastKnownFileType = image.png; path = "Sound Icon@2x.png"; sourceTree = "<group>"; };
		42D2F9BF1CD1D119007A4B67 /* Sound Icon@3x.png */ = {isa = PBXFileReference; lastKnownFileType = image.png; path = "Sound Icon@3x.png"; sourceTree = "<group>"; };
		42D2F9C01CD1D119007A4B67 /* Video Bg.png */ = {isa = PBXFileReference; lastKnownFileType = image.png; path = "Video Bg.png"; sourceTree = "<group>"; };
		42D2F9C11CD1D119007A4B67 /* Video Bg@2x.png */ = {isa = PBXFileReference; lastKnownFileType = image.png; path = "Video Bg@2x.png"; sourceTree = "<group>"; };
		42D2F9C21CD1D119007A4B67 /* Video Bg@3x.png */ = {isa = PBXFileReference; lastKnownFileType = image.png; path = "Video Bg@3x.png"; sourceTree = "<group>"; };
		42D2F9C41CD1D119007A4B67 /* MRVideoConst.h */ = {isa = PBXFileReference; fileEncoding = 4; lastKnownFileType = sourcecode.c.h; path = MRVideoConst.h; sourceTree = "<group>"; };
		42D2F9C51CD1D119007A4B67 /* MRVideoControlView.h */ = {isa = PBXFileReference; fileEncoding = 4; lastKnownFileType = sourcecode.c.h; path = MRVideoControlView.h; sourceTree = "<group>"; };
		42D2F9C61CD1D119007A4B67 /* MRVideoControlView.m */ = {isa = PBXFileReference; fileEncoding = 4; lastKnownFileType = sourcecode.c.objc; path = MRVideoControlView.m; sourceTree = "<group>"; };
		42D2F9C71CD1D119007A4B67 /* MRVideoHUDView.h */ = {isa = PBXFileReference; fileEncoding = 4; lastKnownFileType = sourcecode.c.h; path = MRVideoHUDView.h; sourceTree = "<group>"; };
		42D2F9C81CD1D119007A4B67 /* MRVideoHUDView.m */ = {isa = PBXFileReference; fileEncoding = 4; lastKnownFileType = sourcecode.c.objc; path = MRVideoHUDView.m; sourceTree = "<group>"; };
		42D2F9C91CD1D119007A4B67 /* MRVLCPlayer.h */ = {isa = PBXFileReference; fileEncoding = 4; lastKnownFileType = sourcecode.c.h; path = MRVLCPlayer.h; sourceTree = "<group>"; };
		42D2F9CA1CD1D119007A4B67 /* MRVLCPlayer.mm */ = {isa = PBXFileReference; fileEncoding = 4; lastKnownFileType = sourcecode.cpp.objcpp; path = MRVLCPlayer.mm; sourceTree = "<group>"; };
		42D2F9E51CD1D173007A4B67 /* CCPlayerViewController.swift */ = {isa = PBXFileReference; fileEncoding = 4; lastKnownFileType = sourcecode.swift; path = CCPlayerViewController.swift; sourceTree = "<group>"; };
		D3A6E1819F2E40EB8645B44E /* Pods-iCCUT.release.xcconfig */ = {isa = PBXFileReference; includeInIndex = 1; lastKnownFileType = text.xcconfig; name = "Pods-iCCUT.release.xcconfig"; path = "Pods/Target Support Files/Pods-iCCUT/Pods-iCCUT.release.xcconfig"; sourceTree = "<group>"; };
		D3DC1A2A42F94AF4CF1FDE4F /* Pods_iCCUT.framework */ = {isa = PBXFileReference; explicitFileType = wrapper.framework; includeInIndex = 0; path = Pods_iCCUT.framework; sourceTree = BUILT_PRODUCTS_DIR; };
/* End PBXFileReference section */

/* Begin PBXFrameworksBuildPhase section */
		427A658C1BAD0D8A004A0627 /* Frameworks */ = {
			isa = PBXFrameworksBuildPhase;
			buildActionMask = 2147483647;
			files = (
				426B644D1BD0BE38004077B0 /* CoreData.framework in Frameworks */,
				18D627501C7DA6FD00DDA9E7 /* VideoToolbox.framework in Frameworks */,
				428711701BAEB67F00A89536 /* CoreGraphics.framework in Frameworks */,
				18D627471C7DA6FD00DDA9E7 /* libz.1.dylib in Frameworks */,
				18D6274C1C7DA6FD00DDA9E7 /* AVFoundation.framework in Frameworks */,
				4287116C1BAEB67200A89536 /* CoreAudio.framework in Frameworks */,
				4287116A1BAEB66A00A89536 /* AudioToolbox.framework in Frameworks */,
				428B01721CA55BCB003C1D03 /* MobileVLCKit.framework in Frameworks */,
				18D6274A1C7DA6FD00DDA9E7 /* libstdc++.6.0.9.dylib in Frameworks */,
				18D627491C7DA6FD00DDA9E7 /* libiconv.2.dylib in Frameworks */,
				18D6274F1C7DA6FD00DDA9E7 /* CoreMedia.framework in Frameworks */,
				18D6274E1C7DA6FD00DDA9E7 /* CoreVideo.framework in Frameworks */,
				18D627481C7DA6FD00DDA9E7 /* libc++.1.dylib in Frameworks */,
				18D627461C7DA6FD00DDA9E7 /* libbz2.1.0.dylib in Frameworks */,
				18D6274B1C7DA6FD00DDA9E7 /* MediaPlayer.framework in Frameworks */,
				9C78F7316A146CF656EDA46D /* Pods_iCCUT.framework in Frameworks */,
			);
			runOnlyForDeploymentPostprocessing = 0;
		};
		428B017B1CA69C8B003C1D03 /* Frameworks */ = {
			isa = PBXFrameworksBuildPhase;
			buildActionMask = 2147483647;
			files = (
			);
			runOnlyForDeploymentPostprocessing = 0;
		};
/* End PBXFrameworksBuildPhase section */

/* Begin PBXGroup section */
		33E5060F3617C30258A25902 /* Frameworks */ = {
			isa = PBXGroup;
			children = (
				18D6273A1C7DA6FD00DDA9E7 /* libbz2.1.0.dylib */,
				18D6273B1C7DA6FD00DDA9E7 /* libz.1.dylib */,
				18D6273C1C7DA6FD00DDA9E7 /* libc++.1.dylib */,
				18D6273D1C7DA6FD00DDA9E7 /* libiconv.2.dylib */,
				18D6273E1C7DA6FD00DDA9E7 /* libstdc++.6.0.9.dylib */,
				428B01711CA55BCB003C1D03 /* MobileVLCKit.framework */,
				18D6273F1C7DA6FD00DDA9E7 /* MediaPlayer.framework */,
				18D627401C7DA6FD00DDA9E7 /* AVFoundation.framework */,
				18D627411C7DA6FD00DDA9E7 /* CoreAudio.framework */,
				18D627421C7DA6FD00DDA9E7 /* CoreVideo.framework */,
				18D627431C7DA6FD00DDA9E7 /* CoreMedia.framework */,
				18D627441C7DA6FD00DDA9E7 /* VideoToolbox.framework */,
				18D627451C7DA6FD00DDA9E7 /* AudioToolbox.framework */,
				426B644C1BD0BE38004077B0 /* CoreData.framework */,
				4287116F1BAEB67F00A89536 /* CoreGraphics.framework */,
				4287116D1BAEB67800A89536 /* AVFoundation.framework */,
				4287116B1BAEB67200A89536 /* CoreAudio.framework */,
				428711691BAEB66A00A89536 /* AudioToolbox.framework */,
				3875419AAA0CAE666E598E27 /* Pods.framework */,
				D3DC1A2A42F94AF4CF1FDE4F /* Pods_iCCUT.framework */,
			);
			name = Frameworks;
			sourceTree = "<group>";
		};
		424CE8411CA94C3400943290 /* Controller */ = {
			isa = PBXGroup;
			children = (
				424CE8421CA94C3400943290 /* CCNewsController.swift */,
				424CE8431CA94C3400943290 /* CCShowNewsController.swift */,
			);
			path = Controller;
			sourceTree = "<group>";
		};
		424CE8441CA94C3400943290 /* Model */ = {
			isa = PBXGroup;
			children = (
				424CE8451CA94C3400943290 /* NewsModel.swift */,
			);
			path = Model;
			sourceTree = "<group>";
		};
		424CE8461CA94C3400943290 /* View */ = {
			isa = PBXGroup;
			children = (
				424CE8471CA94C3400943290 /* CCNewsTableViewCell.swift */,
			);
			path = View;
			sourceTree = "<group>";
		};
		424CE8481CA94C3400943290 /* ViewModel */ = {
			isa = PBXGroup;
			children = (
				424CE8491CA94C3400943290 /* NewViewModel.swift */,
			);
			path = ViewModel;
			sourceTree = "<group>";
		};
		427A65861BAD0D8A004A0627 = {
			isa = PBXGroup;
			children = (
				427A65911BAD0D8A004A0627 /* iCCUT */,
				428B017F1CA69C8B003C1D03 /* iCCUTTests */,
				427A65901BAD0D8A004A0627 /* Products */,
				33E5060F3617C30258A25902 /* Frameworks */,
				A92E1CF8DBC3EB205801A821 /* Pods */,
			);
			sourceTree = "<group>";
		};
		427A65901BAD0D8A004A0627 /* Products */ = {
			isa = PBXGroup;
			children = (
				427A658F1BAD0D8A004A0627 /* iCCUT.app */,
				428B017E1CA69C8B003C1D03 /* iCCUTTests.xctest */,
			);
			name = Products;
			sourceTree = "<group>";
		};
		427A65911BAD0D8A004A0627 /* iCCUT */ = {
			isa = PBXGroup;
			children = (
				428B00441CA556B4003C1D03 /* Configure */,
				428B004D1CA556B4003C1D03 /* DataBase */,
				428B004E1CA556B4003C1D03 /* Extension */,
				428B00521CA556B4003C1D03 /* Interface */,
				428B00561CA556B4003C1D03 /* Macro */,
				428B00581CA556B4003C1D03 /* Module */,
				428B00881CA556B4003C1D03 /* Service */,
				428B008D1CA556B4003C1D03 /* Vendor */,
				428B007F1CA556B4003C1D03 /* Protocol */,
				428B00811CA556B4003C1D03 /* Resource */,
			);
			path = iCCUT;
			sourceTree = "<group>";
		};
		428B00441CA556B4003C1D03 /* Configure */ = {
			isa = PBXGroup;
			children = (
				428B00461CA556B4003C1D03 /* Info.plist */,
				428B00451CA556B4003C1D03 /* AppDelegate.swift */,
				428B016D1CA55747003C1D03 /* Bridging_Header.h */,
			);
			path = Configure;
			sourceTree = "<group>";
		};
		428B004D1CA556B4003C1D03 /* DataBase */ = {
			isa = PBXGroup;
			children = (
			);
			path = DataBase;
			sourceTree = "<group>";
		};
		428B004E1CA556B4003C1D03 /* Extension */ = {
			isa = PBXGroup;
			children = (
				421BA45B1CD8A0AF00EA3788 /* SCLAlertViewExtension.swift */,
				421BA45C1CD8A0AF00EA3788 /* UIStoryboard+Extension.swift */,
				421BA45D1CD8A0AF00EA3788 /* UITableViewExtension.swift */,
			);
			path = Extension;
			sourceTree = "<group>";
		};
		428B00521CA556B4003C1D03 /* Interface */ = {
			isa = PBXGroup;
			children = (
				428B00531CA556B4003C1D03 /* Common.storyboard */,
				428B00541CA556B4003C1D03 /* LaunchScreen.storyboard */,
				428B00551CA556B4003C1D03 /* Main.storyboard */,
			);
			path = Interface;
			sourceTree = "<group>";
		};
		428B00561CA556B4003C1D03 /* Macro */ = {
			isa = PBXGroup;
			children = (
				428B00571CA556B4003C1D03 /* CCMacro.swift */,
			);
			path = Macro;
			sourceTree = "<group>";
		};
		428B00581CA556B4003C1D03 /* Module */ = {
			isa = PBXGroup;
			children = (
				42BB50231CDCC5DB00F7B94E /* Component */,
				428B005B1CA556B4003C1D03 /* Login */,
				428B005D1CA556B4003C1D03 /* Main */,
				428B00611CA556B4003C1D03 /* Media */,
				428B00701CA556B4003C1D03 /* More */,
				428B00721CA556B4003C1D03 /* Network */,
				428B00781CA556B4003C1D03 /* News */,
			);
			path = Module;
			sourceTree = "<group>";
		};
		428B005B1CA556B4003C1D03 /* Login */ = {
			isa = PBXGroup;
			children = (
				424CE84F1CA94CF000943290 /* CCLoginViewController.swift */,
				428B005C1CA556B4003C1D03 /* CCTextFiled.swift */,
			);
			path = Login;
			sourceTree = "<group>";
		};
		428B005D1CA556B4003C1D03 /* Main */ = {
			isa = PBXGroup;
			children = (
				428B00601CA556B4003C1D03 /* CCMainTabbarController.swift */,
				4260669E1CAA1E3800093A0B /* CCNavigationController.swift */,
			);
			path = Main;
			sourceTree = "<group>";
		};
		428B00611CA556B4003C1D03 /* Media */ = {
			isa = PBXGroup;
			children = (
				428B01731CA55ED6003C1D03 /* Animation */,
				428B00631CA556B4003C1D03 /* Controller */,
				428B00681CA556B4003C1D03 /* Model */,
				428B006B1CA556B4003C1D03 /* View */,
			);
			path = Media;
			sourceTree = "<group>";
		};
		428B00631CA556B4003C1D03 /* Controller */ = {
			isa = PBXGroup;
			children = (
				428B00651CA556B4003C1D03 /* CCListViewController.swift */,
				428B00621CA556B4003C1D03 /* CCMediaListController.swift */,
				428B00671CA556B4003C1D03 /* CCVideoSearchController.swift */,
				428B01781CA56C69003C1D03 /* CCSortViewController.swift */,
				428B00641CA556B4003C1D03 /* CCDownloadController.swift */,
				42D2F9E51CD1D173007A4B67 /* CCPlayerViewController.swift */,
			);
			path = Controller;
			sourceTree = "<group>";
		};
		428B00681CA556B4003C1D03 /* Model */ = {
			isa = PBXGroup;
			children = (
				428B00691CA556B4003C1D03 /* CCVideoDownModel.swift */,
				428B006A1CA556B4003C1D03 /* CCVideoModel.swift */,
			);
			path = Model;
			sourceTree = "<group>";
		};
		428B006B1CA556B4003C1D03 /* View */ = {
			isa = PBXGroup;
			children = (
				428B006C1CA556B4003C1D03 /* CCDownloadCell.swift */,
				428B006D1CA556B4003C1D03 /* CCListViewCell.swift */,
				428B006E1CA556B4003C1D03 /* CCSortViewCell.swift */,
				428B006F1CA556B4003C1D03 /* CCSortViewLayout.swift */,
				42BB50131CDC9F3D00F7B94E /* CCTextView.swift */,
				42BB501B1CDCB22E00F7B94E /* CCCommentCell.swift */,
				42BB501F1CDCBE2500F7B94E /* CCMediaInfoCell.swift */,
				42BB50201CDCBE2500F7B94E /* CCMediaInfoCell.xib */,
				42BB501C1CDCB22E00F7B94E /* CCCommentCell.xib */,
			);
			path = View;
			sourceTree = "<group>";
		};
		428B00701CA556B4003C1D03 /* More */ = {
			isa = PBXGroup;
			children = (
				428B00711CA556B4003C1D03 /* CCMoreTableController.swift */,
			);
			path = More;
			sourceTree = "<group>";
		};
		428B00721CA556B4003C1D03 /* Network */ = {
			isa = PBXGroup;
			children = (
				428B00731CA556B4003C1D03 /* Controller */,
				428B00751CA556B4003C1D03 /* Model */,
			);
			path = Network;
			sourceTree = "<group>";
		};
		428B00731CA556B4003C1D03 /* Controller */ = {
			isa = PBXGroup;
			children = (
				428B00741CA556B4003C1D03 /* CCNetworkController.swift */,
			);
			path = Controller;
			sourceTree = "<group>";
		};
		428B00751CA556B4003C1D03 /* Model */ = {
			isa = PBXGroup;
			children = (
				428B00761CA556B4003C1D03 /* CCHTMLParser.swift */,
				428B00771CA556B4003C1D03 /* CCHTTPClient.swift */,
			);
			path = Model;
			sourceTree = "<group>";
		};
		428B00781CA556B4003C1D03 /* News */ = {
			isa = PBXGroup;
			children = (
				424CE8411CA94C3400943290 /* Controller */,
				424CE8441CA94C3400943290 /* Model */,
				424CE8461CA94C3400943290 /* View */,
				424CE8481CA94C3400943290 /* ViewModel */,
			);
			path = News;
			sourceTree = "<group>";
		};
		428B007F1CA556B4003C1D03 /* Protocol */ = {
			isa = PBXGroup;
			children = (
				428B00801CA556B4003C1D03 /* TableModelType.swift */,
			);
			path = Protocol;
			sourceTree = "<group>";
		};
		428B00811CA556B4003C1D03 /* Resource */ = {
			isa = PBXGroup;
			children = (
				4284D5611CCA4A9800998D4B /* Localizable.strings */,
				4284D5601CCA4A5600998D4B /* InfoPlist.strings */,
				428B00821CA556B4003C1D03 /* Assets.xcassets */,
				428B00831CA556B4003C1D03 /* Plist */,
			);
			path = Resource;
			sourceTree = "<group>";
		};
		428B00831CA556B4003C1D03 /* Plist */ = {
			isa = PBXGroup;
			children = (
				428B00841CA556B4003C1D03 /* localPlist.plist */,
				428B00851CA556B4003C1D03 /* MediaListName.plist */,
				428B00861CA556B4003C1D03 /* Msg.plist */,
				428B00871CA556B4003C1D03 /* NewsPlist.plist */,
			);
			path = Plist;
			sourceTree = "<group>";
		};
		428B00881CA556B4003C1D03 /* Service */ = {
			isa = PBXGroup;
			children = (
				428B00891CA556B4003C1D03 /* DataBaseManager.swift */,
				421BA4611CD8A0DD00EA3788 /* CheetahDownload.swift */,
				428B008B1CA556B4003C1D03 /* ServerOperator.swift */,
				428B008C1CA556B4003C1D03 /* UpdateNews.swift */,
			);
			name = Service;
			path = ToolKit;
			sourceTree = "<group>";
		};
		428B008D1CA556B4003C1D03 /* Vendor */ = {
			isa = PBXGroup;
			children = (
				42FAE4F81CB22F4D00495273 /* MRVideoPlayer */,
				428B016E1CA5588F003C1D03 /* CirCleView */,
				428B00CA1CA556B4003C1D03 /* MJRefresh */,
			);
			path = Vendor;
			sourceTree = "<group>";
		};
		428B00CA1CA556B4003C1D03 /* MJRefresh */ = {
			isa = PBXGroup;
			children = (
				428B00CB1CA556B4003C1D03 /* Base */,
				428B00D61CA556B4003C1D03 /* Custom */,
				428B00ED1CA556B4003C1D03 /* MJRefresh.bundle */,
				428B00EE1CA556B4003C1D03 /* MJRefresh.h */,
				428B00EF1CA556B4003C1D03 /* MJRefreshConst.h */,
				428B00F01CA556B4003C1D03 /* MJRefreshConst.m */,
				428B00F11CA556B4003C1D03 /* UIScrollView+MJExtension.h */,
				428B00F21CA556B4003C1D03 /* UIScrollView+MJExtension.m */,
				428B00F31CA556B4003C1D03 /* UIScrollView+MJRefresh.h */,
				428B00F41CA556B4003C1D03 /* UIScrollView+MJRefresh.m */,
				428B00F51CA556B4003C1D03 /* UIView+MJExtension.h */,
				428B00F61CA556B4003C1D03 /* UIView+MJExtension.m */,
			);
			path = MJRefresh;
			sourceTree = "<group>";
		};
		428B00CB1CA556B4003C1D03 /* Base */ = {
			isa = PBXGroup;
			children = (
				428B00CC1CA556B4003C1D03 /* MJRefreshAutoFooter.h */,
				428B00CD1CA556B4003C1D03 /* MJRefreshAutoFooter.m */,
				428B00CE1CA556B4003C1D03 /* MJRefreshBackFooter.h */,
				428B00CF1CA556B4003C1D03 /* MJRefreshBackFooter.m */,
				428B00D01CA556B4003C1D03 /* MJRefreshComponent.h */,
				428B00D11CA556B4003C1D03 /* MJRefreshComponent.m */,
				428B00D21CA556B4003C1D03 /* MJRefreshFooter.h */,
				428B00D31CA556B4003C1D03 /* MJRefreshFooter.m */,
				428B00D41CA556B4003C1D03 /* MJRefreshHeader.h */,
				428B00D51CA556B4003C1D03 /* MJRefreshHeader.m */,
			);
			path = Base;
			sourceTree = "<group>";
		};
		428B00D61CA556B4003C1D03 /* Custom */ = {
			isa = PBXGroup;
			children = (
				428B00D71CA556B4003C1D03 /* Footer */,
				428B00E61CA556B4003C1D03 /* Header */,
			);
			path = Custom;
			sourceTree = "<group>";
		};
		428B00D71CA556B4003C1D03 /* Footer */ = {
			isa = PBXGroup;
			children = (
				428B00D81CA556B4003C1D03 /* Auto */,
				428B00DF1CA556B4003C1D03 /* Back */,
			);
			path = Footer;
			sourceTree = "<group>";
		};
		428B00D81CA556B4003C1D03 /* Auto */ = {
			isa = PBXGroup;
			children = (
				428B00D91CA556B4003C1D03 /* MJRefreshAutoGifFooter.h */,
				428B00DA1CA556B4003C1D03 /* MJRefreshAutoGifFooter.m */,
				428B00DB1CA556B4003C1D03 /* MJRefreshAutoNormalFooter.h */,
				428B00DC1CA556B4003C1D03 /* MJRefreshAutoNormalFooter.m */,
				428B00DD1CA556B4003C1D03 /* MJRefreshAutoStateFooter.h */,
				428B00DE1CA556B4003C1D03 /* MJRefreshAutoStateFooter.m */,
			);
			path = Auto;
			sourceTree = "<group>";
		};
		428B00DF1CA556B4003C1D03 /* Back */ = {
			isa = PBXGroup;
			children = (
				428B00E01CA556B4003C1D03 /* MJRefreshBackGifFooter.h */,
				428B00E11CA556B4003C1D03 /* MJRefreshBackGifFooter.m */,
				428B00E21CA556B4003C1D03 /* MJRefreshBackNormalFooter.h */,
				428B00E31CA556B4003C1D03 /* MJRefreshBackNormalFooter.m */,
				428B00E41CA556B4003C1D03 /* MJRefreshBackStateFooter.h */,
				428B00E51CA556B4003C1D03 /* MJRefreshBackStateFooter.m */,
			);
			path = Back;
			sourceTree = "<group>";
		};
		428B00E61CA556B4003C1D03 /* Header */ = {
			isa = PBXGroup;
			children = (
				428B00E71CA556B4003C1D03 /* MJRefreshGifHeader.h */,
				428B00E81CA556B4003C1D03 /* MJRefreshGifHeader.m */,
				428B00E91CA556B4003C1D03 /* MJRefreshNormalHeader.h */,
				428B00EA1CA556B4003C1D03 /* MJRefreshNormalHeader.m */,
				428B00EB1CA556B4003C1D03 /* MJRefreshStateHeader.h */,
				428B00EC1CA556B4003C1D03 /* MJRefreshStateHeader.m */,
			);
			path = Header;
			sourceTree = "<group>";
		};
		428B016E1CA5588F003C1D03 /* CirCleView */ = {
			isa = PBXGroup;
			children = (
				428B016F1CA558AF003C1D03 /* CirCleView.swift */,
			);
			path = CirCleView;
			sourceTree = "<group>";
		};
		428B01731CA55ED6003C1D03 /* Animation */ = {
			isa = PBXGroup;
			children = (
				428B01761CA56576003C1D03 /* CCMediaTransition.swift */,
				428B01741CA55EF7003C1D03 /* CCMediaAnimation.swift */,
			);
			path = Animation;
			sourceTree = "<group>";
		};
		428B017F1CA69C8B003C1D03 /* iCCUTTests */ = {
			isa = PBXGroup;
			children = (
				428B01801CA69C8B003C1D03 /* iCCUTTests.swift */,
				428B01821CA69C8B003C1D03 /* Info.plist */,
			);
			path = iCCUTTests;
			sourceTree = "<group>";
		};
		42BB50231CDCC5DB00F7B94E /* Component */ = {
			isa = PBXGroup;
			children = (
				42BB50241CDCC5F100F7B94E /* Views */,
			);
			path = Component;
			sourceTree = "<group>";
		};
		42BB50241CDCC5F100F7B94E /* Views */ = {
			isa = PBXGroup;
			children = (
				42BB50251CDCC62D00F7B94E /* CCEditViewController.swift */,
				426527641CDDD17A0029278E /* CCEditView.swift */,
			);
			path = Views;
			sourceTree = "<group>";
		};
		42D2F9AB1CD1D119007A4B67 /* Asset */ = {
			isa = PBXGroup;
			children = (
				42D2F9AC1CD1D119007A4B67 /* Full Screen Icon.png */,
				42D2F9AD1CD1D119007A4B67 /* Full Screen Icon@2x.png */,
				42D2F9AE1CD1D119007A4B67 /* Full Screen Icon@3x.png */,
				42D2F9AF1CD1D119007A4B67 /* Min. Icon.png */,
				42D2F9B01CD1D119007A4B67 /* Min. Icon@2x.png */,
				42D2F9B11CD1D119007A4B67 /* Min. Icon@3x.png */,
				42D2F9B21CD1D119007A4B67 /* Pause Icon.png */,
				42D2F9B31CD1D119007A4B67 /* Pause Icon@2x.png */,
				42D2F9B41CD1D119007A4B67 /* Pause Icon@3x.png */,
				42D2F9B51CD1D119007A4B67 /* Play Icon.png */,
				42D2F9B61CD1D119007A4B67 /* Play Icon@2x.png */,
				42D2F9B71CD1D119007A4B67 /* Play Icon@3x.png */,
				42D2F9B81CD1D119007A4B67 /* Player close@2x.png */,
				42D2F9B91CD1D119007A4B67 /* Player close@3x.png */,
				42D2F9BA1CD1D119007A4B67 /* Player Control Nob.png */,
				42D2F9BB1CD1D119007A4B67 /* Player Control Nob@2x.png */,
				42D2F9BC1CD1D119007A4B67 /* Player Control Nob@3x.png */,
				42D2F9BD1CD1D119007A4B67 /* Sound Icon.png */,
				42D2F9BE1CD1D119007A4B67 /* Sound Icon@2x.png */,
				42D2F9BF1CD1D119007A4B67 /* Sound Icon@3x.png */,
				42D2F9C01CD1D119007A4B67 /* Video Bg.png */,
				42D2F9C11CD1D119007A4B67 /* Video Bg@2x.png */,
				42D2F9C21CD1D119007A4B67 /* Video Bg@3x.png */,
			);
			path = Asset;
			sourceTree = "<group>";
		};
		42D2F9C31CD1D119007A4B67 /* Classes */ = {
			isa = PBXGroup;
			children = (
				42D2F9C41CD1D119007A4B67 /* MRVideoConst.h */,
				42D2F9C51CD1D119007A4B67 /* MRVideoControlView.h */,
				42D2F9C61CD1D119007A4B67 /* MRVideoControlView.m */,
				42D2F9C71CD1D119007A4B67 /* MRVideoHUDView.h */,
				42D2F9C81CD1D119007A4B67 /* MRVideoHUDView.m */,
				42D2F9C91CD1D119007A4B67 /* MRVLCPlayer.h */,
				42D2F9CA1CD1D119007A4B67 /* MRVLCPlayer.mm */,
			);
			path = Classes;
			sourceTree = "<group>";
		};
		42FAE4F81CB22F4D00495273 /* MRVideoPlayer */ = {
			isa = PBXGroup;
			children = (
				42D2F9AB1CD1D119007A4B67 /* Asset */,
				42D2F9C31CD1D119007A4B67 /* Classes */,
			);
			path = MRVideoPlayer;
			sourceTree = "<group>";
		};
		A92E1CF8DBC3EB205801A821 /* Pods */ = {
			isa = PBXGroup;
			children = (
				24A2830982A54B02120D35EF /* Pods-iCCUT.debug.xcconfig */,
				D3A6E1819F2E40EB8645B44E /* Pods-iCCUT.release.xcconfig */,
			);
			name = Pods;
			sourceTree = "<group>";
		};
/* End PBXGroup section */

/* Begin PBXNativeTarget section */
		427A658E1BAD0D8A004A0627 /* iCCUT */ = {
			isa = PBXNativeTarget;
			buildConfigurationList = 427A65A11BAD0D8A004A0627 /* Build configuration list for PBXNativeTarget "iCCUT" */;
			buildPhases = (
				2C1B099DA92188B523DADC3D /* 📦 Check Pods Manifest.lock */,
				427A658B1BAD0D8A004A0627 /* Sources */,
				427A658C1BAD0D8A004A0627 /* Frameworks */,
				427A658D1BAD0D8A004A0627 /* Resources */,
				E0EFB8AE5995284110F1C4E3 /* 📦 Embed Pods Frameworks */,
				A5FB5CB89BEF53774E734E5D /* 📦 Copy Pods Resources */,
			);
			buildRules = (
			);
			dependencies = (
			);
			name = iCCUT;
			productName = iCCUT;
			productReference = 427A658F1BAD0D8A004A0627 /* iCCUT.app */;
			productType = "com.apple.product-type.application";
		};
		428B017D1CA69C8B003C1D03 /* iCCUTTests */ = {
			isa = PBXNativeTarget;
			buildConfigurationList = 428B01851CA69C8B003C1D03 /* Build configuration list for PBXNativeTarget "iCCUTTests" */;
			buildPhases = (
				428B017A1CA69C8B003C1D03 /* Sources */,
				428B017B1CA69C8B003C1D03 /* Frameworks */,
				428B017C1CA69C8B003C1D03 /* Resources */,
			);
			buildRules = (
			);
			dependencies = (
				428B01841CA69C8B003C1D03 /* PBXTargetDependency */,
			);
			name = iCCUTTests;
			productName = iCCUTTests;
			productReference = 428B017E1CA69C8B003C1D03 /* iCCUTTests.xctest */;
			productType = "com.apple.product-type.bundle.unit-test";
		};
/* End PBXNativeTarget section */

/* Begin PBXProject section */
		427A65871BAD0D8A004A0627 /* Project object */ = {
			isa = PBXProject;
			attributes = {
				CLASSPREFIX = CC;
				LastSwiftUpdateCheck = 0730;
				LastUpgradeCheck = 0720;
				ORGANIZATIONNAME = Alloc;
				TargetAttributes = {
					427A658E1BAD0D8A004A0627 = {
						CreatedOnToolsVersion = 7.0;
						DevelopmentTeam = 678WD436L9;
					};
					428B017D1CA69C8B003C1D03 = {
						CreatedOnToolsVersion = 7.3;
						DevelopmentTeam = 678WD436L9;
						TestTargetID = 427A658E1BAD0D8A004A0627;
					};
				};
			};
			buildConfigurationList = 427A658A1BAD0D8A004A0627 /* Build configuration list for PBXProject "iCCUT" */;
			compatibilityVersion = "Xcode 3.2";
			developmentRegion = English;
			hasScannedForEncodings = 0;
			knownRegions = (
				en,
				Base,
				"zh-Hans",
			);
			mainGroup = 427A65861BAD0D8A004A0627;
			productRefGroup = 427A65901BAD0D8A004A0627 /* Products */;
			projectDirPath = "";
			projectRoot = "";
			targets = (
				427A658E1BAD0D8A004A0627 /* iCCUT */,
				428B017D1CA69C8B003C1D03 /* iCCUTTests */,
			);
		};
/* End PBXProject section */

/* Begin PBXResourcesBuildPhase section */
		427A658D1BAD0D8A004A0627 /* Resources */ = {
			isa = PBXResourcesBuildPhase;
			buildActionMask = 2147483647;
			files = (
				4284D5621CCA4A9800998D4B /* Localizable.strings in Resources */,
				42D2F9CC1CD1D119007A4B67 /* Full Screen Icon@2x.png in Resources */,
				42D2F9D01CD1D119007A4B67 /* Min. Icon@3x.png in Resources */,
				42D2F9DE1CD1D119007A4B67 /* Sound Icon@3x.png in Resources */,
				428B01001CA556B4003C1D03 /* LaunchScreen.storyboard in Resources */,
				42D2F9E11CD1D119007A4B67 /* Video Bg@3x.png in Resources */,
				428B01661CA556B4003C1D03 /* MJRefresh.bundle in Resources */,
				428B01211CA556B4003C1D03 /* NewsPlist.plist in Resources */,
				42D2F9CD1CD1D119007A4B67 /* Full Screen Icon@3x.png in Resources */,
				4284D55E1CCA4A5600998D4B /* InfoPlist.strings in Resources */,
				428B01201CA556B4003C1D03 /* Msg.plist in Resources */,
				42D2F9D81CD1D119007A4B67 /* Player close@3x.png in Resources */,
				42D2F9E01CD1D119007A4B67 /* Video Bg@2x.png in Resources */,
				42D2F9CF1CD1D119007A4B67 /* Min. Icon@2x.png in Resources */,
				42BB501E1CDCB22E00F7B94E /* CCCommentCell.xib in Resources */,
				428B00FF1CA556B4003C1D03 /* Common.storyboard in Resources */,
				42D2F9DB1CD1D119007A4B67 /* Player Control Nob@3x.png in Resources */,
				42D2F9DA1CD1D119007A4B67 /* Player Control Nob@2x.png in Resources */,
				42BB50221CDCBE2500F7B94E /* CCMediaInfoCell.xib in Resources */,
				42D2F9DD1CD1D119007A4B67 /* Sound Icon@2x.png in Resources */,
				42D2F9D71CD1D119007A4B67 /* Player close@2x.png in Resources */,
				428B01011CA556B4003C1D03 /* Main.storyboard in Resources */,
				42D2F9D41CD1D119007A4B67 /* Play Icon.png in Resources */,
				42D2F9D11CD1D119007A4B67 /* Pause Icon.png in Resources */,
				42D2F9D51CD1D119007A4B67 /* Play Icon@2x.png in Resources */,
				42D2F9DC1CD1D119007A4B67 /* Sound Icon.png in Resources */,
				428B011D1CA556B4003C1D03 /* Assets.xcassets in Resources */,
				42D2F9D31CD1D119007A4B67 /* Pause Icon@3x.png in Resources */,
				42D2F9D61CD1D119007A4B67 /* Play Icon@3x.png in Resources */,
				428B011F1CA556B4003C1D03 /* MediaListName.plist in Resources */,
				428B011E1CA556B4003C1D03 /* localPlist.plist in Resources */,
				42D2F9D91CD1D119007A4B67 /* Player Control Nob.png in Resources */,
				42D2F9D21CD1D119007A4B67 /* Pause Icon@2x.png in Resources */,
				42D2F9CB1CD1D119007A4B67 /* Full Screen Icon.png in Resources */,
				42D2F9CE1CD1D119007A4B67 /* Min. Icon.png in Resources */,
				42D2F9DF1CD1D119007A4B67 /* Video Bg.png in Resources */,
			);
			runOnlyForDeploymentPostprocessing = 0;
		};
		428B017C1CA69C8B003C1D03 /* Resources */ = {
			isa = PBXResourcesBuildPhase;
			buildActionMask = 2147483647;
			files = (
			);
			runOnlyForDeploymentPostprocessing = 0;
		};
/* End PBXResourcesBuildPhase section */

/* Begin PBXShellScriptBuildPhase section */
		2C1B099DA92188B523DADC3D /* 📦 Check Pods Manifest.lock */ = {
			isa = PBXShellScriptBuildPhase;
			buildActionMask = 2147483647;
			files = (
			);
			inputPaths = (
			);
			name = "📦 Check Pods Manifest.lock";
			outputPaths = (
			);
			runOnlyForDeploymentPostprocessing = 0;
			shellPath = /bin/sh;
			shellScript = "diff \"${PODS_ROOT}/../Podfile.lock\" \"${PODS_ROOT}/Manifest.lock\" > /dev/null\nif [[ $? != 0 ]] ; then\n    cat << EOM\nerror: The sandbox is not in sync with the Podfile.lock. Run 'pod install' or update your CocoaPods installation.\nEOM\n    exit 1\nfi\n";
			showEnvVarsInLog = 0;
		};
		A5FB5CB89BEF53774E734E5D /* 📦 Copy Pods Resources */ = {
			isa = PBXShellScriptBuildPhase;
			buildActionMask = 2147483647;
			files = (
			);
			inputPaths = (
			);
			name = "📦 Copy Pods Resources";
			outputPaths = (
			);
			runOnlyForDeploymentPostprocessing = 0;
			shellPath = /bin/sh;
			shellScript = "\"${SRCROOT}/Pods/Target Support Files/Pods-iCCUT/Pods-iCCUT-resources.sh\"\n";
			showEnvVarsInLog = 0;
		};
		E0EFB8AE5995284110F1C4E3 /* 📦 Embed Pods Frameworks */ = {
			isa = PBXShellScriptBuildPhase;
			buildActionMask = 2147483647;
			files = (
			);
			inputPaths = (
			);
			name = "📦 Embed Pods Frameworks";
			outputPaths = (
			);
			runOnlyForDeploymentPostprocessing = 0;
			shellPath = /bin/sh;
			shellScript = "\"${SRCROOT}/Pods/Target Support Files/Pods-iCCUT/Pods-iCCUT-frameworks.sh\"\n";
			showEnvVarsInLog = 0;
		};
/* End PBXShellScriptBuildPhase section */

/* Begin PBXSourcesBuildPhase section */
		427A658B1BAD0D8A004A0627 /* Sources */ = {
			isa = PBXSourcesBuildPhase;
			buildActionMask = 2147483647;
			files = (
				424CE84C1CA94C3400943290 /* NewsModel.swift in Sources */,
				4260669F1CAA1E3800093A0B /* CCNavigationController.swift in Sources */,
				428B015A1CA556B4003C1D03 /* MJRefreshComponent.m in Sources */,
				428B015D1CA556B4003C1D03 /* MJRefreshAutoGifFooter.m in Sources */,
				428B01621CA556B4003C1D03 /* MJRefreshBackStateFooter.m in Sources */,
				428B011C1CA556B4003C1D03 /* TableModelType.swift in Sources */,
				428B01791CA56C69003C1D03 /* CCSortViewController.swift in Sources */,
				428B01701CA558AF003C1D03 /* CirCleView.swift in Sources */,
				428B01121CA556B4003C1D03 /* CCSortViewLayout.swift in Sources */,
				428B010D1CA556B4003C1D03 /* CCVideoDownModel.swift in Sources */,
				428B01691CA556B4003C1D03 /* UIScrollView+MJRefresh.m in Sources */,
				428B016A1CA556B4003C1D03 /* UIView+MJExtension.m in Sources */,
				428B01651CA556B4003C1D03 /* MJRefreshStateHeader.m in Sources */,
				428B01611CA556B4003C1D03 /* MJRefreshBackNormalFooter.m in Sources */,
				428B015C1CA556B4003C1D03 /* MJRefreshHeader.m in Sources */,
				42D2F9E31CD1D119007A4B67 /* MRVideoHUDView.m in Sources */,
				428B01101CA556B4003C1D03 /* CCListViewCell.swift in Sources */,
				428B010C1CA556B4003C1D03 /* CCVideoSearchController.swift in Sources */,
				428B01631CA556B4003C1D03 /* MJRefreshGifHeader.m in Sources */,
				428B01591CA556B4003C1D03 /* MJRefreshBackFooter.m in Sources */,
				428B01221CA556B4003C1D03 /* DataBaseManager.swift in Sources */,
				424CE8501CA94CF000943290 /* CCLoginViewController.swift in Sources */,
				428B01131CA556B4003C1D03 /* CCMoreTableController.swift in Sources */,
				428B01081CA556B4003C1D03 /* CCMediaListController.swift in Sources */,
				42BB50141CDC9F3D00F7B94E /* CCTextView.swift in Sources */,
				428B01021CA556B4003C1D03 /* CCMacro.swift in Sources */,
				424CE84B1CA94C3400943290 /* CCShowNewsController.swift in Sources */,
				42D2F9E21CD1D119007A4B67 /* MRVideoControlView.m in Sources */,
				42D2F9E61CD1D173007A4B67 /* CCPlayerViewController.swift in Sources */,
				421BA45E1CD8A0AF00EA3788 /* SCLAlertViewExtension.swift in Sources */,
				421BA4621CD8A0DD00EA3788 /* CheetahDownload.swift in Sources */,
				424CE84A1CA94C3400943290 /* CCNewsController.swift in Sources */,
				428B010A1CA556B4003C1D03 /* CCListViewController.swift in Sources */,
				42BB50211CDCBE2500F7B94E /* CCMediaInfoCell.swift in Sources */,
				428B01091CA556B4003C1D03 /* CCDownloadController.swift in Sources */,
				426527651CDDD17A0029278E /* CCEditView.swift in Sources */,
				428B01041CA556B4003C1D03 /* CCTextFiled.swift in Sources */,
				428B01751CA55EF7003C1D03 /* CCMediaAnimation.swift in Sources */,
				428B01251CA556B4003C1D03 /* UpdateNews.swift in Sources */,
				424CE84E1CA94C3400943290 /* NewViewModel.swift in Sources */,
				428B010E1CA556B4003C1D03 /* CCVideoModel.swift in Sources */,
				428B01771CA56576003C1D03 /* CCMediaTransition.swift in Sources */,
				42BB50261CDCC62D00F7B94E /* CCEditViewController.swift in Sources */,
				428B01681CA556B4003C1D03 /* UIScrollView+MJExtension.m in Sources */,
				428B010F1CA556B4003C1D03 /* CCDownloadCell.swift in Sources */,
				428B01071CA556B4003C1D03 /* CCMainTabbarController.swift in Sources */,
				42BB501D1CDCB22E00F7B94E /* CCCommentCell.swift in Sources */,
				428B015F1CA556B4003C1D03 /* MJRefreshAutoStateFooter.m in Sources */,
				428B01161CA556B4003C1D03 /* CCHTTPClient.swift in Sources */,
				428B01641CA556B4003C1D03 /* MJRefreshNormalHeader.m in Sources */,
				42D2F9E41CD1D119007A4B67 /* MRVLCPlayer.mm in Sources */,
				421BA45F1CD8A0AF00EA3788 /* UIStoryboard+Extension.swift in Sources */,
				428B01601CA556B4003C1D03 /* MJRefreshBackGifFooter.m in Sources */,
				428B00FB1CA556B4003C1D03 /* AppDelegate.swift in Sources */,
				428B01141CA556B4003C1D03 /* CCNetworkController.swift in Sources */,
				421BA4601CD8A0AF00EA3788 /* UITableViewExtension.swift in Sources */,
				428B01241CA556B4003C1D03 /* ServerOperator.swift in Sources */,
				428B015E1CA556B4003C1D03 /* MJRefreshAutoNormalFooter.m in Sources */,
				428B01151CA556B4003C1D03 /* CCHTMLParser.swift in Sources */,
				424CE84D1CA94C3400943290 /* CCNewsTableViewCell.swift in Sources */,
				428B01111CA556B4003C1D03 /* CCSortViewCell.swift in Sources */,
				428B01671CA556B4003C1D03 /* MJRefreshConst.m in Sources */,
				428B01581CA556B4003C1D03 /* MJRefreshAutoFooter.m in Sources */,
				428B015B1CA556B4003C1D03 /* MJRefreshFooter.m in Sources */,
			);
			runOnlyForDeploymentPostprocessing = 0;
		};
		428B017A1CA69C8B003C1D03 /* Sources */ = {
			isa = PBXSourcesBuildPhase;
			buildActionMask = 2147483647;
			files = (
				428B01811CA69C8B003C1D03 /* iCCUTTests.swift in Sources */,
			);
			runOnlyForDeploymentPostprocessing = 0;
		};
/* End PBXSourcesBuildPhase section */

/* Begin PBXTargetDependency section */
		428B01841CA69C8B003C1D03 /* PBXTargetDependency */ = {
			isa = PBXTargetDependency;
			target = 427A658E1BAD0D8A004A0627 /* iCCUT */;
			targetProxy = 428B01831CA69C8B003C1D03 /* PBXContainerItemProxy */;
		};
/* End PBXTargetDependency section */

/* Begin PBXVariantGroup section */
		4284D5601CCA4A5600998D4B /* InfoPlist.strings */ = {
			isa = PBXVariantGroup;
			children = (
				4284D55F1CCA4A5600998D4B /* Base */,
				4284D5631CCA4B2D00998D4B /* zh-Hans */,
			);
			name = InfoPlist.strings;
			sourceTree = "<group>";
		};
/* End PBXVariantGroup section */

/* Begin XCBuildConfiguration section */
		427A659F1BAD0D8A004A0627 /* Debug */ = {
			isa = XCBuildConfiguration;
			buildSettings = {
				ALWAYS_SEARCH_USER_PATHS = NO;
				CLANG_CXX_LANGUAGE_STANDARD = "gnu++0x";
				CLANG_CXX_LIBRARY = "libc++";
				CLANG_ENABLE_MODULES = YES;
				CLANG_ENABLE_OBJC_ARC = YES;
				CLANG_WARN_BOOL_CONVERSION = YES;
				CLANG_WARN_CONSTANT_CONVERSION = YES;
				CLANG_WARN_DIRECT_OBJC_ISA_USAGE = YES_ERROR;
				CLANG_WARN_EMPTY_BODY = YES;
				CLANG_WARN_ENUM_CONVERSION = YES;
				CLANG_WARN_INT_CONVERSION = YES;
				CLANG_WARN_OBJC_ROOT_CLASS = YES_ERROR;
				CLANG_WARN_UNREACHABLE_CODE = YES;
				CLANG_WARN__DUPLICATE_METHOD_MATCH = YES;
				"CODE_SIGN_IDENTITY[sdk=iphoneos*]" = "iPhone Developer";
				COPY_PHASE_STRIP = NO;
				DEBUG_INFORMATION_FORMAT = dwarf;
				ENABLE_STRICT_OBJC_MSGSEND = YES;
				ENABLE_TESTABILITY = YES;
				GCC_C_LANGUAGE_STANDARD = gnu99;
				GCC_DYNAMIC_NO_PIC = NO;
				GCC_NO_COMMON_BLOCKS = YES;
				GCC_OPTIMIZATION_LEVEL = 0;
				GCC_PREPROCESSOR_DEFINITIONS = (
					"DEBUG=1",
					"$(inherited)",
				);
				GCC_WARN_64_TO_32_BIT_CONVERSION = YES;
				GCC_WARN_ABOUT_RETURN_TYPE = YES_ERROR;
				GCC_WARN_UNDECLARED_SELECTOR = YES;
				GCC_WARN_UNINITIALIZED_AUTOS = YES_AGGRESSIVE;
				GCC_WARN_UNUSED_FUNCTION = YES;
				GCC_WARN_UNUSED_VARIABLE = YES;
				IPHONEOS_DEPLOYMENT_TARGET = 9.0;
				MTL_ENABLE_DEBUG_INFO = YES;
				ONLY_ACTIVE_ARCH = YES;
				SDKROOT = iphoneos;
				SWIFT_OPTIMIZATION_LEVEL = "-Onone";
			};
			name = Debug;
		};
		427A65A01BAD0D8A004A0627 /* Release */ = {
			isa = XCBuildConfiguration;
			buildSettings = {
				ALWAYS_SEARCH_USER_PATHS = NO;
				CLANG_CXX_LANGUAGE_STANDARD = "gnu++0x";
				CLANG_CXX_LIBRARY = "libc++";
				CLANG_ENABLE_MODULES = YES;
				CLANG_ENABLE_OBJC_ARC = YES;
				CLANG_WARN_BOOL_CONVERSION = YES;
				CLANG_WARN_CONSTANT_CONVERSION = YES;
				CLANG_WARN_DIRECT_OBJC_ISA_USAGE = YES_ERROR;
				CLANG_WARN_EMPTY_BODY = YES;
				CLANG_WARN_ENUM_CONVERSION = YES;
				CLANG_WARN_INT_CONVERSION = YES;
				CLANG_WARN_OBJC_ROOT_CLASS = YES_ERROR;
				CLANG_WARN_UNREACHABLE_CODE = YES;
				CLANG_WARN__DUPLICATE_METHOD_MATCH = YES;
				"CODE_SIGN_IDENTITY[sdk=iphoneos*]" = "iPhone Developer";
				COPY_PHASE_STRIP = NO;
				DEBUG_INFORMATION_FORMAT = "dwarf-with-dsym";
				ENABLE_NS_ASSERTIONS = NO;
				ENABLE_STRICT_OBJC_MSGSEND = YES;
				GCC_C_LANGUAGE_STANDARD = gnu99;
				GCC_NO_COMMON_BLOCKS = YES;
				GCC_WARN_64_TO_32_BIT_CONVERSION = YES;
				GCC_WARN_ABOUT_RETURN_TYPE = YES_ERROR;
				GCC_WARN_UNDECLARED_SELECTOR = YES;
				GCC_WARN_UNINITIALIZED_AUTOS = YES_AGGRESSIVE;
				GCC_WARN_UNUSED_FUNCTION = YES;
				GCC_WARN_UNUSED_VARIABLE = YES;
				IPHONEOS_DEPLOYMENT_TARGET = 9.0;
				MTL_ENABLE_DEBUG_INFO = NO;
				SDKROOT = iphoneos;
				VALIDATE_PRODUCT = YES;
			};
			name = Release;
		};
		427A65A21BAD0D8A004A0627 /* Debug */ = {
			isa = XCBuildConfiguration;
			baseConfigurationReference = 24A2830982A54B02120D35EF /* Pods-iCCUT.debug.xcconfig */;
			buildSettings = {
				ASSETCATALOG_COMPILER_APPICON_NAME = AppIcon;
				CLANG_CXX_LANGUAGE_STANDARD = "gnu++0x";
				CLANG_CXX_LIBRARY = "libstdc++";
				CLANG_ENABLE_MODULES = YES;
				CODE_SIGN_IDENTITY = "iPhone Developer";
				"CODE_SIGN_IDENTITY[sdk=iphoneos*]" = "iPhone Developer";
				EMBEDDED_CONTENT_CONTAINS_SWIFT = "$(inherited)";
				ENABLE_BITCODE = NO;
				FRAMEWORK_SEARCH_PATHS = (
					"\"$(SRCROOT)/../../Resource/SDK/LatestVLC\"",
					"$(inherited)",
					"$(SRCROOT)",
				);
				INFOPLIST_FILE = "$(SRCROOT)/iCCUT/Configure/Info.plist";
				IPHONEOS_DEPLOYMENT_TARGET = 9.0;
				LD_RUNPATH_SEARCH_PATHS = "$(inherited) @executable_path/Frameworks";
				LIBRARY_SEARCH_PATHS = "$(inherited)";
				OTHER_CPLUSPLUSFLAGS = "";
				OTHER_LDFLAGS = "$(inherited)";
				PODS_ROOT = "$(inherited)";
				PRODUCT_BUNDLE_IDENTIFIER = com.Alloc.iCCUT;
				PRODUCT_NAME = "$(TARGET_NAME)";
				PROVISIONING_PROFILE = "";
				SWIFT_OBJC_BRIDGING_HEADER = /Users/Maru/Documents/Projective/iCCUT/iCCUT/Configure/Bridging_Header.h;
				SWIFT_OBJC_INTERFACE_HEADER_NAME = "";
				SWIFT_OPTIMIZATION_LEVEL = "-Onone";
				USER_HEADER_SEARCH_PATHS = "${SRCROOT}";
			};
			name = Debug;
		};
		427A65A31BAD0D8A004A0627 /* Release */ = {
			isa = XCBuildConfiguration;
			baseConfigurationReference = D3A6E1819F2E40EB8645B44E /* Pods-iCCUT.release.xcconfig */;
			buildSettings = {
				ASSETCATALOG_COMPILER_APPICON_NAME = AppIcon;
				CLANG_CXX_LANGUAGE_STANDARD = "gnu++0x";
				CLANG_CXX_LIBRARY = "libstdc++";
				CLANG_ENABLE_MODULES = YES;
				CODE_SIGN_IDENTITY = "iPhone Developer";
				"CODE_SIGN_IDENTITY[sdk=iphoneos*]" = "iPhone Developer";
				EMBEDDED_CONTENT_CONTAINS_SWIFT = "$(inherited)";
				ENABLE_BITCODE = NO;
				FRAMEWORK_SEARCH_PATHS = (
					"\"$(SRCROOT)/../../Resource/SDK/LatestVLC\"",
					"$(inherited)",
					"$(SRCROOT)",
				);
				INFOPLIST_FILE = "$(SRCROOT)/iCCUT/Configure/Info.plist";
				IPHONEOS_DEPLOYMENT_TARGET = 9.0;
				LD_RUNPATH_SEARCH_PATHS = "$(inherited) @executable_path/Frameworks";
				LIBRARY_SEARCH_PATHS = "$(inherited)";
				OTHER_CPLUSPLUSFLAGS = "";
				OTHER_LDFLAGS = "$(inherited)";
				PODS_ROOT = "$(inherited)";
				PRODUCT_BUNDLE_IDENTIFIER = com.Alloc.iCCUT;
				PRODUCT_NAME = "$(TARGET_NAME)";
				PROVISIONING_PROFILE = "";
				SWIFT_OBJC_BRIDGING_HEADER = /Users/Maru/Documents/Projective/iCCUT/iCCUT/Configure/Bridging_Header.h;
				SWIFT_OBJC_INTERFACE_HEADER_NAME = "";
				USER_HEADER_SEARCH_PATHS = "${SRCROOT}";
			};
			name = Release;
		};
		428B01861CA69C8B003C1D03 /* Debug */ = {
			isa = XCBuildConfiguration;
			buildSettings = {
				BUNDLE_LOADER = "$(TEST_HOST)";
				CLANG_ANALYZER_NONNULL = YES;
				INFOPLIST_FILE = iCCUTTests/Info.plist;
				IPHONEOS_DEPLOYMENT_TARGET = 9.3;
				LD_RUNPATH_SEARCH_PATHS = "$(inherited) @executable_path/Frameworks @loader_path/Frameworks";
				PRODUCT_BUNDLE_IDENTIFIER = com.alloc.iCCUTTests;
				PRODUCT_NAME = "$(TARGET_NAME)";
				TEST_HOST = "$(BUILT_PRODUCTS_DIR)/iCCUT.app/iCCUT";
			};
			name = Debug;
		};
		428B01871CA69C8B003C1D03 /* Release */ = {
			isa = XCBuildConfiguration;
			buildSettings = {
				BUNDLE_LOADER = "$(TEST_HOST)";
				CLANG_ANALYZER_NONNULL = YES;
				INFOPLIST_FILE = iCCUTTests/Info.plist;
				IPHONEOS_DEPLOYMENT_TARGET = 9.3;
				LD_RUNPATH_SEARCH_PATHS = "$(inherited) @executable_path/Frameworks @loader_path/Frameworks";
				PRODUCT_BUNDLE_IDENTIFIER = com.alloc.iCCUTTests;
				PRODUCT_NAME = "$(TARGET_NAME)";
				TEST_HOST = "$(BUILT_PRODUCTS_DIR)/iCCUT.app/iCCUT";
			};
			name = Release;
		};
/* End XCBuildConfiguration section */

/* Begin XCConfigurationList section */
		427A658A1BAD0D8A004A0627 /* Build configuration list for PBXProject "iCCUT" */ = {
			isa = XCConfigurationList;
			buildConfigurations = (
				427A659F1BAD0D8A004A0627 /* Debug */,
				427A65A01BAD0D8A004A0627 /* Release */,
			);
			defaultConfigurationIsVisible = 0;
			defaultConfigurationName = Debug;
		};
		427A65A11BAD0D8A004A0627 /* Build configuration list for PBXNativeTarget "iCCUT" */ = {
			isa = XCConfigurationList;
			buildConfigurations = (
				427A65A21BAD0D8A004A0627 /* Debug */,
				427A65A31BAD0D8A004A0627 /* Release */,
			);
			defaultConfigurationIsVisible = 0;
			defaultConfigurationName = Debug;
		};
		428B01851CA69C8B003C1D03 /* Build configuration list for PBXNativeTarget "iCCUTTests" */ = {
			isa = XCConfigurationList;
			buildConfigurations = (
				428B01861CA69C8B003C1D03 /* Debug */,
				428B01871CA69C8B003C1D03 /* Release */,
			);
			defaultConfigurationIsVisible = 0;
			defaultConfigurationName = Debug;
		};
/* End XCConfigurationList section */
	};
	rootObject = 427A65871BAD0D8A004A0627 /* Project object */;
}
