// !$*UTF8*$!
{
	archiveVersion = 1;
	classes = {
	};
	objectVersion = 46;
	objects = {

/* Begin PBXBuildFile section */
		420C75D91BB4108F0025E1D8 /* CCDownloadCell.swift in Sources */ = {isa = PBXBuildFile; fileRef = 420C75D81BB4108F0025E1D8 /* CCDownloadCell.swift */; };
		420C75DC1BB41AB50025E1D8 /* DownloadTool.swift in Sources */ = {isa = PBXBuildFile; fileRef = 420C75DB1BB41AB50025E1D8 /* DownloadTool.swift */; };
		420C75DE1BB421900025E1D8 /* CCVideoModel.swift in Sources */ = {isa = PBXBuildFile; fileRef = 420C75DD1BB421900025E1D8 /* CCVideoModel.swift */; };
		4218FD771BF2CA2F0036FE1A /* Alamofire.swift in Sources */ = {isa = PBXBuildFile; fileRef = 4218FD691BF2CA2F0036FE1A /* Alamofire.swift */; };
		4218FD781BF2CA2F0036FE1A /* Download.swift in Sources */ = {isa = PBXBuildFile; fileRef = 4218FD6A1BF2CA2F0036FE1A /* Download.swift */; };
		4218FD791BF2CA2F0036FE1A /* Error.swift in Sources */ = {isa = PBXBuildFile; fileRef = 4218FD6B1BF2CA2F0036FE1A /* Error.swift */; };
		4218FD7A1BF2CA2F0036FE1A /* Manager.swift in Sources */ = {isa = PBXBuildFile; fileRef = 4218FD6C1BF2CA2F0036FE1A /* Manager.swift */; };
		4218FD7B1BF2CA2F0036FE1A /* MultipartFormData.swift in Sources */ = {isa = PBXBuildFile; fileRef = 4218FD6D1BF2CA2F0036FE1A /* MultipartFormData.swift */; };
		4218FD7C1BF2CA2F0036FE1A /* ParameterEncoding.swift in Sources */ = {isa = PBXBuildFile; fileRef = 4218FD6E1BF2CA2F0036FE1A /* ParameterEncoding.swift */; };
		4218FD7D1BF2CA2F0036FE1A /* Request.swift in Sources */ = {isa = PBXBuildFile; fileRef = 4218FD6F1BF2CA2F0036FE1A /* Request.swift */; };
		4218FD7E1BF2CA2F0036FE1A /* Response.swift in Sources */ = {isa = PBXBuildFile; fileRef = 4218FD701BF2CA2F0036FE1A /* Response.swift */; };
		4218FD7F1BF2CA2F0036FE1A /* ResponseSerialization.swift in Sources */ = {isa = PBXBuildFile; fileRef = 4218FD711BF2CA2F0036FE1A /* ResponseSerialization.swift */; };
		4218FD801BF2CA2F0036FE1A /* Result.swift in Sources */ = {isa = PBXBuildFile; fileRef = 4218FD721BF2CA2F0036FE1A /* Result.swift */; };
		4218FD811BF2CA2F0036FE1A /* ServerTrustPolicy.swift in Sources */ = {isa = PBXBuildFile; fileRef = 4218FD731BF2CA2F0036FE1A /* ServerTrustPolicy.swift */; };
		4218FD821BF2CA2F0036FE1A /* Stream.swift in Sources */ = {isa = PBXBuildFile; fileRef = 4218FD741BF2CA2F0036FE1A /* Stream.swift */; };
		4218FD831BF2CA2F0036FE1A /* Upload.swift in Sources */ = {isa = PBXBuildFile; fileRef = 4218FD751BF2CA2F0036FE1A /* Upload.swift */; };
		4218FD841BF2CA2F0036FE1A /* Validation.swift in Sources */ = {isa = PBXBuildFile; fileRef = 4218FD761BF2CA2F0036FE1A /* Validation.swift */; };
		4218FD861BF2CCF70036FE1A /* Common.storyboard in Resources */ = {isa = PBXBuildFile; fileRef = 4218FD851BF2CCF70036FE1A /* Common.storyboard */; };
		4222BD901BD24439006C1EFC /* CCVideoDownModel.swift in Sources */ = {isa = PBXBuildFile; fileRef = 4222BD8F1BD24439006C1EFC /* CCVideoDownModel.swift */; };
		426B64471BD0BB96004077B0 /* VideoModel.xcdatamodeld in Sources */ = {isa = PBXBuildFile; fileRef = 426B64451BD0BB96004077B0 /* VideoModel.xcdatamodeld */; };
		426B644B1BD0BCBF004077B0 /* DataBaseManager.swift in Sources */ = {isa = PBXBuildFile; fileRef = 426B644A1BD0BCBF004077B0 /* DataBaseManager.swift */; };
		426B644D1BD0BE38004077B0 /* CoreData.framework in Frameworks */ = {isa = PBXBuildFile; fileRef = 426B644C1BD0BE38004077B0 /* CoreData.framework */; };
		427A65931BAD0D8A004A0627 /* AppDelegate.swift in Sources */ = {isa = PBXBuildFile; fileRef = 427A65921BAD0D8A004A0627 /* AppDelegate.swift */; };
		427A65981BAD0D8A004A0627 /* Main.storyboard in Resources */ = {isa = PBXBuildFile; fileRef = 427A65961BAD0D8A004A0627 /* Main.storyboard */; };
		427A659D1BAD0D8A004A0627 /* LaunchScreen.storyboard in Resources */ = {isa = PBXBuildFile; fileRef = 427A659B1BAD0D8A004A0627 /* LaunchScreen.storyboard */; };
		427A65AE1BAD1061004A0627 /* CCMainTabbarController.swift in Sources */ = {isa = PBXBuildFile; fileRef = 427A65AD1BAD1061004A0627 /* CCMainTabbarController.swift */; };
		427A67A01BE216AA002EE275 /* CCListViewController.swift in Sources */ = {isa = PBXBuildFile; fileRef = 427A679F1BE216AA002EE275 /* CCListViewController.swift */; };
		427A67A31BE216EC002EE275 /* CCListViewCell.swift in Sources */ = {isa = PBXBuildFile; fileRef = 427A67A11BE216EC002EE275 /* CCListViewCell.swift */; };
		427A67C11BE249BA002EE275 /* DocDir.plist in Resources */ = {isa = PBXBuildFile; fileRef = 427A67C01BE249BA002EE275 /* DocDir.plist */; };
		427A67E31BE25358002EE275 /* CCSortView.swift in Sources */ = {isa = PBXBuildFile; fileRef = 427A67E21BE25358002EE275 /* CCSortView.swift */; };
		4286B2551BAD3FB30015EDDA /* localPlist.plist in Resources */ = {isa = PBXBuildFile; fileRef = 4286B2541BAD3FB30015EDDA /* localPlist.plist */; };
		4286B26B1BAD407E0015EDDA /* kr-video-player-close@2x.png in Resources */ = {isa = PBXBuildFile; fileRef = 4286B25A1BAD407E0015EDDA /* kr-video-player-close@2x.png */; };
		4286B26C1BAD407E0015EDDA /* kr-video-player-close@3x.png in Resources */ = {isa = PBXBuildFile; fileRef = 4286B25B1BAD407E0015EDDA /* kr-video-player-close@3x.png */; };
		4286B26D1BAD407E0015EDDA /* kr-video-player-fullscreen@2x.png in Resources */ = {isa = PBXBuildFile; fileRef = 4286B25C1BAD407E0015EDDA /* kr-video-player-fullscreen@2x.png */; };
		4286B26E1BAD407E0015EDDA /* kr-video-player-fullscreen@3x.png in Resources */ = {isa = PBXBuildFile; fileRef = 4286B25D1BAD407E0015EDDA /* kr-video-player-fullscreen@3x.png */; };
		4286B26F1BAD407E0015EDDA /* kr-video-player-pause@2x.png in Resources */ = {isa = PBXBuildFile; fileRef = 4286B25E1BAD407E0015EDDA /* kr-video-player-pause@2x.png */; };
		4286B2701BAD407E0015EDDA /* kr-video-player-pause@3x.png in Resources */ = {isa = PBXBuildFile; fileRef = 4286B25F1BAD407E0015EDDA /* kr-video-player-pause@3x.png */; };
		4286B2711BAD407E0015EDDA /* kr-video-player-play@2x.png in Resources */ = {isa = PBXBuildFile; fileRef = 4286B2601BAD407E0015EDDA /* kr-video-player-play@2x.png */; };
		4286B2721BAD407E0015EDDA /* kr-video-player-play@3x.png in Resources */ = {isa = PBXBuildFile; fileRef = 4286B2611BAD407E0015EDDA /* kr-video-player-play@3x.png */; };
		4286B2731BAD407E0015EDDA /* kr-video-player-point@2x.png in Resources */ = {isa = PBXBuildFile; fileRef = 4286B2621BAD407E0015EDDA /* kr-video-player-point@2x.png */; };
		4286B2741BAD407E0015EDDA /* kr-video-player-point@3x.png in Resources */ = {isa = PBXBuildFile; fileRef = 4286B2631BAD407E0015EDDA /* kr-video-player-point@3x.png */; };
		4286B2751BAD407E0015EDDA /* kr-video-player-shrinkscreen@2x.png in Resources */ = {isa = PBXBuildFile; fileRef = 4286B2641BAD407E0015EDDA /* kr-video-player-shrinkscreen@2x.png */; };
		4286B2761BAD407E0015EDDA /* kr-video-player-shrinkscreen@3x.png in Resources */ = {isa = PBXBuildFile; fileRef = 4286B2651BAD407E0015EDDA /* kr-video-player-shrinkscreen@3x.png */; };
		428711601BAEB64300A89536 /* libbz2.dylib in Frameworks */ = {isa = PBXBuildFile; fileRef = 4287115F1BAEB64300A89536 /* libbz2.dylib */; };
		428711621BAEB64E00A89536 /* libc++.dylib in Frameworks */ = {isa = PBXBuildFile; fileRef = 428711611BAEB64E00A89536 /* libc++.dylib */; };
		428711641BAEB65600A89536 /* libiconv.dylib in Frameworks */ = {isa = PBXBuildFile; fileRef = 428711631BAEB65600A89536 /* libiconv.dylib */; };
		428711661BAEB65E00A89536 /* libstdc++.dylib in Frameworks */ = {isa = PBXBuildFile; fileRef = 428711651BAEB65E00A89536 /* libstdc++.dylib */; };
		428711681BAEB66400A89536 /* libz.dylib in Frameworks */ = {isa = PBXBuildFile; fileRef = 428711671BAEB66400A89536 /* libz.dylib */; };
		4287116A1BAEB66A00A89536 /* AudioToolbox.framework in Frameworks */ = {isa = PBXBuildFile; fileRef = 428711691BAEB66A00A89536 /* AudioToolbox.framework */; };
		4287116C1BAEB67200A89536 /* CoreAudio.framework in Frameworks */ = {isa = PBXBuildFile; fileRef = 4287116B1BAEB67200A89536 /* CoreAudio.framework */; };
		4287116E1BAEB67800A89536 /* AVFoundation.framework in Frameworks */ = {isa = PBXBuildFile; fileRef = 4287116D1BAEB67800A89536 /* AVFoundation.framework */; };
		428711701BAEB67F00A89536 /* CoreGraphics.framework in Frameworks */ = {isa = PBXBuildFile; fileRef = 4287116F1BAEB67F00A89536 /* CoreGraphics.framework */; };
		428711721BAEB70B00A89536 /* libstdc++.6.dylib in Frameworks */ = {isa = PBXBuildFile; fileRef = 428711711BAEB70B00A89536 /* libstdc++.6.dylib */; };
		42890BD81BB2BC6D0044519A /* CCDownloadController.swift in Sources */ = {isa = PBXBuildFile; fileRef = 42890BD71BB2BC6D0044519A /* CCDownloadController.swift */; };
		42895F8C1BBA446300B593F7 /* MBProgressHUD+HM.m in Sources */ = {isa = PBXBuildFile; fileRef = 42895F8B1BBA446300B593F7 /* MBProgressHUD+HM.m */; };
		42895F8E1BBA7C2800B593F7 /* MBProgressHUD.bundle in Resources */ = {isa = PBXBuildFile; fileRef = 42895F8D1BBA7C2800B593F7 /* MBProgressHUD.bundle */; };
		42A0EEA91BCCBF680092C16F /* CirCleView.swift in Sources */ = {isa = PBXBuildFile; fileRef = 42A0EEA81BCCBF680092C16F /* CirCleView.swift */; };
		42A0EEAC1BCCC3120092C16F /* CCNewsTableViewCell.swift in Sources */ = {isa = PBXBuildFile; fileRef = 42A0EEAB1BCCC3120092C16F /* CCNewsTableViewCell.swift */; };
		42A0EEAE1BCCC5180092C16F /* Assets.xcassets in Resources */ = {isa = PBXBuildFile; fileRef = 42A0EEAD1BCCC5180092C16F /* Assets.xcassets */; };
		42A0EEB21BCCFEE60092C16F /* CCShowNewsController.swift in Sources */ = {isa = PBXBuildFile; fileRef = 42A0EEB11BCCFEE60092C16F /* CCShowNewsController.swift */; };
		42A0EECA1BCD11860092C16F /* Align.swift in Sources */ = {isa = PBXBuildFile; fileRef = 42A0EEB41BCD11860092C16F /* Align.swift */; };
		42A0EECB1BCD11860092C16F /* Coefficients.swift in Sources */ = {isa = PBXBuildFile; fileRef = 42A0EEB61BCD11860092C16F /* Coefficients.swift */; };
		42A0EECC1BCD11860092C16F /* Compound.swift in Sources */ = {isa = PBXBuildFile; fileRef = 42A0EEB71BCD11860092C16F /* Compound.swift */; };
		42A0EECD1BCD11860092C16F /* Constrain.swift in Sources */ = {isa = PBXBuildFile; fileRef = 42A0EEB81BCD11860092C16F /* Constrain.swift */; };
		42A0EECE1BCD11860092C16F /* Constraint.swift in Sources */ = {isa = PBXBuildFile; fileRef = 42A0EEB91BCD11860092C16F /* Constraint.swift */; };
		42A0EECF1BCD11860092C16F /* ConstraintGroup.swift in Sources */ = {isa = PBXBuildFile; fileRef = 42A0EEBA1BCD11860092C16F /* ConstraintGroup.swift */; };
		42A0EED01BCD11860092C16F /* Context.swift in Sources */ = {isa = PBXBuildFile; fileRef = 42A0EEBB1BCD11860092C16F /* Context.swift */; };
		42A0EED11BCD11860092C16F /* Dimension.swift in Sources */ = {isa = PBXBuildFile; fileRef = 42A0EEBC1BCD11860092C16F /* Dimension.swift */; };
		42A0EED21BCD11860092C16F /* Distribute.swift in Sources */ = {isa = PBXBuildFile; fileRef = 42A0EEBD1BCD11860092C16F /* Distribute.swift */; };
		42A0EED31BCD11860092C16F /* Edge.swift in Sources */ = {isa = PBXBuildFile; fileRef = 42A0EEBE1BCD11860092C16F /* Edge.swift */; };
		42A0EED41BCD11860092C16F /* Edges.swift in Sources */ = {isa = PBXBuildFile; fileRef = 42A0EEBF1BCD11860092C16F /* Edges.swift */; };
		42A0EED51BCD11860092C16F /* Expression.swift in Sources */ = {isa = PBXBuildFile; fileRef = 42A0EEC01BCD11860092C16F /* Expression.swift */; };
		42A0EED61BCD11860092C16F /* Extensions.swift in Sources */ = {isa = PBXBuildFile; fileRef = 42A0EEC11BCD11860092C16F /* Extensions.swift */; };
		42A0EED71BCD11860092C16F /* Info.plist in Resources */ = {isa = PBXBuildFile; fileRef = 42A0EEC21BCD11860092C16F /* Info.plist */; };
		42A0EED81BCD11860092C16F /* LayoutProxy.swift in Sources */ = {isa = PBXBuildFile; fileRef = 42A0EEC31BCD11860092C16F /* LayoutProxy.swift */; };
		42A0EED91BCD11860092C16F /* Point.swift in Sources */ = {isa = PBXBuildFile; fileRef = 42A0EEC41BCD11860092C16F /* Point.swift */; };
		42A0EEDA1BCD11860092C16F /* Priority.swift in Sources */ = {isa = PBXBuildFile; fileRef = 42A0EEC51BCD11860092C16F /* Priority.swift */; };
		42A0EEDB1BCD11860092C16F /* Property.swift in Sources */ = {isa = PBXBuildFile; fileRef = 42A0EEC61BCD11860092C16F /* Property.swift */; };
		42A0EEDC1BCD11860092C16F /* Size.swift in Sources */ = {isa = PBXBuildFile; fileRef = 42A0EEC71BCD11860092C16F /* Size.swift */; };
		42A0EEDD1BCD11860092C16F /* View.swift in Sources */ = {isa = PBXBuildFile; fileRef = 42A0EEC81BCD11860092C16F /* View.swift */; };
		42A0EEDE1BCD11860092C16F /* ViewUtils.swift in Sources */ = {isa = PBXBuildFile; fileRef = 42A0EEC91BCD11860092C16F /* ViewUtils.swift */; };
		42A0EF571BCD362B0092C16F /* NewsModel.swift in Sources */ = {isa = PBXBuildFile; fileRef = 42A0EF561BCD362B0092C16F /* NewsModel.swift */; };
		42A0EF591BCD36760092C16F /* NewsPlist.plist in Resources */ = {isa = PBXBuildFile; fileRef = 42A0EF581BCD36760092C16F /* NewsPlist.plist */; };
		42A26D2A1BB675CB007821E7 /* CCHTTPClient.swift in Sources */ = {isa = PBXBuildFile; fileRef = 42A26D291BB675CB007821E7 /* CCHTTPClient.swift */; };
		42A26D2C1BB67786007821E7 /* CCHTMLParser.swift in Sources */ = {isa = PBXBuildFile; fileRef = 42A26D2B1BB67786007821E7 /* CCHTMLParser.swift */; };
		42A26D2E1BB6783A007821E7 /* Msg.plist in Resources */ = {isa = PBXBuildFile; fileRef = 42A26D2D1BB6783A007821E7 /* Msg.plist */; };
		42A26D301BB69021007821E7 /* CCLoginViewController.swift in Sources */ = {isa = PBXBuildFile; fileRef = 42A26D2F1BB69021007821E7 /* CCLoginViewController.swift */; };
		42A26D331BB6A351007821E7 /* CCTextFiled.swift in Sources */ = {isa = PBXBuildFile; fileRef = 42A26D321BB6A351007821E7 /* CCTextFiled.swift */; };
		42A3151C1BAE93A100A1F1F7 /* MobileVLCKit.framework in Frameworks */ = {isa = PBXBuildFile; fileRef = 42A3151B1BAE93A100A1F1F7 /* MobileVLCKit.framework */; };
		42C648DA1BAEDCDC000D5764 /* KRVideoPlayerControlView.m in Sources */ = {isa = PBXBuildFile; fileRef = 42C648D71BAEDCDC000D5764 /* KRVideoPlayerControlView.m */; };
		42C648DF1BAEE336000D5764 /* CCMediaListController.swift in Sources */ = {isa = PBXBuildFile; fileRef = 42C648DE1BAEE336000D5764 /* CCMediaListController.swift */; };
		42CEBA671BE32EF500645427 /* CCSortViewCell.swift in Sources */ = {isa = PBXBuildFile; fileRef = 42CEBA661BE32EF500645427 /* CCSortViewCell.swift */; };
		42CEBA691BE32F0600645427 /* CCSortViewLayout.swift in Sources */ = {isa = PBXBuildFile; fileRef = 42CEBA681BE32F0600645427 /* CCSortViewLayout.swift */; };
		42D67D431BB25F3900B1C81D /* MRVLCMediaController.mm in Sources */ = {isa = PBXBuildFile; fileRef = 42D67D421BB25F3900B1C81D /* MRVLCMediaController.mm */; };
		42D67D661BB267C300B1C81D /* CCLaunchController.swift in Sources */ = {isa = PBXBuildFile; fileRef = 42D67D651BB267C300B1C81D /* CCLaunchController.swift */; };
		42D67D681BB267E700B1C81D /* CCMacro.swift in Sources */ = {isa = PBXBuildFile; fileRef = 42D67D671BB267E700B1C81D /* CCMacro.swift */; };
		42FB6D4D1BB1105200AFA95D /* CCBaseNavigationController.swift in Sources */ = {isa = PBXBuildFile; fileRef = 42FB6D4C1BB1105200AFA95D /* CCBaseNavigationController.swift */; };
		42FB6D4F1BB1130C00AFA95D /* CCNewsController.swift in Sources */ = {isa = PBXBuildFile; fileRef = 42FB6D4E1BB1130C00AFA95D /* CCNewsController.swift */; };
		42FB6D531BB13BAD00AFA95D /* CCNetworkController.swift in Sources */ = {isa = PBXBuildFile; fileRef = 42FB6D521BB13BAD00AFA95D /* CCNetworkController.swift */; };
		42FB6D551BB13C5400AFA95D /* CCMoreTableController.swift in Sources */ = {isa = PBXBuildFile; fileRef = 42FB6D541BB13C5400AFA95D /* CCMoreTableController.swift */; };
		DCEEBEC5E4ECA96D7FDF3DBE /* libPods.a in Frameworks */ = {isa = PBXBuildFile; fileRef = 0CFF9DFF2CF3BAF7163E6F5C /* libPods.a */; };
/* End PBXBuildFile section */

/* Begin PBXFileReference section */
		0CFF9DFF2CF3BAF7163E6F5C /* libPods.a */ = {isa = PBXFileReference; explicitFileType = archive.ar; includeInIndex = 0; path = libPods.a; sourceTree = BUILT_PRODUCTS_DIR; };
		0E1DFF7DE1B2A0ADC402D36B /* Pods.release.xcconfig */ = {isa = PBXFileReference; includeInIndex = 1; lastKnownFileType = text.xcconfig; name = Pods.release.xcconfig; path = "Pods/Target Support Files/Pods/Pods.release.xcconfig"; sourceTree = "<group>"; };
		420C75D81BB4108F0025E1D8 /* CCDownloadCell.swift */ = {isa = PBXFileReference; fileEncoding = 4; lastKnownFileType = sourcecode.swift; path = CCDownloadCell.swift; sourceTree = "<group>"; };
		420C75DB1BB41AB50025E1D8 /* DownloadTool.swift */ = {isa = PBXFileReference; fileEncoding = 4; lastKnownFileType = sourcecode.swift; path = DownloadTool.swift; sourceTree = "<group>"; };
		420C75DD1BB421900025E1D8 /* CCVideoModel.swift */ = {isa = PBXFileReference; fileEncoding = 4; lastKnownFileType = sourcecode.swift; path = CCVideoModel.swift; sourceTree = "<group>"; };
		4218FD681BF2CA2F0036FE1A /* Alamofire.h */ = {isa = PBXFileReference; fileEncoding = 4; lastKnownFileType = sourcecode.c.h; path = Alamofire.h; sourceTree = "<group>"; };
		4218FD691BF2CA2F0036FE1A /* Alamofire.swift */ = {isa = PBXFileReference; fileEncoding = 4; lastKnownFileType = sourcecode.swift; path = Alamofire.swift; sourceTree = "<group>"; };
		4218FD6A1BF2CA2F0036FE1A /* Download.swift */ = {isa = PBXFileReference; fileEncoding = 4; lastKnownFileType = sourcecode.swift; path = Download.swift; sourceTree = "<group>"; };
		4218FD6B1BF2CA2F0036FE1A /* Error.swift */ = {isa = PBXFileReference; fileEncoding = 4; lastKnownFileType = sourcecode.swift; path = Error.swift; sourceTree = "<group>"; };
		4218FD6C1BF2CA2F0036FE1A /* Manager.swift */ = {isa = PBXFileReference; fileEncoding = 4; lastKnownFileType = sourcecode.swift; path = Manager.swift; sourceTree = "<group>"; };
		4218FD6D1BF2CA2F0036FE1A /* MultipartFormData.swift */ = {isa = PBXFileReference; fileEncoding = 4; lastKnownFileType = sourcecode.swift; path = MultipartFormData.swift; sourceTree = "<group>"; };
		4218FD6E1BF2CA2F0036FE1A /* ParameterEncoding.swift */ = {isa = PBXFileReference; fileEncoding = 4; lastKnownFileType = sourcecode.swift; path = ParameterEncoding.swift; sourceTree = "<group>"; };
		4218FD6F1BF2CA2F0036FE1A /* Request.swift */ = {isa = PBXFileReference; fileEncoding = 4; lastKnownFileType = sourcecode.swift; path = Request.swift; sourceTree = "<group>"; };
		4218FD701BF2CA2F0036FE1A /* Response.swift */ = {isa = PBXFileReference; fileEncoding = 4; lastKnownFileType = sourcecode.swift; path = Response.swift; sourceTree = "<group>"; };
		4218FD711BF2CA2F0036FE1A /* ResponseSerialization.swift */ = {isa = PBXFileReference; fileEncoding = 4; lastKnownFileType = sourcecode.swift; path = ResponseSerialization.swift; sourceTree = "<group>"; };
		4218FD721BF2CA2F0036FE1A /* Result.swift */ = {isa = PBXFileReference; fileEncoding = 4; lastKnownFileType = sourcecode.swift; path = Result.swift; sourceTree = "<group>"; };
		4218FD731BF2CA2F0036FE1A /* ServerTrustPolicy.swift */ = {isa = PBXFileReference; fileEncoding = 4; lastKnownFileType = sourcecode.swift; path = ServerTrustPolicy.swift; sourceTree = "<group>"; };
		4218FD741BF2CA2F0036FE1A /* Stream.swift */ = {isa = PBXFileReference; fileEncoding = 4; lastKnownFileType = sourcecode.swift; path = Stream.swift; sourceTree = "<group>"; };
		4218FD751BF2CA2F0036FE1A /* Upload.swift */ = {isa = PBXFileReference; fileEncoding = 4; lastKnownFileType = sourcecode.swift; path = Upload.swift; sourceTree = "<group>"; };
		4218FD761BF2CA2F0036FE1A /* Validation.swift */ = {isa = PBXFileReference; fileEncoding = 4; lastKnownFileType = sourcecode.swift; path = Validation.swift; sourceTree = "<group>"; };
		4218FD851BF2CCF70036FE1A /* Common.storyboard */ = {isa = PBXFileReference; fileEncoding = 4; lastKnownFileType = file.storyboard; path = Common.storyboard; sourceTree = "<group>"; };
		4222BD8F1BD24439006C1EFC /* CCVideoDownModel.swift */ = {isa = PBXFileReference; fileEncoding = 4; lastKnownFileType = sourcecode.swift; path = CCVideoDownModel.swift; sourceTree = "<group>"; };
		426B64461BD0BB96004077B0 /* VideoModel.xcdatamodel */ = {isa = PBXFileReference; lastKnownFileType = wrapper.xcdatamodel; path = VideoModel.xcdatamodel; sourceTree = "<group>"; };
		426B644A1BD0BCBF004077B0 /* DataBaseManager.swift */ = {isa = PBXFileReference; fileEncoding = 4; lastKnownFileType = sourcecode.swift; path = DataBaseManager.swift; sourceTree = "<group>"; };
		426B644C1BD0BE38004077B0 /* CoreData.framework */ = {isa = PBXFileReference; lastKnownFileType = wrapper.framework; name = CoreData.framework; path = System/Library/Frameworks/CoreData.framework; sourceTree = SDKROOT; };
		427A658F1BAD0D8A004A0627 /* iCCUT.app */ = {isa = PBXFileReference; explicitFileType = wrapper.application; includeInIndex = 0; path = iCCUT.app; sourceTree = BUILT_PRODUCTS_DIR; };
		427A65921BAD0D8A004A0627 /* AppDelegate.swift */ = {isa = PBXFileReference; lastKnownFileType = sourcecode.swift; name = AppDelegate.swift; path = ../../AppDelegate.swift; sourceTree = "<group>"; };
		427A65971BAD0D8A004A0627 /* Base */ = {isa = PBXFileReference; lastKnownFileType = file.storyboard; name = Base; path = Base.lproj/Main.storyboard; sourceTree = "<group>"; };
		427A659C1BAD0D8A004A0627 /* Base */ = {isa = PBXFileReference; lastKnownFileType = file.storyboard; name = Base; path = Base.lproj/LaunchScreen.storyboard; sourceTree = "<group>"; };
		427A659E1BAD0D8A004A0627 /* Info.plist */ = {isa = PBXFileReference; lastKnownFileType = text.plist.xml; name = Info.plist; path = ../../Info.plist; sourceTree = "<group>"; };
		427A65AD1BAD1061004A0627 /* CCMainTabbarController.swift */ = {isa = PBXFileReference; fileEncoding = 4; lastKnownFileType = sourcecode.swift; path = CCMainTabbarController.swift; sourceTree = "<group>"; };
		427A679F1BE216AA002EE275 /* CCListViewController.swift */ = {isa = PBXFileReference; fileEncoding = 4; lastKnownFileType = sourcecode.swift; path = CCListViewController.swift; sourceTree = "<group>"; };
		427A67A11BE216EC002EE275 /* CCListViewCell.swift */ = {isa = PBXFileReference; fileEncoding = 4; lastKnownFileType = sourcecode.swift; path = CCListViewCell.swift; sourceTree = "<group>"; };
		427A67C01BE249BA002EE275 /* DocDir.plist */ = {isa = PBXFileReference; fileEncoding = 4; lastKnownFileType = text.plist.xml; name = DocDir.plist; path = iCCUT/Classes/Resource/Plist/DocDir.plist; sourceTree = SOURCE_ROOT; };
		427A67E21BE25358002EE275 /* CCSortView.swift */ = {isa = PBXFileReference; fileEncoding = 4; lastKnownFileType = sourcecode.swift; name = CCSortView.swift; path = ../Controller/CCSortView.swift; sourceTree = "<group>"; };
		4286B2541BAD3FB30015EDDA /* localPlist.plist */ = {isa = PBXFileReference; fileEncoding = 4; lastKnownFileType = text.plist.xml; name = localPlist.plist; path = ../localPlist.plist; sourceTree = "<group>"; };
		4286B25A1BAD407E0015EDDA /* kr-video-player-close@2x.png */ = {isa = PBXFileReference; lastKnownFileType = image.png; path = "kr-video-player-close@2x.png"; sourceTree = "<group>"; };
		4286B25B1BAD407E0015EDDA /* kr-video-player-close@3x.png */ = {isa = PBXFileReference; lastKnownFileType = image.png; path = "kr-video-player-close@3x.png"; sourceTree = "<group>"; };
		4286B25C1BAD407E0015EDDA /* kr-video-player-fullscreen@2x.png */ = {isa = PBXFileReference; lastKnownFileType = image.png; path = "kr-video-player-fullscreen@2x.png"; sourceTree = "<group>"; };
		4286B25D1BAD407E0015EDDA /* kr-video-player-fullscreen@3x.png */ = {isa = PBXFileReference; lastKnownFileType = image.png; path = "kr-video-player-fullscreen@3x.png"; sourceTree = "<group>"; };
		4286B25E1BAD407E0015EDDA /* kr-video-player-pause@2x.png */ = {isa = PBXFileReference; lastKnownFileType = image.png; path = "kr-video-player-pause@2x.png"; sourceTree = "<group>"; };
		4286B25F1BAD407E0015EDDA /* kr-video-player-pause@3x.png */ = {isa = PBXFileReference; lastKnownFileType = image.png; path = "kr-video-player-pause@3x.png"; sourceTree = "<group>"; };
		4286B2601BAD407E0015EDDA /* kr-video-player-play@2x.png */ = {isa = PBXFileReference; lastKnownFileType = image.png; path = "kr-video-player-play@2x.png"; sourceTree = "<group>"; };
		4286B2611BAD407E0015EDDA /* kr-video-player-play@3x.png */ = {isa = PBXFileReference; lastKnownFileType = image.png; path = "kr-video-player-play@3x.png"; sourceTree = "<group>"; };
		4286B2621BAD407E0015EDDA /* kr-video-player-point@2x.png */ = {isa = PBXFileReference; lastKnownFileType = image.png; path = "kr-video-player-point@2x.png"; sourceTree = "<group>"; };
		4286B2631BAD407E0015EDDA /* kr-video-player-point@3x.png */ = {isa = PBXFileReference; lastKnownFileType = image.png; path = "kr-video-player-point@3x.png"; sourceTree = "<group>"; };
		4286B2641BAD407E0015EDDA /* kr-video-player-shrinkscreen@2x.png */ = {isa = PBXFileReference; lastKnownFileType = image.png; path = "kr-video-player-shrinkscreen@2x.png"; sourceTree = "<group>"; };
		4286B2651BAD407E0015EDDA /* kr-video-player-shrinkscreen@3x.png */ = {isa = PBXFileReference; lastKnownFileType = image.png; path = "kr-video-player-shrinkscreen@3x.png"; sourceTree = "<group>"; };
		4287115F1BAEB64300A89536 /* libbz2.dylib */ = {isa = PBXFileReference; lastKnownFileType = "compiled.mach-o.dylib"; name = libbz2.dylib; path = usr/lib/libbz2.dylib; sourceTree = SDKROOT; };
		428711611BAEB64E00A89536 /* libc++.dylib */ = {isa = PBXFileReference; lastKnownFileType = "compiled.mach-o.dylib"; name = "libc++.dylib"; path = "usr/lib/libc++.dylib"; sourceTree = SDKROOT; };
		428711631BAEB65600A89536 /* libiconv.dylib */ = {isa = PBXFileReference; lastKnownFileType = "compiled.mach-o.dylib"; name = libiconv.dylib; path = usr/lib/libiconv.dylib; sourceTree = SDKROOT; };
		428711651BAEB65E00A89536 /* libstdc++.dylib */ = {isa = PBXFileReference; lastKnownFileType = "compiled.mach-o.dylib"; name = "libstdc++.dylib"; path = "usr/lib/libstdc++.dylib"; sourceTree = SDKROOT; };
		428711671BAEB66400A89536 /* libz.dylib */ = {isa = PBXFileReference; lastKnownFileType = "compiled.mach-o.dylib"; name = libz.dylib; path = usr/lib/libz.dylib; sourceTree = SDKROOT; };
		428711691BAEB66A00A89536 /* AudioToolbox.framework */ = {isa = PBXFileReference; lastKnownFileType = wrapper.framework; name = AudioToolbox.framework; path = System/Library/Frameworks/AudioToolbox.framework; sourceTree = SDKROOT; };
		4287116B1BAEB67200A89536 /* CoreAudio.framework */ = {isa = PBXFileReference; lastKnownFileType = wrapper.framework; name = CoreAudio.framework; path = System/Library/Frameworks/CoreAudio.framework; sourceTree = SDKROOT; };
		4287116D1BAEB67800A89536 /* AVFoundation.framework */ = {isa = PBXFileReference; lastKnownFileType = wrapper.framework; name = AVFoundation.framework; path = System/Library/Frameworks/AVFoundation.framework; sourceTree = SDKROOT; };
		4287116F1BAEB67F00A89536 /* CoreGraphics.framework */ = {isa = PBXFileReference; lastKnownFileType = wrapper.framework; name = CoreGraphics.framework; path = System/Library/Frameworks/CoreGraphics.framework; sourceTree = SDKROOT; };
		428711711BAEB70B00A89536 /* libstdc++.6.dylib */ = {isa = PBXFileReference; lastKnownFileType = "compiled.mach-o.dylib"; name = "libstdc++.6.dylib"; path = "usr/lib/libstdc++.6.dylib"; sourceTree = SDKROOT; };
		42890BD71BB2BC6D0044519A /* CCDownloadController.swift */ = {isa = PBXFileReference; fileEncoding = 4; lastKnownFileType = sourcecode.swift; path = CCDownloadController.swift; sourceTree = "<group>"; };
		42895F8A1BBA446300B593F7 /* MBProgressHUD+HM.h */ = {isa = PBXFileReference; fileEncoding = 4; lastKnownFileType = sourcecode.c.h; path = "MBProgressHUD+HM.h"; sourceTree = "<group>"; };
		42895F8B1BBA446300B593F7 /* MBProgressHUD+HM.m */ = {isa = PBXFileReference; fileEncoding = 4; lastKnownFileType = sourcecode.c.objc; path = "MBProgressHUD+HM.m"; sourceTree = "<group>"; };
		42895F8D1BBA7C2800B593F7 /* MBProgressHUD.bundle */ = {isa = PBXFileReference; lastKnownFileType = "wrapper.plug-in"; path = MBProgressHUD.bundle; sourceTree = "<group>"; };
		42A0EEA81BCCBF680092C16F /* CirCleView.swift */ = {isa = PBXFileReference; fileEncoding = 4; lastKnownFileType = sourcecode.swift; path = CirCleView.swift; sourceTree = "<group>"; };
		42A0EEAB1BCCC3120092C16F /* CCNewsTableViewCell.swift */ = {isa = PBXFileReference; fileEncoding = 4; lastKnownFileType = sourcecode.swift; path = CCNewsTableViewCell.swift; sourceTree = "<group>"; };
		42A0EEAD1BCCC5180092C16F /* Assets.xcassets */ = {isa = PBXFileReference; lastKnownFileType = folder.assetcatalog; path = Assets.xcassets; sourceTree = "<group>"; };
		42A0EEB11BCCFEE60092C16F /* CCShowNewsController.swift */ = {isa = PBXFileReference; fileEncoding = 4; lastKnownFileType = sourcecode.swift; path = CCShowNewsController.swift; sourceTree = "<group>"; };
		42A0EEB41BCD11860092C16F /* Align.swift */ = {isa = PBXFileReference; fileEncoding = 4; lastKnownFileType = sourcecode.swift; path = Align.swift; sourceTree = "<group>"; };
		42A0EEB51BCD11860092C16F /* Cartography.h */ = {isa = PBXFileReference; fileEncoding = 4; lastKnownFileType = sourcecode.c.h; path = Cartography.h; sourceTree = "<group>"; };
		42A0EEB61BCD11860092C16F /* Coefficients.swift */ = {isa = PBXFileReference; fileEncoding = 4; lastKnownFileType = sourcecode.swift; path = Coefficients.swift; sourceTree = "<group>"; };
		42A0EEB71BCD11860092C16F /* Compound.swift */ = {isa = PBXFileReference; fileEncoding = 4; lastKnownFileType = sourcecode.swift; path = Compound.swift; sourceTree = "<group>"; };
		42A0EEB81BCD11860092C16F /* Constrain.swift */ = {isa = PBXFileReference; fileEncoding = 4; lastKnownFileType = sourcecode.swift; path = Constrain.swift; sourceTree = "<group>"; };
		42A0EEB91BCD11860092C16F /* Constraint.swift */ = {isa = PBXFileReference; fileEncoding = 4; lastKnownFileType = sourcecode.swift; path = Constraint.swift; sourceTree = "<group>"; };
		42A0EEBA1BCD11860092C16F /* ConstraintGroup.swift */ = {isa = PBXFileReference; fileEncoding = 4; lastKnownFileType = sourcecode.swift; path = ConstraintGroup.swift; sourceTree = "<group>"; };
		42A0EEBB1BCD11860092C16F /* Context.swift */ = {isa = PBXFileReference; fileEncoding = 4; lastKnownFileType = sourcecode.swift; path = Context.swift; sourceTree = "<group>"; };
		42A0EEBC1BCD11860092C16F /* Dimension.swift */ = {isa = PBXFileReference; fileEncoding = 4; lastKnownFileType = sourcecode.swift; path = Dimension.swift; sourceTree = "<group>"; };
		42A0EEBD1BCD11860092C16F /* Distribute.swift */ = {isa = PBXFileReference; fileEncoding = 4; lastKnownFileType = sourcecode.swift; path = Distribute.swift; sourceTree = "<group>"; };
		42A0EEBE1BCD11860092C16F /* Edge.swift */ = {isa = PBXFileReference; fileEncoding = 4; lastKnownFileType = sourcecode.swift; path = Edge.swift; sourceTree = "<group>"; };
		42A0EEBF1BCD11860092C16F /* Edges.swift */ = {isa = PBXFileReference; fileEncoding = 4; lastKnownFileType = sourcecode.swift; path = Edges.swift; sourceTree = "<group>"; };
		42A0EEC01BCD11860092C16F /* Expression.swift */ = {isa = PBXFileReference; fileEncoding = 4; lastKnownFileType = sourcecode.swift; path = Expression.swift; sourceTree = "<group>"; };
		42A0EEC11BCD11860092C16F /* Extensions.swift */ = {isa = PBXFileReference; fileEncoding = 4; lastKnownFileType = sourcecode.swift; path = Extensions.swift; sourceTree = "<group>"; };
		42A0EEC21BCD11860092C16F /* Info.plist */ = {isa = PBXFileReference; fileEncoding = 4; lastKnownFileType = text.plist.xml; path = Info.plist; sourceTree = "<group>"; };
		42A0EEC31BCD11860092C16F /* LayoutProxy.swift */ = {isa = PBXFileReference; fileEncoding = 4; lastKnownFileType = sourcecode.swift; path = LayoutProxy.swift; sourceTree = "<group>"; };
		42A0EEC41BCD11860092C16F /* Point.swift */ = {isa = PBXFileReference; fileEncoding = 4; lastKnownFileType = sourcecode.swift; path = Point.swift; sourceTree = "<group>"; };
		42A0EEC51BCD11860092C16F /* Priority.swift */ = {isa = PBXFileReference; fileEncoding = 4; lastKnownFileType = sourcecode.swift; path = Priority.swift; sourceTree = "<group>"; };
		42A0EEC61BCD11860092C16F /* Property.swift */ = {isa = PBXFileReference; fileEncoding = 4; lastKnownFileType = sourcecode.swift; path = Property.swift; sourceTree = "<group>"; };
		42A0EEC71BCD11860092C16F /* Size.swift */ = {isa = PBXFileReference; fileEncoding = 4; lastKnownFileType = sourcecode.swift; path = Size.swift; sourceTree = "<group>"; };
		42A0EEC81BCD11860092C16F /* View.swift */ = {isa = PBXFileReference; fileEncoding = 4; lastKnownFileType = sourcecode.swift; path = View.swift; sourceTree = "<group>"; };
		42A0EEC91BCD11860092C16F /* ViewUtils.swift */ = {isa = PBXFileReference; fileEncoding = 4; lastKnownFileType = sourcecode.swift; path = ViewUtils.swift; sourceTree = "<group>"; };
		42A0EF561BCD362B0092C16F /* NewsModel.swift */ = {isa = PBXFileReference; fileEncoding = 4; lastKnownFileType = sourcecode.swift; path = NewsModel.swift; sourceTree = "<group>"; };
		42A0EF581BCD36760092C16F /* NewsPlist.plist */ = {isa = PBXFileReference; fileEncoding = 4; lastKnownFileType = text.plist.xml; path = NewsPlist.plist; sourceTree = "<group>"; };
		42A26D291BB675CB007821E7 /* CCHTTPClient.swift */ = {isa = PBXFileReference; fileEncoding = 4; lastKnownFileType = sourcecode.swift; name = CCHTTPClient.swift; path = ../Controller/Network/Model/CCHTTPClient.swift; sourceTree = "<group>"; };
		42A26D2B1BB67786007821E7 /* CCHTMLParser.swift */ = {isa = PBXFileReference; fileEncoding = 4; lastKnownFileType = sourcecode.swift; path = CCHTMLParser.swift; sourceTree = "<group>"; };
		42A26D2D1BB6783A007821E7 /* Msg.plist */ = {isa = PBXFileReference; fileEncoding = 4; lastKnownFileType = text.plist.xml; path = Msg.plist; sourceTree = "<group>"; };
		42A26D2F1BB69021007821E7 /* CCLoginViewController.swift */ = {isa = PBXFileReference; fileEncoding = 4; lastKnownFileType = sourcecode.swift; name = CCLoginViewController.swift; path = ../Main/CCLoginViewController.swift; sourceTree = "<group>"; };
		42A26D321BB6A351007821E7 /* CCTextFiled.swift */ = {isa = PBXFileReference; fileEncoding = 4; lastKnownFileType = sourcecode.swift; path = CCTextFiled.swift; sourceTree = "<group>"; };
		42A3151B1BAE93A100A1F1F7 /* MobileVLCKit.framework */ = {isa = PBXFileReference; lastKnownFileType = wrapper.framework; name = MobileVLCKit.framework; path = ../../../../../../Resources/SDK/MobileVLCKit.framework; sourceTree = "<group>"; };
		42C648D61BAEDCDC000D5764 /* KRVideoPlayerControlView.h */ = {isa = PBXFileReference; fileEncoding = 4; lastKnownFileType = sourcecode.c.h; path = KRVideoPlayerControlView.h; sourceTree = "<group>"; };
		42C648D71BAEDCDC000D5764 /* KRVideoPlayerControlView.m */ = {isa = PBXFileReference; fileEncoding = 4; lastKnownFileType = sourcecode.c.objc; path = KRVideoPlayerControlView.m; sourceTree = "<group>"; };
		42C648DD1BAEDD79000D5764 /* Bridging_Header.h */ = {isa = PBXFileReference; lastKnownFileType = sourcecode.c.h; name = Bridging_Header.h; path = ../Vendor/Classes/Bridging_Header.h; sourceTree = "<group>"; };
		42C648DE1BAEE336000D5764 /* CCMediaListController.swift */ = {isa = PBXFileReference; fileEncoding = 4; lastKnownFileType = sourcecode.swift; name = CCMediaListController.swift; path = ../CCMediaListController.swift; sourceTree = "<group>"; };
		42CEBA661BE32EF500645427 /* CCSortViewCell.swift */ = {isa = PBXFileReference; fileEncoding = 4; lastKnownFileType = sourcecode.swift; path = CCSortViewCell.swift; sourceTree = "<group>"; };
		42CEBA681BE32F0600645427 /* CCSortViewLayout.swift */ = {isa = PBXFileReference; fileEncoding = 4; lastKnownFileType = sourcecode.swift; path = CCSortViewLayout.swift; sourceTree = "<group>"; };
		42D67D411BB25F3900B1C81D /* MRVLCMediaController.h */ = {isa = PBXFileReference; fileEncoding = 4; lastKnownFileType = sourcecode.c.h; path = MRVLCMediaController.h; sourceTree = "<group>"; };
		42D67D421BB25F3900B1C81D /* MRVLCMediaController.mm */ = {isa = PBXFileReference; fileEncoding = 4; lastKnownFileType = sourcecode.cpp.objcpp; path = MRVLCMediaController.mm; sourceTree = "<group>"; };
		42D67D651BB267C300B1C81D /* CCLaunchController.swift */ = {isa = PBXFileReference; fileEncoding = 4; lastKnownFileType = sourcecode.swift; path = CCLaunchController.swift; sourceTree = "<group>"; };
		42D67D671BB267E700B1C81D /* CCMacro.swift */ = {isa = PBXFileReference; fileEncoding = 4; lastKnownFileType = sourcecode.swift; path = CCMacro.swift; sourceTree = "<group>"; };
		42FB6D4C1BB1105200AFA95D /* CCBaseNavigationController.swift */ = {isa = PBXFileReference; fileEncoding = 4; lastKnownFileType = sourcecode.swift; path = CCBaseNavigationController.swift; sourceTree = "<group>"; };
		42FB6D4E1BB1130C00AFA95D /* CCNewsController.swift */ = {isa = PBXFileReference; fileEncoding = 4; lastKnownFileType = sourcecode.swift; path = CCNewsController.swift; sourceTree = "<group>"; };
		42FB6D521BB13BAD00AFA95D /* CCNetworkController.swift */ = {isa = PBXFileReference; fileEncoding = 4; lastKnownFileType = sourcecode.swift; path = CCNetworkController.swift; sourceTree = "<group>"; };
		42FB6D541BB13C5400AFA95D /* CCMoreTableController.swift */ = {isa = PBXFileReference; fileEncoding = 4; lastKnownFileType = sourcecode.swift; path = CCMoreTableController.swift; sourceTree = "<group>"; };
		CF23A94C6BA301B4E5079EC1 /* Pods.debug.xcconfig */ = {isa = PBXFileReference; includeInIndex = 1; lastKnownFileType = text.xcconfig; name = Pods.debug.xcconfig; path = "Pods/Target Support Files/Pods/Pods.debug.xcconfig"; sourceTree = "<group>"; };
/* End PBXFileReference section */

/* Begin PBXFrameworksBuildPhase section */
		427A658C1BAD0D8A004A0627 /* Frameworks */ = {
			isa = PBXFrameworksBuildPhase;
			buildActionMask = 2147483647;
			files = (
				426B644D1BD0BE38004077B0 /* CoreData.framework in Frameworks */,
				428711721BAEB70B00A89536 /* libstdc++.6.dylib in Frameworks */,
				428711701BAEB67F00A89536 /* CoreGraphics.framework in Frameworks */,
				4287116E1BAEB67800A89536 /* AVFoundation.framework in Frameworks */,
				4287116C1BAEB67200A89536 /* CoreAudio.framework in Frameworks */,
				4287116A1BAEB66A00A89536 /* AudioToolbox.framework in Frameworks */,
				428711681BAEB66400A89536 /* libz.dylib in Frameworks */,
				428711661BAEB65E00A89536 /* libstdc++.dylib in Frameworks */,
				428711641BAEB65600A89536 /* libiconv.dylib in Frameworks */,
				428711621BAEB64E00A89536 /* libc++.dylib in Frameworks */,
				428711601BAEB64300A89536 /* libbz2.dylib in Frameworks */,
				42A3151C1BAE93A100A1F1F7 /* MobileVLCKit.framework in Frameworks */,
				DCEEBEC5E4ECA96D7FDF3DBE /* libPods.a in Frameworks */,
			);
			runOnlyForDeploymentPostprocessing = 0;
		};
/* End PBXFrameworksBuildPhase section */

/* Begin PBXGroup section */
		33E5060F3617C30258A25902 /* Frameworks */ = {
			isa = PBXGroup;
			children = (
				426B644C1BD0BE38004077B0 /* CoreData.framework */,
				428711711BAEB70B00A89536 /* libstdc++.6.dylib */,
				4287116F1BAEB67F00A89536 /* CoreGraphics.framework */,
				4287116D1BAEB67800A89536 /* AVFoundation.framework */,
				4287116B1BAEB67200A89536 /* CoreAudio.framework */,
				428711691BAEB66A00A89536 /* AudioToolbox.framework */,
				428711671BAEB66400A89536 /* libz.dylib */,
				428711651BAEB65E00A89536 /* libstdc++.dylib */,
				428711631BAEB65600A89536 /* libiconv.dylib */,
				428711611BAEB64E00A89536 /* libc++.dylib */,
				4287115F1BAEB64300A89536 /* libbz2.dylib */,
				0CFF9DFF2CF3BAF7163E6F5C /* libPods.a */,
			);
			name = Frameworks;
			sourceTree = "<group>";
		};
		3518C6FF5B92F85DA0B079FE /* Pods */ = {
			isa = PBXGroup;
			children = (
				CF23A94C6BA301B4E5079EC1 /* Pods.debug.xcconfig */,
				0E1DFF7DE1B2A0ADC402D36B /* Pods.release.xcconfig */,
			);
			name = Pods;
			sourceTree = "<group>";
		};
		420C75DA1BB41A6A0025E1D8 /* ToolKit */ = {
			isa = PBXGroup;
			children = (
				42A26D291BB675CB007821E7 /* CCHTTPClient.swift */,
				420C75DB1BB41AB50025E1D8 /* DownloadTool.swift */,
				426B644A1BD0BCBF004077B0 /* DataBaseManager.swift */,
			);
			path = ToolKit;
			sourceTree = "<group>";
		};
		420C75DF1BB430590025E1D8 /* View */ = {
			isa = PBXGroup;
			children = (
			);
			name = View;
			sourceTree = "<group>";
		};
		426B64441BD0BB76004077B0 /* DataBase */ = {
			isa = PBXGroup;
			children = (
				426B64451BD0BB96004077B0 /* VideoModel.xcdatamodeld */,
			);
			name = DataBase;
			sourceTree = "<group>";
		};
		426B644E1BD0FC01004077B0 /* Alamofire */ = {
			isa = PBXGroup;
			children = (
				4218FD681BF2CA2F0036FE1A /* Alamofire.h */,
				4218FD691BF2CA2F0036FE1A /* Alamofire.swift */,
				4218FD6A1BF2CA2F0036FE1A /* Download.swift */,
				4218FD6B1BF2CA2F0036FE1A /* Error.swift */,
				4218FD6C1BF2CA2F0036FE1A /* Manager.swift */,
				4218FD6D1BF2CA2F0036FE1A /* MultipartFormData.swift */,
				4218FD6E1BF2CA2F0036FE1A /* ParameterEncoding.swift */,
				4218FD6F1BF2CA2F0036FE1A /* Request.swift */,
				4218FD701BF2CA2F0036FE1A /* Response.swift */,
				4218FD711BF2CA2F0036FE1A /* ResponseSerialization.swift */,
				4218FD721BF2CA2F0036FE1A /* Result.swift */,
				4218FD731BF2CA2F0036FE1A /* ServerTrustPolicy.swift */,
				4218FD741BF2CA2F0036FE1A /* Stream.swift */,
				4218FD751BF2CA2F0036FE1A /* Upload.swift */,
				4218FD761BF2CA2F0036FE1A /* Validation.swift */,
			);
			path = Alamofire;
			sourceTree = "<group>";
		};
		427A65861BAD0D8A004A0627 = {
			isa = PBXGroup;
			children = (
				427A65911BAD0D8A004A0627 /* iCCUT */,
				427A65901BAD0D8A004A0627 /* Products */,
				3518C6FF5B92F85DA0B079FE /* Pods */,
				33E5060F3617C30258A25902 /* Frameworks */,
			);
			sourceTree = "<group>";
		};
		427A65901BAD0D8A004A0627 /* Products */ = {
			isa = PBXGroup;
			children = (
				427A658F1BAD0D8A004A0627 /* iCCUT.app */,
			);
			name = Products;
			sourceTree = "<group>";
		};
		427A65911BAD0D8A004A0627 /* iCCUT */ = {
			isa = PBXGroup;
			children = (
				427A65A61BAD0E91004A0627 /* Classes */,
			);
			path = iCCUT;
			sourceTree = "<group>";
		};
		427A65A61BAD0E91004A0627 /* Classes */ = {
			isa = PBXGroup;
			children = (
				420C75DA1BB41A6A0025E1D8 /* ToolKit */,
				427A65AB1BAD0F37004A0627 /* Resource */,
				4286B2561BAD3FDF0015EDDA /* Vendor */,
				427A65AA1BAD0F16004A0627 /* Common */,
				427A65A71BAD0ED4004A0627 /* Module */,
			);
			path = Classes;
			sourceTree = "<group>";
		};
		427A65A71BAD0ED4004A0627 /* Module */ = {
			isa = PBXGroup;
			children = (
				42A26D311BB6A2F1007821E7 /* Login */,
				42D67D641BB2677B00B1C81D /* Launch */,
				427A65AC1BAD0FB8004A0627 /* Main */,
				427A65AF1BAD1283004A0627 /* News */,
				427A65B21BAD12AC004A0627 /* Network */,
				427A65B01BAD1296004A0627 /* Media */,
				427A65B11BAD12A1004A0627 /* More */,
			);
			name = Module;
			path = Controller;
			sourceTree = "<group>";
		};
		427A65AA1BAD0F16004A0627 /* Common */ = {
			isa = PBXGroup;
			children = (
				426B64441BD0BB76004077B0 /* DataBase */,
				42C648E31BAFC655000D5764 /* Macro */,
				42C648DD1BAEDD79000D5764 /* Bridging_Header.h */,
				427A65921BAD0D8A004A0627 /* AppDelegate.swift */,
				427A65961BAD0D8A004A0627 /* Main.storyboard */,
				4218FD851BF2CCF70036FE1A /* Common.storyboard */,
				427A659B1BAD0D8A004A0627 /* LaunchScreen.storyboard */,
				427A659E1BAD0D8A004A0627 /* Info.plist */,
			);
			path = Common;
			sourceTree = "<group>";
		};
		427A65AB1BAD0F37004A0627 /* Resource */ = {
			isa = PBXGroup;
			children = (
				42A0EEAD1BCCC5180092C16F /* Assets.xcassets */,
				42890BD41BB2B37E0044519A /* Plist */,
			);
			name = Resource;
			path = /Users/maru/Documents/Projective/iCCUT/iCCUT/Classes/Resource;
			sourceTree = "<absolute>";
		};
		427A65AC1BAD0FB8004A0627 /* Main */ = {
			isa = PBXGroup;
			children = (
				427A65AD1BAD1061004A0627 /* CCMainTabbarController.swift */,
				42FB6D4C1BB1105200AFA95D /* CCBaseNavigationController.swift */,
			);
			path = Main;
			sourceTree = "<group>";
		};
		427A65AF1BAD1283004A0627 /* News */ = {
			isa = PBXGroup;
			children = (
				42A0EF551BCD36180092C16F /* Model */,
				42A0EEAA1BCCC2F50092C16F /* View */,
				42FB6D4E1BB1130C00AFA95D /* CCNewsController.swift */,
				42A0EEB11BCCFEE60092C16F /* CCShowNewsController.swift */,
			);
			path = News;
			sourceTree = "<group>";
		};
		427A65B01BAD1296004A0627 /* Media */ = {
			isa = PBXGroup;
			children = (
				42890BD61BB2BC2A0044519A /* Controller */,
				42890BD51BB2BC1F0044519A /* Model */,
				42C648E01BAFBA36000D5764 /* View */,
			);
			path = Media;
			sourceTree = "<group>";
		};
		427A65B11BAD12A1004A0627 /* More */ = {
			isa = PBXGroup;
			children = (
				420C75DF1BB430590025E1D8 /* View */,
				42FB6D541BB13C5400AFA95D /* CCMoreTableController.swift */,
			);
			path = More;
			sourceTree = "<group>";
		};
		427A65B21BAD12AC004A0627 /* Network */ = {
			isa = PBXGroup;
			children = (
				42DE72CD1BAD36DD002FFA94 /* View */,
				42DE72BF1BAD3682002FFA94 /* Model */,
				42DE72B71BAD3665002FFA94 /* Controller */,
			);
			path = Network;
			sourceTree = "<group>";
		};
		4286B2561BAD3FDF0015EDDA /* Vendor */ = {
			isa = PBXGroup;
			children = (
				426B644E1BD0FC01004077B0 /* Alamofire */,
				42A0EEB31BCD11860092C16F /* Cartography */,
				42A0EEA71BCCBF580092C16F /* CricleView */,
				42895F891BBA443C00B593F7 /* MBProgressHUD */,
				4286B2791BAD40D70015EDDA /* MobileVLC */,
				4286B2581BAD40690015EDDA /* MRVLCPlayer */,
			);
			path = Vendor;
			sourceTree = "<group>";
		};
		4286B2581BAD40690015EDDA /* MRVLCPlayer */ = {
			isa = PBXGroup;
			children = (
				4286B2591BAD407E0015EDDA /* Asset */,
				4286B2661BAD407E0015EDDA /* Classes */,
			);
			name = MRVLCPlayer;
			sourceTree = "<group>";
		};
		4286B2591BAD407E0015EDDA /* Asset */ = {
			isa = PBXGroup;
			children = (
				4286B25A1BAD407E0015EDDA /* kr-video-player-close@2x.png */,
				4286B25B1BAD407E0015EDDA /* kr-video-player-close@3x.png */,
				4286B25C1BAD407E0015EDDA /* kr-video-player-fullscreen@2x.png */,
				4286B25D1BAD407E0015EDDA /* kr-video-player-fullscreen@3x.png */,
				4286B25E1BAD407E0015EDDA /* kr-video-player-pause@2x.png */,
				4286B25F1BAD407E0015EDDA /* kr-video-player-pause@3x.png */,
				4286B2601BAD407E0015EDDA /* kr-video-player-play@2x.png */,
				4286B2611BAD407E0015EDDA /* kr-video-player-play@3x.png */,
				4286B2621BAD407E0015EDDA /* kr-video-player-point@2x.png */,
				4286B2631BAD407E0015EDDA /* kr-video-player-point@3x.png */,
				4286B2641BAD407E0015EDDA /* kr-video-player-shrinkscreen@2x.png */,
				4286B2651BAD407E0015EDDA /* kr-video-player-shrinkscreen@3x.png */,
			);
			path = Asset;
			sourceTree = "<group>";
		};
		4286B2661BAD407E0015EDDA /* Classes */ = {
			isa = PBXGroup;
			children = (
				42C648D61BAEDCDC000D5764 /* KRVideoPlayerControlView.h */,
				42C648D71BAEDCDC000D5764 /* KRVideoPlayerControlView.m */,
				42D67D411BB25F3900B1C81D /* MRVLCMediaController.h */,
				42D67D421BB25F3900B1C81D /* MRVLCMediaController.mm */,
			);
			path = Classes;
			sourceTree = "<group>";
		};
		4286B2791BAD40D70015EDDA /* MobileVLC */ = {
			isa = PBXGroup;
			children = (
				42A3151B1BAE93A100A1F1F7 /* MobileVLCKit.framework */,
			);
			name = MobileVLC;
			sourceTree = "<group>";
		};
		42890BD41BB2B37E0044519A /* Plist */ = {
			isa = PBXGroup;
			children = (
				42A26D2D1BB6783A007821E7 /* Msg.plist */,
				4286B2541BAD3FB30015EDDA /* localPlist.plist */,
				42A0EF581BCD36760092C16F /* NewsPlist.plist */,
				427A67C01BE249BA002EE275 /* DocDir.plist */,
			);
			path = Plist;
			sourceTree = "<group>";
		};
		42890BD51BB2BC1F0044519A /* Model */ = {
			isa = PBXGroup;
			children = (
				420C75DD1BB421900025E1D8 /* CCVideoModel.swift */,
				4222BD8F1BD24439006C1EFC /* CCVideoDownModel.swift */,
			);
			path = Model;
			sourceTree = "<group>";
		};
		42890BD61BB2BC2A0044519A /* Controller */ = {
			isa = PBXGroup;
			children = (
				427A679F1BE216AA002EE275 /* CCListViewController.swift */,
				42C648DE1BAEE336000D5764 /* CCMediaListController.swift */,
				42890BD71BB2BC6D0044519A /* CCDownloadController.swift */,
			);
			path = Controller;
			sourceTree = "<group>";
		};
		42895F891BBA443C00B593F7 /* MBProgressHUD */ = {
			isa = PBXGroup;
			children = (
				42895F8A1BBA446300B593F7 /* MBProgressHUD+HM.h */,
				42895F8B1BBA446300B593F7 /* MBProgressHUD+HM.m */,
				42895F8D1BBA7C2800B593F7 /* MBProgressHUD.bundle */,
			);
			path = MBProgressHUD;
			sourceTree = "<group>";
		};
		42A0EEA71BCCBF580092C16F /* CricleView */ = {
			isa = PBXGroup;
			children = (
				42A0EEA81BCCBF680092C16F /* CirCleView.swift */,
			);
			name = CricleView;
			sourceTree = "<group>";
		};
		42A0EEAA1BCCC2F50092C16F /* View */ = {
			isa = PBXGroup;
			children = (
				42A0EEAB1BCCC3120092C16F /* CCNewsTableViewCell.swift */,
			);
			name = View;
			sourceTree = "<group>";
		};
		42A0EEB31BCD11860092C16F /* Cartography */ = {
			isa = PBXGroup;
			children = (
				42A0EEB41BCD11860092C16F /* Align.swift */,
				42A0EEB51BCD11860092C16F /* Cartography.h */,
				42A0EEB61BCD11860092C16F /* Coefficients.swift */,
				42A0EEB71BCD11860092C16F /* Compound.swift */,
				42A0EEB81BCD11860092C16F /* Constrain.swift */,
				42A0EEB91BCD11860092C16F /* Constraint.swift */,
				42A0EEBA1BCD11860092C16F /* ConstraintGroup.swift */,
				42A0EEBB1BCD11860092C16F /* Context.swift */,
				42A0EEBC1BCD11860092C16F /* Dimension.swift */,
				42A0EEBD1BCD11860092C16F /* Distribute.swift */,
				42A0EEBE1BCD11860092C16F /* Edge.swift */,
				42A0EEBF1BCD11860092C16F /* Edges.swift */,
				42A0EEC01BCD11860092C16F /* Expression.swift */,
				42A0EEC11BCD11860092C16F /* Extensions.swift */,
				42A0EEC21BCD11860092C16F /* Info.plist */,
				42A0EEC31BCD11860092C16F /* LayoutProxy.swift */,
				42A0EEC41BCD11860092C16F /* Point.swift */,
				42A0EEC51BCD11860092C16F /* Priority.swift */,
				42A0EEC61BCD11860092C16F /* Property.swift */,
				42A0EEC71BCD11860092C16F /* Size.swift */,
				42A0EEC81BCD11860092C16F /* View.swift */,
				42A0EEC91BCD11860092C16F /* ViewUtils.swift */,
			);
			path = Cartography;
			sourceTree = "<group>";
		};
		42A0EF551BCD36180092C16F /* Model */ = {
			isa = PBXGroup;
			children = (
				42A0EF561BCD362B0092C16F /* NewsModel.swift */,
			);
			name = Model;
			sourceTree = "<group>";
		};
		42A26D311BB6A2F1007821E7 /* Login */ = {
			isa = PBXGroup;
			children = (
				42A26D2F1BB69021007821E7 /* CCLoginViewController.swift */,
				42A26D321BB6A351007821E7 /* CCTextFiled.swift */,
			);
			path = Login;
			sourceTree = "<group>";
		};
		42C648E01BAFBA36000D5764 /* View */ = {
			isa = PBXGroup;
			children = (
				42CEBA651BE32ED500645427 /* SortView */,
				420C75D81BB4108F0025E1D8 /* CCDownloadCell.swift */,
				427A67A11BE216EC002EE275 /* CCListViewCell.swift */,
			);
			path = View;
			sourceTree = "<group>";
		};
		42C648E31BAFC655000D5764 /* Macro */ = {
			isa = PBXGroup;
			children = (
				42D67D671BB267E700B1C81D /* CCMacro.swift */,
			);
			path = Macro;
			sourceTree = "<group>";
		};
		42CEBA651BE32ED500645427 /* SortView */ = {
			isa = PBXGroup;
			children = (
				427A67E21BE25358002EE275 /* CCSortView.swift */,
				42CEBA681BE32F0600645427 /* CCSortViewLayout.swift */,
				42CEBA661BE32EF500645427 /* CCSortViewCell.swift */,
			);
			name = SortView;
			sourceTree = "<group>";
		};
		42D67D641BB2677B00B1C81D /* Launch */ = {
			isa = PBXGroup;
			children = (
				42D67D651BB267C300B1C81D /* CCLaunchController.swift */,
			);
			name = Launch;
			path = ../Common/Launch;
			sourceTree = "<group>";
		};
		42DE72B71BAD3665002FFA94 /* Controller */ = {
			isa = PBXGroup;
			children = (
				42FB6D521BB13BAD00AFA95D /* CCNetworkController.swift */,
			);
			path = Controller;
			sourceTree = "<group>";
		};
		42DE72BF1BAD3682002FFA94 /* Model */ = {
			isa = PBXGroup;
			children = (
				42A26D2B1BB67786007821E7 /* CCHTMLParser.swift */,
			);
			path = Model;
			sourceTree = "<group>";
		};
		42DE72CD1BAD36DD002FFA94 /* View */ = {
			isa = PBXGroup;
			children = (
			);
			path = View;
			sourceTree = "<group>";
		};
/* End PBXGroup section */

/* Begin PBXNativeTarget section */
		427A658E1BAD0D8A004A0627 /* iCCUT */ = {
			isa = PBXNativeTarget;
			buildConfigurationList = 427A65A11BAD0D8A004A0627 /* Build configuration list for PBXNativeTarget "iCCUT" */;
			buildPhases = (
				7E49AC1D605AC4D3DA5429DF /* Check Pods Manifest.lock */,
				427A658B1BAD0D8A004A0627 /* Sources */,
				427A658C1BAD0D8A004A0627 /* Frameworks */,
				427A658D1BAD0D8A004A0627 /* Resources */,
				416FAA185F4C838C7F5F6491 /* Copy Pods Resources */,
				09D86796F4824CB6B3B88DB6 /* Embed Pods Frameworks */,
			);
			buildRules = (
			);
			dependencies = (
			);
			name = iCCUT;
			productName = iCCUT;
			productReference = 427A658F1BAD0D8A004A0627 /* iCCUT.app */;
			productType = "com.apple.product-type.application";
		};
/* End PBXNativeTarget section */

/* Begin PBXProject section */
		427A65871BAD0D8A004A0627 /* Project object */ = {
			isa = PBXProject;
			attributes = {
				LastSwiftUpdateCheck = 0700;
				LastUpgradeCheck = 0700;
				ORGANIZATIONNAME = Alloc;
				TargetAttributes = {
					427A658E1BAD0D8A004A0627 = {
						CreatedOnToolsVersion = 7.0;
						DevelopmentTeam = 678WD436L9;
					};
				};
			};
			buildConfigurationList = 427A658A1BAD0D8A004A0627 /* Build configuration list for PBXProject "iCCUT" */;
			compatibilityVersion = "Xcode 3.2";
			developmentRegion = English;
			hasScannedForEncodings = 0;
			knownRegions = (
				en,
				Base,
			);
			mainGroup = 427A65861BAD0D8A004A0627;
			productRefGroup = 427A65901BAD0D8A004A0627 /* Products */;
			projectDirPath = "";
			projectRoot = "";
			targets = (
				427A658E1BAD0D8A004A0627 /* iCCUT */,
			);
		};
/* End PBXProject section */

/* Begin PBXResourcesBuildPhase section */
		427A658D1BAD0D8A004A0627 /* Resources */ = {
			isa = PBXResourcesBuildPhase;
			buildActionMask = 2147483647;
			files = (
				42A26D2E1BB6783A007821E7 /* Msg.plist in Resources */,
				4286B26B1BAD407E0015EDDA /* kr-video-player-close@2x.png in Resources */,
				4286B2711BAD407E0015EDDA /* kr-video-player-play@2x.png in Resources */,
				42A0EEAE1BCCC5180092C16F /* Assets.xcassets in Resources */,
				42A0EF591BCD36760092C16F /* NewsPlist.plist in Resources */,
				427A67C11BE249BA002EE275 /* DocDir.plist in Resources */,
				4286B2741BAD407E0015EDDA /* kr-video-player-point@3x.png in Resources */,
				427A659D1BAD0D8A004A0627 /* LaunchScreen.storyboard in Resources */,
				4286B2721BAD407E0015EDDA /* kr-video-player-play@3x.png in Resources */,
				4218FD861BF2CCF70036FE1A /* Common.storyboard in Resources */,
				4286B2551BAD3FB30015EDDA /* localPlist.plist in Resources */,
				4286B26D1BAD407E0015EDDA /* kr-video-player-fullscreen@2x.png in Resources */,
				4286B2701BAD407E0015EDDA /* kr-video-player-pause@3x.png in Resources */,
				4286B2761BAD407E0015EDDA /* kr-video-player-shrinkscreen@3x.png in Resources */,
				4286B2751BAD407E0015EDDA /* kr-video-player-shrinkscreen@2x.png in Resources */,
				42895F8E1BBA7C2800B593F7 /* MBProgressHUD.bundle in Resources */,
				4286B26C1BAD407E0015EDDA /* kr-video-player-close@3x.png in Resources */,
				4286B26F1BAD407E0015EDDA /* kr-video-player-pause@2x.png in Resources */,
				4286B2731BAD407E0015EDDA /* kr-video-player-point@2x.png in Resources */,
				4286B26E1BAD407E0015EDDA /* kr-video-player-fullscreen@3x.png in Resources */,
				427A65981BAD0D8A004A0627 /* Main.storyboard in Resources */,
				42A0EED71BCD11860092C16F /* Info.plist in Resources */,
			);
			runOnlyForDeploymentPostprocessing = 0;
		};
/* End PBXResourcesBuildPhase section */

/* Begin PBXShellScriptBuildPhase section */
		09D86796F4824CB6B3B88DB6 /* Embed Pods Frameworks */ = {
			isa = PBXShellScriptBuildPhase;
			buildActionMask = 2147483647;
			files = (
			);
			inputPaths = (
			);
			name = "Embed Pods Frameworks";
			outputPaths = (
			);
			runOnlyForDeploymentPostprocessing = 0;
			shellPath = /bin/sh;
			shellScript = "\"${SRCROOT}/Pods/Target Support Files/Pods/Pods-frameworks.sh\"\n";
			showEnvVarsInLog = 0;
		};
		416FAA185F4C838C7F5F6491 /* Copy Pods Resources */ = {
			isa = PBXShellScriptBuildPhase;
			buildActionMask = 2147483647;
			files = (
			);
			inputPaths = (
			);
			name = "Copy Pods Resources";
			outputPaths = (
			);
			runOnlyForDeploymentPostprocessing = 0;
			shellPath = /bin/sh;
			shellScript = "\"${SRCROOT}/Pods/Target Support Files/Pods/Pods-resources.sh\"\n";
			showEnvVarsInLog = 0;
		};
		7E49AC1D605AC4D3DA5429DF /* Check Pods Manifest.lock */ = {
			isa = PBXShellScriptBuildPhase;
			buildActionMask = 2147483647;
			files = (
			);
			inputPaths = (
			);
			name = "Check Pods Manifest.lock";
			outputPaths = (
			);
			runOnlyForDeploymentPostprocessing = 0;
			shellPath = /bin/sh;
			shellScript = "diff \"${PODS_ROOT}/../Podfile.lock\" \"${PODS_ROOT}/Manifest.lock\" > /dev/null\nif [[ $? != 0 ]] ; then\n    cat << EOM\nerror: The sandbox is not in sync with the Podfile.lock. Run 'pod install' or update your CocoaPods installation.\nEOM\n    exit 1\nfi\n";
			showEnvVarsInLog = 0;
		};
/* End PBXShellScriptBuildPhase section */

/* Begin PBXSourcesBuildPhase section */
		427A658B1BAD0D8A004A0627 /* Sources */ = {
			isa = PBXSourcesBuildPhase;
			buildActionMask = 2147483647;
			files = (
				42FB6D531BB13BAD00AFA95D /* CCNetworkController.swift in Sources */,
				42FB6D4D1BB1105200AFA95D /* CCBaseNavigationController.swift in Sources */,
				42A0EEDE1BCD11860092C16F /* ViewUtils.swift in Sources */,
				4218FD791BF2CA2F0036FE1A /* Error.swift in Sources */,
				4218FD7F1BF2CA2F0036FE1A /* ResponseSerialization.swift in Sources */,
				4218FD7E1BF2CA2F0036FE1A /* Response.swift in Sources */,
				4218FD831BF2CA2F0036FE1A /* Upload.swift in Sources */,
				42A26D301BB69021007821E7 /* CCLoginViewController.swift in Sources */,
				42A0EEDA1BCD11860092C16F /* Priority.swift in Sources */,
				42A0EECA1BCD11860092C16F /* Align.swift in Sources */,
				42A26D331BB6A351007821E7 /* CCTextFiled.swift in Sources */,
				42A26D2A1BB675CB007821E7 /* CCHTTPClient.swift in Sources */,
				42A0EED01BCD11860092C16F /* Context.swift in Sources */,
				426B644B1BD0BCBF004077B0 /* DataBaseManager.swift in Sources */,
				4218FD7A1BF2CA2F0036FE1A /* Manager.swift in Sources */,
				42FB6D551BB13C5400AFA95D /* CCMoreTableController.swift in Sources */,
				42A0EECD1BCD11860092C16F /* Constrain.swift in Sources */,
				420C75DC1BB41AB50025E1D8 /* DownloadTool.swift in Sources */,
				4218FD7D1BF2CA2F0036FE1A /* Request.swift in Sources */,
				42A0EED41BCD11860092C16F /* Edges.swift in Sources */,
				4218FD821BF2CA2F0036FE1A /* Stream.swift in Sources */,
				42A0EEDD1BCD11860092C16F /* View.swift in Sources */,
				42A0EED51BCD11860092C16F /* Expression.swift in Sources */,
				420C75D91BB4108F0025E1D8 /* CCDownloadCell.swift in Sources */,
				42A0EECF1BCD11860092C16F /* ConstraintGroup.swift in Sources */,
				42A0EED61BCD11860092C16F /* Extensions.swift in Sources */,
				42890BD81BB2BC6D0044519A /* CCDownloadController.swift in Sources */,
				42D67D431BB25F3900B1C81D /* MRVLCMediaController.mm in Sources */,
				42A0EED91BCD11860092C16F /* Point.swift in Sources */,
				42895F8C1BBA446300B593F7 /* MBProgressHUD+HM.m in Sources */,
				42A0EEAC1BCCC3120092C16F /* CCNewsTableViewCell.swift in Sources */,
				42A0EED11BCD11860092C16F /* Dimension.swift in Sources */,
				4218FD7B1BF2CA2F0036FE1A /* MultipartFormData.swift in Sources */,
				42A0EEDC1BCD11860092C16F /* Size.swift in Sources */,
				42D67D681BB267E700B1C81D /* CCMacro.swift in Sources */,
				42A0EEB21BCCFEE60092C16F /* CCShowNewsController.swift in Sources */,
				42D67D661BB267C300B1C81D /* CCLaunchController.swift in Sources */,
				42C648DF1BAEE336000D5764 /* CCMediaListController.swift in Sources */,
				42A0EED81BCD11860092C16F /* LayoutProxy.swift in Sources */,
				427A67A01BE216AA002EE275 /* CCListViewController.swift in Sources */,
				42A0EED31BCD11860092C16F /* Edge.swift in Sources */,
				427A67A31BE216EC002EE275 /* CCListViewCell.swift in Sources */,
				420C75DE1BB421900025E1D8 /* CCVideoModel.swift in Sources */,
				427A65AE1BAD1061004A0627 /* CCMainTabbarController.swift in Sources */,
				42A0EED21BCD11860092C16F /* Distribute.swift in Sources */,
				426B64471BD0BB96004077B0 /* VideoModel.xcdatamodeld in Sources */,
				4218FD841BF2CA2F0036FE1A /* Validation.swift in Sources */,
				42A0EECE1BCD11860092C16F /* Constraint.swift in Sources */,
				42CEBA671BE32EF500645427 /* CCSortViewCell.swift in Sources */,
				42FB6D4F1BB1130C00AFA95D /* CCNewsController.swift in Sources */,
				42A0EEA91BCCBF680092C16F /* CirCleView.swift in Sources */,
				4218FD771BF2CA2F0036FE1A /* Alamofire.swift in Sources */,
				427A67E31BE25358002EE275 /* CCSortView.swift in Sources */,
				42A0EECC1BCD11860092C16F /* Compound.swift in Sources */,
				4218FD7C1BF2CA2F0036FE1A /* ParameterEncoding.swift in Sources */,
				4218FD781BF2CA2F0036FE1A /* Download.swift in Sources */,
				42A0EF571BCD362B0092C16F /* NewsModel.swift in Sources */,
				4218FD811BF2CA2F0036FE1A /* ServerTrustPolicy.swift in Sources */,
				4218FD801BF2CA2F0036FE1A /* Result.swift in Sources */,
				42C648DA1BAEDCDC000D5764 /* KRVideoPlayerControlView.m in Sources */,
				4222BD901BD24439006C1EFC /* CCVideoDownModel.swift in Sources */,
				42A0EECB1BCD11860092C16F /* Coefficients.swift in Sources */,
				42A0EEDB1BCD11860092C16F /* Property.swift in Sources */,
				42CEBA691BE32F0600645427 /* CCSortViewLayout.swift in Sources */,
				427A65931BAD0D8A004A0627 /* AppDelegate.swift in Sources */,
				42A26D2C1BB67786007821E7 /* CCHTMLParser.swift in Sources */,
			);
			runOnlyForDeploymentPostprocessing = 0;
		};
/* End PBXSourcesBuildPhase section */

/* Begin PBXVariantGroup section */
		427A65961BAD0D8A004A0627 /* Main.storyboard */ = {
			isa = PBXVariantGroup;
			children = (
				427A65971BAD0D8A004A0627 /* Base */,
			);
			name = Main.storyboard;
			path = ../..;
			sourceTree = "<group>";
		};
		427A659B1BAD0D8A004A0627 /* LaunchScreen.storyboard */ = {
			isa = PBXVariantGroup;
			children = (
				427A659C1BAD0D8A004A0627 /* Base */,
			);
			name = LaunchScreen.storyboard;
			path = ../..;
			sourceTree = "<group>";
		};
/* End PBXVariantGroup section */

/* Begin XCBuildConfiguration section */
		427A659F1BAD0D8A004A0627 /* Debug */ = {
			isa = XCBuildConfiguration;
			buildSettings = {
				ALWAYS_SEARCH_USER_PATHS = NO;
				CLANG_CXX_LANGUAGE_STANDARD = "gnu++0x";
				CLANG_CXX_LIBRARY = "libc++";
				CLANG_ENABLE_MODULES = YES;
				CLANG_ENABLE_OBJC_ARC = YES;
				CLANG_WARN_BOOL_CONVERSION = YES;
				CLANG_WARN_CONSTANT_CONVERSION = YES;
				CLANG_WARN_DIRECT_OBJC_ISA_USAGE = YES_ERROR;
				CLANG_WARN_EMPTY_BODY = YES;
				CLANG_WARN_ENUM_CONVERSION = YES;
				CLANG_WARN_INT_CONVERSION = YES;
				CLANG_WARN_OBJC_ROOT_CLASS = YES_ERROR;
				CLANG_WARN_UNREACHABLE_CODE = YES;
				CLANG_WARN__DUPLICATE_METHOD_MATCH = YES;
				"CODE_SIGN_IDENTITY[sdk=iphoneos*]" = "iPhone Developer";
				COPY_PHASE_STRIP = NO;
				DEBUG_INFORMATION_FORMAT = dwarf;
				ENABLE_STRICT_OBJC_MSGSEND = YES;
				ENABLE_TESTABILITY = YES;
				GCC_C_LANGUAGE_STANDARD = gnu99;
				GCC_DYNAMIC_NO_PIC = NO;
				GCC_NO_COMMON_BLOCKS = YES;
				GCC_OPTIMIZATION_LEVEL = 0;
				GCC_PREPROCESSOR_DEFINITIONS = (
					"DEBUG=1",
					"$(inherited)",
				);
				GCC_WARN_64_TO_32_BIT_CONVERSION = YES;
				GCC_WARN_ABOUT_RETURN_TYPE = YES_ERROR;
				GCC_WARN_UNDECLARED_SELECTOR = YES;
				GCC_WARN_UNINITIALIZED_AUTOS = YES_AGGRESSIVE;
				GCC_WARN_UNUSED_FUNCTION = YES;
				GCC_WARN_UNUSED_VARIABLE = YES;
				IPHONEOS_DEPLOYMENT_TARGET = 9.0;
				MTL_ENABLE_DEBUG_INFO = YES;
				ONLY_ACTIVE_ARCH = YES;
				SDKROOT = iphoneos;
				SWIFT_OPTIMIZATION_LEVEL = "-Onone";
			};
			name = Debug;
		};
		427A65A01BAD0D8A004A0627 /* Release */ = {
			isa = XCBuildConfiguration;
			buildSettings = {
				ALWAYS_SEARCH_USER_PATHS = NO;
				CLANG_CXX_LANGUAGE_STANDARD = "gnu++0x";
				CLANG_CXX_LIBRARY = "libc++";
				CLANG_ENABLE_MODULES = YES;
				CLANG_ENABLE_OBJC_ARC = YES;
				CLANG_WARN_BOOL_CONVERSION = YES;
				CLANG_WARN_CONSTANT_CONVERSION = YES;
				CLANG_WARN_DIRECT_OBJC_ISA_USAGE = YES_ERROR;
				CLANG_WARN_EMPTY_BODY = YES;
				CLANG_WARN_ENUM_CONVERSION = YES;
				CLANG_WARN_INT_CONVERSION = YES;
				CLANG_WARN_OBJC_ROOT_CLASS = YES_ERROR;
				CLANG_WARN_UNREACHABLE_CODE = YES;
				CLANG_WARN__DUPLICATE_METHOD_MATCH = YES;
				"CODE_SIGN_IDENTITY[sdk=iphoneos*]" = "iPhone Developer";
				COPY_PHASE_STRIP = NO;
				DEBUG_INFORMATION_FORMAT = "dwarf-with-dsym";
				ENABLE_NS_ASSERTIONS = NO;
				ENABLE_STRICT_OBJC_MSGSEND = YES;
				GCC_C_LANGUAGE_STANDARD = gnu99;
				GCC_NO_COMMON_BLOCKS = YES;
				GCC_WARN_64_TO_32_BIT_CONVERSION = YES;
				GCC_WARN_ABOUT_RETURN_TYPE = YES_ERROR;
				GCC_WARN_UNDECLARED_SELECTOR = YES;
				GCC_WARN_UNINITIALIZED_AUTOS = YES_AGGRESSIVE;
				GCC_WARN_UNUSED_FUNCTION = YES;
				GCC_WARN_UNUSED_VARIABLE = YES;
				IPHONEOS_DEPLOYMENT_TARGET = 9.0;
				MTL_ENABLE_DEBUG_INFO = NO;
				SDKROOT = iphoneos;
				VALIDATE_PRODUCT = YES;
			};
			name = Release;
		};
		427A65A21BAD0D8A004A0627 /* Debug */ = {
			isa = XCBuildConfiguration;
			baseConfigurationReference = CF23A94C6BA301B4E5079EC1 /* Pods.debug.xcconfig */;
			buildSettings = {
				ASSETCATALOG_COMPILER_APPICON_NAME = AppIcon;
				CLANG_CXX_LANGUAGE_STANDARD = "gnu++0x";
				CLANG_CXX_LIBRARY = "libstdc++";
				CLANG_ENABLE_MODULES = YES;
				CODE_SIGN_IDENTITY = "iPhone Developer";
				"CODE_SIGN_IDENTITY[sdk=iphoneos*]" = "iPhone Developer";
				ENABLE_BITCODE = NO;
				FRAMEWORK_SEARCH_PATHS = (
					"$(inherited)",
					"\"$(SRCROOT)/../../Resource/SDK\"",
				);
				INFOPLIST_FILE = iCCUT/Info.plist;
				IPHONEOS_DEPLOYMENT_TARGET = 9.0;
				LD_RUNPATH_SEARCH_PATHS = "$(inherited) @executable_path/Frameworks";
				OTHER_CPLUSPLUSFLAGS = "";
				PRODUCT_BUNDLE_IDENTIFIER = com.Alloc.iCCUT;
				PRODUCT_NAME = "$(TARGET_NAME)";
				PROVISIONING_PROFILE = "";
				SWIFT_OBJC_BRIDGING_HEADER = /Users/maru/Documents/Projective/iCCUT/iCCUT/Classes/Vendor/Classes/Bridging_Header.h;
				SWIFT_OBJC_INTERFACE_HEADER_NAME = "";
				SWIFT_OPTIMIZATION_LEVEL = "-Onone";
			};
			name = Debug;
		};
		427A65A31BAD0D8A004A0627 /* Release */ = {
			isa = XCBuildConfiguration;
			baseConfigurationReference = 0E1DFF7DE1B2A0ADC402D36B /* Pods.release.xcconfig */;
			buildSettings = {
				ASSETCATALOG_COMPILER_APPICON_NAME = AppIcon;
				CLANG_CXX_LANGUAGE_STANDARD = "gnu++0x";
				CLANG_CXX_LIBRARY = "libstdc++";
				CLANG_ENABLE_MODULES = YES;
				CODE_SIGN_IDENTITY = "iPhone Developer";
				"CODE_SIGN_IDENTITY[sdk=iphoneos*]" = "iPhone Developer";
				ENABLE_BITCODE = NO;
				FRAMEWORK_SEARCH_PATHS = (
					"$(inherited)",
					"\"$(SRCROOT)/../../Resource/SDK\"",
				);
				INFOPLIST_FILE = iCCUT/Info.plist;
				IPHONEOS_DEPLOYMENT_TARGET = 9.0;
				LD_RUNPATH_SEARCH_PATHS = "$(inherited) @executable_path/Frameworks";
				OTHER_CPLUSPLUSFLAGS = "";
				PRODUCT_BUNDLE_IDENTIFIER = com.Alloc.iCCUT;
				PRODUCT_NAME = "$(TARGET_NAME)";
				PROVISIONING_PROFILE = "";
				SWIFT_OBJC_BRIDGING_HEADER = /Users/maru/Documents/Projective/iCCUT/iCCUT/Classes/Vendor/Classes/Bridging_Header.h;
				SWIFT_OBJC_INTERFACE_HEADER_NAME = "";
			};
			name = Release;
		};
/* End XCBuildConfiguration section */

/* Begin XCConfigurationList section */
		427A658A1BAD0D8A004A0627 /* Build configuration list for PBXProject "iCCUT" */ = {
			isa = XCConfigurationList;
			buildConfigurations = (
				427A659F1BAD0D8A004A0627 /* Debug */,
				427A65A01BAD0D8A004A0627 /* Release */,
			);
			defaultConfigurationIsVisible = 0;
			defaultConfigurationName = Release;
		};
		427A65A11BAD0D8A004A0627 /* Build configuration list for PBXNativeTarget "iCCUT" */ = {
			isa = XCConfigurationList;
			buildConfigurations = (
				427A65A21BAD0D8A004A0627 /* Debug */,
				427A65A31BAD0D8A004A0627 /* Release */,
			);
			defaultConfigurationIsVisible = 0;
			defaultConfigurationName = Release;
		};
/* End XCConfigurationList section */

/* Begin XCVersionGroup section */
		426B64451BD0BB96004077B0 /* VideoModel.xcdatamodeld */ = {
			isa = XCVersionGroup;
			children = (
				426B64461BD0BB96004077B0 /* VideoModel.xcdatamodel */,
			);
			currentVersion = 426B64461BD0BB96004077B0 /* VideoModel.xcdatamodel */;
			path = VideoModel.xcdatamodeld;
			sourceTree = "<group>";
			versionGroupType = wrapper.xcdatamodel;
		};
/* End XCVersionGroup section */
	};
	rootObject = 427A65871BAD0D8A004A0627 /* Project object */;
}
