// !$*UTF8*$!
{
	archiveVersion = 1;
	classes = {
	};
	objectVersion = 46;
	objects = {

/* Begin PBXBuildFile section */
		427A65931BAD0D8A004A0627 /* AppDelegate.swift in Sources */ = {isa = PBXBuildFile; fileRef = 427A65921BAD0D8A004A0627 /* AppDelegate.swift */; };
		427A65951BAD0D8A004A0627 /* ViewController.swift in Sources */ = {isa = PBXBuildFile; fileRef = 427A65941BAD0D8A004A0627 /* ViewController.swift */; };
		427A65981BAD0D8A004A0627 /* Main.storyboard in Resources */ = {isa = PBXBuildFile; fileRef = 427A65961BAD0D8A004A0627 /* Main.storyboard */; };
		427A659A1BAD0D8A004A0627 /* Assets.xcassets in Resources */ = {isa = PBXBuildFile; fileRef = 427A65991BAD0D8A004A0627 /* Assets.xcassets */; };
		427A659D1BAD0D8A004A0627 /* LaunchScreen.storyboard in Resources */ = {isa = PBXBuildFile; fileRef = 427A659B1BAD0D8A004A0627 /* LaunchScreen.storyboard */; };
/* End PBXBuildFile section */

/* Begin PBXFileReference section */
		427A658F1BAD0D8A004A0627 /* iCCUT.app */ = {isa = PBXFileReference; explicitFileType = wrapper.application; includeInIndex = 0; path = iCCUT.app; sourceTree = BUILT_PRODUCTS_DIR; };
		427A65921BAD0D8A004A0627 /* AppDelegate.swift */ = {isa = PBXFileReference; lastKnownFileType = sourcecode.swift; path = AppDelegate.swift; sourceTree = "<group>"; };
		427A65941BAD0D8A004A0627 /* ViewController.swift */ = {isa = PBXFileReference; lastKnownFileType = sourcecode.swift; path = ViewController.swift; sourceTree = "<group>"; };
		427A65971BAD0D8A004A0627 /* Base */ = {isa = PBXFileReference; lastKnownFileType = file.storyboard; name = Base; path = Base.lproj/Main.storyboard; sourceTree = "<group>"; };
		427A65991BAD0D8A004A0627 /* Assets.xcassets */ = {isa = PBXFileReference; lastKnownFileType = folder.assetcatalog; path = Assets.xcassets; sourceTree = "<group>"; };
		427A659C1BAD0D8A004A0627 /* Base */ = {isa = PBXFileReference; lastKnownFileType = file.storyboard; name = Base; path = Base.lproj/LaunchScreen.storyboard; sourceTree = "<group>"; };
		427A659E1BAD0D8A004A0627 /* Info.plist */ = {isa = PBXFileReference; lastKnownFileType = text.plist.xml; path = Info.plist; sourceTree = "<group>"; };
/* End PBXFileReference section */

/* Begin PBXFrameworksBuildPhase section */
		427A658C1BAD0D8A004A0627 /* Frameworks */ = {
			isa = PBXFrameworksBuildPhase;
			buildActionMask = 2147483647;
			files = (
			);
			runOnlyForDeploymentPostprocessing = 0;
		};
/* End PBXFrameworksBuildPhase section */

/* Begin PBXGroup section */
		427A65861BAD0D8A004A0627 = {
			isa = PBXGroup;
			children = (
				427A65911BAD0D8A004A0627 /* iCCUT */,
				427A65901BAD0D8A004A0627 /* Products */,
			);
			sourceTree = "<group>";
		};
		427A65901BAD0D8A004A0627 /* Products */ = {
			isa = PBXGroup;
			children = (
				427A658F1BAD0D8A004A0627 /* iCCUT.app */,
			);
			name = Products;
			sourceTree = "<group>";
		};
		427A65911BAD0D8A004A0627 /* iCCUT */ = {
			isa = PBXGroup;
			children = (
				427A65921BAD0D8A004A0627 /* AppDelegate.swift */,
				427A65941BAD0D8A004A0627 /* ViewController.swift */,
				427A65961BAD0D8A004A0627 /* Main.storyboard */,
				427A65991BAD0D8A004A0627 /* Assets.xcassets */,
				427A659B1BAD0D8A004A0627 /* LaunchScreen.storyboard */,
				427A659E1BAD0D8A004A0627 /* Info.plist */,
			);
			path = iCCUT;
			sourceTree = "<group>";
		};
/* End PBXGroup section */

/* Begin PBXNativeTarget section */
		427A658E1BAD0D8A004A0627 /* iCCUT */ = {
			isa = PBXNativeTarget;
			buildConfigurationList = 427A65A11BAD0D8A004A0627 /* Build configuration list for PBXNativeTarget "iCCUT" */;
			buildPhases = (
				427A658B1BAD0D8A004A0627 /* Sources */,
				427A658C1BAD0D8A004A0627 /* Frameworks */,
				427A658D1BAD0D8A004A0627 /* Resources */,
			);
			buildRules = (
			);
			dependencies = (
			);
			name = iCCUT;
			productName = iCCUT;
			productReference = 427A658F1BAD0D8A004A0627 /* iCCUT.app */;
			productType = "com.apple.product-type.application";
		};
/* End PBXNativeTarget section */

/* Begin PBXProject section */
		427A65871BAD0D8A004A0627 /* Project object */ = {
			isa = PBXProject;
			attributes = {
				LastUpgradeCheck = 0700;
				ORGANIZATIONNAME = Alloc;
				TargetAttributes = {
					427A658E1BAD0D8A004A0627 = {
						CreatedOnToolsVersion = 7.0;
					};
				};
			};
			buildConfigurationList = 427A658A1BAD0D8A004A0627 /* Build configuration list for PBXProject "iCCUT" */;
			compatibilityVersion = "Xcode 3.2";
			developmentRegion = English;
			hasScannedForEncodings = 0;
			knownRegions = (
				en,
				Base,
			);
			mainGroup = 427A65861BAD0D8A004A0627;
			productRefGroup = 427A65901BAD0D8A004A0627 /* Products */;
			projectDirPath = "";
			projectRoot = "";
			targets = (
				427A658E1BAD0D8A004A0627 /* iCCUT */,
			);
		};
/* End PBXProject section */

/* Begin PBXResourcesBuildPhase section */
		427A658D1BAD0D8A004A0627 /* Resources */ = {
			isa = PBXResourcesBuildPhase;
			buildActionMask = 2147483647;
			files = (
				427A659D1BAD0D8A004A0627 /* LaunchScreen.storyboard in Resources */,
				427A659A1BAD0D8A004A0627 /* Assets.xcassets in Resources */,
				427A65981BAD0D8A004A0627 /* Main.storyboard in Resources */,
			);
			runOnlyForDeploymentPostprocessing = 0;
		};
/* End PBXResourcesBuildPhase section */

/* Begin PBXSourcesBuildPhase section */
		427A658B1BAD0D8A004A0627 /* Sources */ = {
			isa = PBXSourcesBuildPhase;
			buildActionMask = 2147483647;
			files = (
				427A65951BAD0D8A004A0627 /* ViewController.swift in Sources */,
				427A65931BAD0D8A004A0627 /* AppDelegate.swift in Sources */,
			);
			runOnlyForDeploymentPostprocessing = 0;
		};
/* End PBXSourcesBuildPhase section */

/* Begin PBXVariantGroup section */
		427A65961BAD0D8A004A0627 /* Main.storyboard */ = {
			isa = PBXVariantGroup;
			children = (
				427A65971BAD0D8A004A0627 /* Base */,
			);
			name = Main.storyboard;
			sourceTree = "<group>";
		};
		427A659B1BAD0D8A004A0627 /* LaunchScreen.storyboard */ = {
			isa = PBXVariantGroup;
			children = (
				427A659C1BAD0D8A004A0627 /* Base */,
			);
			name = LaunchScreen.storyboard;
			sourceTree = "<group>";
		};
/* End PBXVariantGroup section */

/* Begin XCBuildConfiguration section */
		427A659F1BAD0D8A004A0627 /* Debug */ = {
			isa = XCBuildConfiguration;
			buildSettings = {
				ALWAYS_SEARCH_USER_PATHS = NO;
				CLANG_CXX_LANGUAGE_STANDARD = "gnu++0x";
				CLANG_CXX_LIBRARY = "libc++";
				CLANG_ENABLE_MODULES = YES;
				CLANG_ENABLE_OBJC_ARC = YES;
				CLANG_WARN_BOOL_CONVERSION = YES;
				CLANG_WARN_CONSTANT_CONVERSION = YES;
				CLANG_WARN_DIRECT_OBJC_ISA_USAGE = YES_ERROR;
				CLANG_WARN_EMPTY_BODY = YES;
				CLANG_WARN_ENUM_CONVERSION = YES;
				CLANG_WARN_INT_CONVERSION = YES;
				CLANG_WARN_OBJC_ROOT_CLASS = YES_ERROR;
				CLANG_WARN_UNREACHABLE_CODE = YES;
				CLANG_WARN__DUPLICATE_METHOD_MATCH = YES;
				"CODE_SIGN_IDENTITY[sdk=iphoneos*]" = "iPhone Developer";
				COPY_PHASE_STRIP = NO;
				DEBUG_INFORMATION_FORMAT = dwarf;
				ENABLE_STRICT_OBJC_MSGSEND = YES;
				ENABLE_TESTABILITY = YES;
				GCC_C_LANGUAGE_STANDARD = gnu99;
				GCC_DYNAMIC_NO_PIC = NO;
				GCC_NO_COMMON_BLOCKS = YES;
				GCC_OPTIMIZATION_LEVEL = 0;
				GCC_PREPROCESSOR_DEFINITIONS = (
					"DEBUG=1",
					"$(inherited)",
				);
				GCC_WARN_64_TO_32_BIT_CONVERSION = YES;
				GCC_WARN_ABOUT_RETURN_TYPE = YES_ERROR;
				GCC_WARN_UNDECLARED_SELECTOR = YES;
				GCC_WARN_UNINITIALIZED_AUTOS = YES_AGGRESSIVE;
				GCC_WARN_UNUSED_FUNCTION = YES;
				GCC_WARN_UNUSED_VARIABLE = YES;
				IPHONEOS_DEPLOYMENT_TARGET = 9.0;
				MTL_ENABLE_DEBUG_INFO = YES;
				ONLY_ACTIVE_ARCH = YES;
				SDKROOT = iphoneos;
				SWIFT_OPTIMIZATION_LEVEL = "-Onone";
			};
			name = Debug;
		};
		427A65A01BAD0D8A004A0627 /* Release */ = {
			isa = XCBuildConfiguration;
			buildSettings = {
				ALWAYS_SEARCH_USER_PATHS = NO;
				CLANG_CXX_LANGUAGE_STANDARD = "gnu++0x";
				CLANG_CXX_LIBRARY = "libc++";
				CLANG_ENABLE_MODULES = YES;
				CLANG_ENABLE_OBJC_ARC = YES;
				CLANG_WARN_BOOL_CONVERSION = YES;
				CLANG_WARN_CONSTANT_CONVERSION = YES;
				CLANG_WARN_DIRECT_OBJC_ISA_USAGE = YES_ERROR;
				CLANG_WARN_EMPTY_BODY = YES;
				CLANG_WARN_ENUM_CONVERSION = YES;
				CLANG_WARN_INT_CONVERSION = YES;
				CLANG_WARN_OBJC_ROOT_CLASS = YES_ERROR;
				CLANG_WARN_UNREACHABLE_CODE = YES;
				CLANG_WARN__DUPLICATE_METHOD_MATCH = YES;
				"CODE_SIGN_IDENTITY[sdk=iphoneos*]" = "iPhone Developer";
				COPY_PHASE_STRIP = NO;
				DEBUG_INFORMATION_FORMAT = "dwarf-with-dsym";
				ENABLE_NS_ASSERTIONS = NO;
				ENABLE_STRICT_OBJC_MSGSEND = YES;
				GCC_C_LANGUAGE_STANDARD = gnu99;
				GCC_NO_COMMON_BLOCKS = YES;
				GCC_WARN_64_TO_32_BIT_CONVERSION = YES;
				GCC_WARN_ABOUT_RETURN_TYPE = YES_ERROR;
				GCC_WARN_UNDECLARED_SELECTOR = YES;
				GCC_WARN_UNINITIALIZED_AUTOS = YES_AGGRESSIVE;
				GCC_WARN_UNUSED_FUNCTION = YES;
				GCC_WARN_UNUSED_VARIABLE = YES;
				IPHONEOS_DEPLOYMENT_TARGET = 9.0;
				MTL_ENABLE_DEBUG_INFO = NO;
				SDKROOT = iphoneos;
				VALIDATE_PRODUCT = YES;
			};
			name = Release;
		};
		427A65A21BAD0D8A004A0627 /* Debug */ = {
			isa = XCBuildConfiguration;
			buildSettings = {
				ASSETCATALOG_COMPILER_APPICON_NAME = AppIcon;
				INFOPLIST_FILE = iCCUT/Info.plist;
				LD_RUNPATH_SEARCH_PATHS = "$(inherited) @executable_path/Frameworks";
				PRODUCT_BUNDLE_IDENTIFIER = com.Alloc.iCCUT;
				PRODUCT_NAME = "$(TARGET_NAME)";
			};
			name = Debug;
		};
		427A65A31BAD0D8A004A0627 /* Release */ = {
			isa = XCBuildConfiguration;
			buildSettings = {
				ASSETCATALOG_COMPILER_APPICON_NAME = AppIcon;
				INFOPLIST_FILE = iCCUT/Info.plist;
				LD_RUNPATH_SEARCH_PATHS = "$(inherited) @executable_path/Frameworks";
				PRODUCT_BUNDLE_IDENTIFIER = com.Alloc.iCCUT;
				PRODUCT_NAME = "$(TARGET_NAME)";
			};
			name = Release;
		};
/* End XCBuildConfiguration section */

/* Begin XCConfigurationList section */
		427A658A1BAD0D8A004A0627 /* Build configuration list for PBXProject "iCCUT" */ = {
			isa = XCConfigurationList;
			buildConfigurations = (
				427A659F1BAD0D8A004A0627 /* Debug */,
				427A65A01BAD0D8A004A0627 /* Release */,
			);
			defaultConfigurationIsVisible = 0;
			defaultConfigurationName = Release;
		};
		427A65A11BAD0D8A004A0627 /* Build configuration list for PBXNativeTarget "iCCUT" */ = {
			isa = XCConfigurationList;
			buildConfigurations = (
				427A65A21BAD0D8A004A0627 /* Debug */,
				427A65A31BAD0D8A004A0627 /* Release */,
			);
			defaultConfigurationIsVisible = 0;
		};
/* End XCConfigurationList section */
	};
	rootObject = 427A65871BAD0D8A004A0627 /* Project object */;
}
